
Microsoft Visual Studio Solution File, Format Version 12.00
# Visual Studio 15
Project("{FAE04EC0-301F-11D3-BF4B-00C04F79EFBC}") = "Assembly-CSharp-firstpass", "Assembly-CSharp-firstpass.csproj", "{4EE28802-2636-AB19-E489-207F4F3A45D5}"
EndProject
Project("{FAE04EC0-301F-11D3-BF4B-00C04F79EFBC}") = "AstarPathfindingProject", "AstarPathfindingProject.csproj", "{0F75ACD5-926F-2FE8-7D8D-EE71A6AD8F14}"
EndProject
Project("{FAE04EC0-301F-11D3-BF4B-00C04F79EFBC}") = "Assembly-CSharp", "Assembly-CSharp.csproj", "{0FE10F89-23AC-F0E1-1DA9-1EED4E7DAA4F}"
EndProject
Project("{FAE04EC0-301F-11D3-BF4B-00C04F79EFBC}") = "PandaBehaviour", "PandaBehaviour.csproj", "{565A46CE-8C93-311E-A3D9-911A9B69311E}"
EndProject
Project("{FAE04EC0-301F-11D3-BF4B-00C04F79EFBC}") = "PandaBehaviourEditor", "PandaBehaviourEditor.csproj", "{059D00C8-2ED8-8CEB-17B9-1E02EDB86214}"
EndProject
Project("{FAE04EC0-301F-11D3-BF4B-00C04F79EFBC}") = "PackageToolsEditor", "PackageToolsEditor.csproj", "{70B9DBAB-6EC8-EDFD-63FE-1B0E2AAF265F}"
EndProject
Project("{FAE04EC0-301F-11D3-BF4B-00C04F79EFBC}") = "AstarPathfindingProjectEditor", "AstarPathfindingProjectEditor.csproj", "{C2F3DC10-7BBD-918A-3542-B2EF966C596B}"
EndProject
Project("{FAE04EC0-301F-11D3-BF4B-00C04F79EFBC}") = "Assembly-CSharp-Editor", "Assembly-CSharp-Editor.csproj", "{3A8E9228-F805-15DD-E898-8B4F3CFEBC06}"
EndProject
Global
	GlobalSection(SolutionConfigurationPlatforms) = preSolution
		Debug|Any CPU = Debug|Any CPU
		Release|Any CPU = Release|Any CPU
	EndGlobalSection
	GlobalSection(ProjectConfigurationPlatforms) = postSolution
		{4EE28802-2636-AB19-E489-207F4F3A45D5}.Debug|Any CPU.ActiveCfg = Debug|Any CPU
		{4EE28802-2636-AB19-E489-207F4F3A45D5}.Debug|Any CPU.Build.0 = Debug|Any CPU
		{4EE28802-2636-AB19-E489-207F4F3A45D5}.Release|Any CPU.ActiveCfg = Release|Any CPU
		{4EE28802-2636-AB19-E489-207F4F3A45D5}.Release|Any CPU.Build.0 = Release|Any CPU
		{0F75ACD5-926F-2FE8-7D8D-EE71A6AD8F14}.Debug|Any CPU.ActiveCfg = Debug|Any CPU
		{0F75ACD5-926F-2FE8-7D8D-EE71A6AD8F14}.Debug|Any CPU.Build.0 = Debug|Any CPU
		{0F75ACD5-926F-2FE8-7D8D-EE71A6AD8F14}.Release|Any CPU.ActiveCfg = Release|Any CPU
		{0F75ACD5-926F-2FE8-7D8D-EE71A6AD8F14}.Release|Any CPU.Build.0 = Release|Any CPU
		{0FE10F89-23AC-F0E1-1DA9-1EED4E7DAA4F}.Debug|Any CPU.ActiveCfg = Debug|Any CPU
		{0FE10F89-23AC-F0E1-1DA9-1EED4E7DAA4F}.Debug|Any CPU.Build.0 = Debug|Any CPU
		{0FE10F89-23AC-F0E1-1DA9-1EED4E7DAA4F}.Release|Any CPU.ActiveCfg = Release|Any CPU
		{0FE10F89-23AC-F0E1-1DA9-1EED4E7DAA4F}.Release|Any CPU.Build.0 = Release|Any CPU
		{565A46CE-8C93-311E-A3D9-911A9B69311E}.Debug|Any CPU.ActiveCfg = Debug|Any CPU
		{565A46CE-8C93-311E-A3D9-911A9B69311E}.Debug|Any CPU.Build.0 = Debug|Any CPU
		{565A46CE-8C93-311E-A3D9-911A9B69311E}.Release|Any CPU.ActiveCfg = Release|Any CPU
		{565A46CE-8C93-311E-A3D9-911A9B69311E}.Release|Any CPU.Build.0 = Release|Any CPU
		{059D00C8-2ED8-8CEB-17B9-1E02EDB86214}.Debug|Any CPU.ActiveCfg = Debug|Any CPU
		{059D00C8-2ED8-8CEB-17B9-1E02EDB86214}.Debug|Any CPU.Build.0 = Debug|Any CPU
		{059D00C8-2ED8-8CEB-17B9-1E02EDB86214}.Release|Any CPU.ActiveCfg = Release|Any CPU
		{059D00C8-2ED8-8CEB-17B9-1E02EDB86214}.Release|Any CPU.Build.0 = Release|Any CPU
		{70B9DBAB-6EC8-EDFD-63FE-1B0E2AAF265F}.Debug|Any CPU.ActiveCfg = Debug|Any CPU
		{70B9DBAB-6EC8-EDFD-63FE-1B0E2AAF265F}.Debug|Any CPU.Build.0 = Debug|Any CPU
		{70B9DBAB-6EC8-EDFD-63FE-1B0E2AAF265F}.Release|Any CPU.ActiveCfg = Release|Any CPU
		{70B9DBAB-6EC8-EDFD-63FE-1B0E2AAF265F}.Release|Any CPU.Build.0 = Release|Any CPU
		{C2F3DC10-7BBD-918A-3542-B2EF966C596B}.Debug|Any CPU.ActiveCfg = Debug|Any CPU
		{C2F3DC10-7BBD-918A-3542-B2EF966C596B}.Debug|Any CPU.Build.0 = Debug|Any CPU
		{C2F3DC10-7BBD-918A-3542-B2EF966C596B}.Release|Any CPU.ActiveCfg = Release|Any CPU
		{C2F3DC10-7BBD-918A-3542-B2EF966C596B}.Release|Any CPU.Build.0 = Release|Any CPU
		{3A8E9228-F805-15DD-E898-8B4F3CFEBC06}.Debug|Any CPU.ActiveCfg = Debug|Any CPU
		{3A8E9228-F805-15DD-E898-8B4F3CFEBC06}.Debug|Any CPU.Build.0 = Debug|Any CPU
		{3A8E9228-F805-15DD-E898-8B4F3CFEBC06}.Release|Any CPU.ActiveCfg = Release|Any CPU
		{3A8E9228-F805-15DD-E898-8B4F3CFEBC06}.Release|Any CPU.Build.0 = Release|Any CPU
	EndGlobalSection
	GlobalSection(SolutionProperties) = preSolution
		HideSolutionNode = FALSE
	EndGlobalSection
EndGlobal
