
Microsoft Visual Studio Solution File, Format Version 12.00
# Visual Studio 15
Project("{FAE04EC0-301F-11D3-BF4B-00C04F79EFBC}") = "Assembly-CSharp-firstpass", "Assembly-CSharp-firstpass.csproj", "{4EE28802-2636-AB19-E489-207F4F3A45D5}"
EndProject
Project("{FAE04EC0-301F-11D3-BF4B-00C04F79EFBC}") = "UnityEngine.TestRunner", "UnityEngine.TestRunner.csproj", "{E0E8A142-3342-F30E-D79F-510B3444CDD5}"
EndProject
Project("{FAE04EC0-301F-11D3-BF4B-00C04F79EFBC}") = "Unity.Mathematics", "Unity.Mathematics.csproj", "{1B3D7E79-E3D5-D28A-498D-F622DB101E74}"
EndProject
Project("{FAE04EC0-301F-11D3-BF4B-00C04F79EFBC}") = "Unity.2D.Animation.Triangle.Runtime", "Unity.2D.Animation.Triangle.Runtime.csproj", "{04128314-5451-1CB9-D1C7-E64281A082DF}"
EndProject
Project("{FAE04EC0-301F-11D3-BF4B-00C04F79EFBC}") = "AstarPathfindingProject", "AstarPathfindingProject.csproj", "{0F75ACD5-926F-2FE8-7D8D-EE71A6AD8F14}"
EndProject
Project("{FAE04EC0-301F-11D3-BF4B-00C04F79EFBC}") = "Unity.Timeline", "Unity.Timeline.csproj", "{6B924950-9358-BD5E-6319-19BD08F025C9}"
EndProject
Project("{FAE04EC0-301F-11D3-BF4B-00C04F79EFBC}") = "UnityEngine.UI", "UnityEngine.UI.csproj", "{70884414-D8A1-6B88-6B4B-677412523A05}"
EndProject
Project("{FAE04EC0-301F-11D3-BF4B-00C04F79EFBC}") = "Unity.TextMeshPro", "Unity.TextMeshPro.csproj", "{DA88177F-FA2F-A688-A322-A9D7FFA3B0D4}"
EndProject
Project("{FAE04EC0-301F-11D3-BF4B-00C04F79EFBC}") = "Unity.2D.Animation.Runtime", "Unity.2D.Animation.Runtime.csproj", "{91818182-3166-EC49-314C-72A2DA92C782}"
EndProject
Project("{FAE04EC0-301F-11D3-BF4B-00C04F79EFBC}") = "Unity.2D.IK.Runtime", "Unity.2D.IK.Runtime.csproj", "{6416916C-C9C5-3F58-9990-FF0AA88C4BA2}"
EndProject
Project("{FAE04EC0-301F-11D3-BF4B-00C04F79EFBC}") = "Assembly-CSharp", "Assembly-CSharp.csproj", "{0FE10F89-23AC-F0E1-1DA9-1EED4E7DAA4F}"
EndProject
Project("{FAE04EC0-301F-11D3-BF4B-00C04F79EFBC}") = "Unity.2D.SpriteShape.Runtime", "Unity.2D.SpriteShape.Runtime.csproj", "{88DE4F5E-90F9-7C1F-E455-CB6BC2AAF580}"
EndProject
Project("{FAE04EC0-301F-11D3-BF4B-00C04F79EFBC}") = "Unity.2D.PixelPerfect", "Unity.2D.PixelPerfect.csproj", "{027EB0FB-8399-B4D8-C895-0A90D8A915C9}"
EndProject
Project("{FAE04EC0-301F-11D3-BF4B-00C04F79EFBC}") = "Unity.2D.Common.Runtime", "Unity.2D.Common.Runtime.csproj", "{F16471A7-215B-D68D-A93B-6C67B1AFDF3D}"
EndProject
Project("{FAE04EC0-301F-11D3-BF4B-00C04F79EFBC}") = "Unity.InternalAPIEngineBridge.001", "Unity.InternalAPIEngineBridge.001.csproj", "{0D9E1AAE-6A7C-AFCA-FC0A-D3AEF942DEBA}"
EndProject
Project("{FAE04EC0-301F-11D3-BF4B-00C04F79EFBC}") = "PandaBehaviour", "PandaBehaviour.csproj", "{565A46CE-8C93-311E-A3D9-911A9B69311E}"
EndProject
Project("{FAE04EC0-301F-11D3-BF4B-00C04F79EFBC}") = "UnityEditor.TestRunner", "UnityEditor.TestRunner.csproj", "{16D94620-CCE7-2589-8647-6210B48CB075}"
EndProject
Project("{FAE04EC0-301F-11D3-BF4B-00C04F79EFBC}") = "Unity.PlasticSCM.Editor", "Unity.PlasticSCM.Editor.csproj", "{A6504FDC-83D9-C78B-7FFF-3652321E16E3}"
EndProject
Project("{FAE04EC0-301F-11D3-BF4B-00C04F79EFBC}") = "UnityEditor.UI", "UnityEditor.UI.csproj", "{0252E835-9AF3-9BC5-091D-705AD176BB1D}"
EndProject
Project("{FAE04EC0-301F-11D3-BF4B-00C04F79EFBC}") = "Unity.Services.Core.Editor", "Unity.Services.Core.Editor.csproj", "{2AE2C9EF-E4C0-A038-3C13-A245495B30B4}"
EndProject
Project("{FAE04EC0-301F-11D3-BF4B-00C04F79EFBC}") = "Unity.VisualStudio.Editor", "Unity.VisualStudio.Editor.csproj", "{B8DB762D-D7DE-AC3C-46E7-2EFAF6194DC6}"
EndProject
Project("{FAE04EC0-301F-11D3-BF4B-00C04F79EFBC}") = "Unity.Timeline.Editor", "Unity.Timeline.Editor.csproj", "{3522391D-6FAE-A7CD-2183-AF1E06B9069A}"
EndProject
Project("{FAE04EC0-301F-11D3-BF4B-00C04F79EFBC}") = "Unity.2D.Psdimporter.Editor", "Unity.2D.Psdimporter.Editor.csproj", "{A4D6533D-DF81-1EF1-5E0F-1ED39532F44D}"
EndProject
Project("{FAE04EC0-301F-11D3-BF4B-00C04F79EFBC}") = "Unity.2D.Animation.Editor", "Unity.2D.Animation.Editor.csproj", "{ED2F9115-9075-89F6-2FB3-0018EF358C19}"
EndProject
Project("{FAE04EC0-301F-11D3-BF4B-00C04F79EFBC}") = "Unity.TextMeshPro.Editor", "Unity.TextMeshPro.Editor.csproj", "{94F22221-3462-3A9A-524D-9E9A00914249}"
EndProject
Project("{FAE04EC0-301F-11D3-BF4B-00C04F79EFBC}") = "Unity.CollabProxy.Editor", "Unity.CollabProxy.Editor.csproj", "{B93CBCD0-EC0F-7B48-CECB-F45BBA0756E5}"
EndProject
Project("{FAE04EC0-301F-11D3-BF4B-00C04F79EFBC}") = "Unity.2D.SpriteShape.Editor", "Unity.2D.SpriteShape.Editor.csproj", "{97FBD9EA-B87F-6D32-D3A7-BC9D44807738}"
EndProject
Project("{FAE04EC0-301F-11D3-BF4B-00C04F79EFBC}") = "PsdPlugin", "PsdPlugin.csproj", "{A9F75ADF-032F-85F4-DE92-A74ED06B61A8}"
EndProject
Project("{FAE04EC0-301F-11D3-BF4B-00C04F79EFBC}") = "Unity.2D.Path.Editor", "Unity.2D.Path.Editor.csproj", "{E8E870A1-3E07-6914-1E6C-01D0C312D095}"
EndProject
Project("{FAE04EC0-301F-11D3-BF4B-00C04F79EFBC}") = "PandaBehaviourEditor", "PandaBehaviourEditor.csproj", "{059D00C8-2ED8-8CEB-17B9-1E02EDB86214}"
EndProject
Project("{FAE04EC0-301F-11D3-BF4B-00C04F79EFBC}") = "Unity.Rider.Editor", "Unity.Rider.Editor.csproj", "{1A0772A3-5BE0-501F-668C-64B08F1D9E27}"
EndProject
Project("{FAE04EC0-301F-11D3-BF4B-00C04F79EFBC}") = "PackageToolsEditor", "PackageToolsEditor.csproj", "{70B9DBAB-6EC8-EDFD-63FE-1B0E2AAF265F}"
EndProject
Project("{FAE04EC0-301F-11D3-BF4B-00C04F79EFBC}") = "AstarPathfindingProjectEditor", "AstarPathfindingProjectEditor.csproj", "{C2F3DC10-7BBD-918A-3542-B2EF966C596B}"
EndProject
Project("{FAE04EC0-301F-11D3-BF4B-00C04F79EFBC}") = "Assembly-CSharp-Editor", "Assembly-CSharp-Editor.csproj", "{3A8E9228-F805-15DD-E898-8B4F3CFEBC06}"
EndProject
Project("{FAE04EC0-301F-11D3-BF4B-00C04F79EFBC}") = "Unity.2D.IK.Editor", "Unity.2D.IK.Editor.csproj", "{DD588649-538D-9DC7-1E9D-AB9F4B5BE75F}"
EndProject
Project("{FAE04EC0-301F-11D3-BF4B-00C04F79EFBC}") = "Unity.2D.Sprite.Editor", "Unity.2D.Sprite.Editor.csproj", "{D8AF4D64-B402-20CF-3165-30247ABAC37D}"
EndProject
Project("{FAE04EC0-301F-11D3-BF4B-00C04F79EFBC}") = "Unity.2D.Tilemap.Editor", "Unity.2D.Tilemap.Editor.csproj", "{0F16845E-7853-0094-F399-00231D82CED9}"
EndProject
Project("{FAE04EC0-301F-11D3-BF4B-00C04F79EFBC}") = "Unity.2D.PixelPerfect.Editor", "Unity.2D.PixelPerfect.Editor.csproj", "{86DF0C07-9AC2-C8FD-3719-CBF0C7BEB849}"
EndProject
Project("{FAE04EC0-301F-11D3-BF4B-00C04F79EFBC}") = "Unity.VSCode.Editor", "Unity.VSCode.Editor.csproj", "{86CD70CF-A8E6-6F93-057B-4293EA179E5E}"
EndProject
Project("{FAE04EC0-301F-11D3-BF4B-00C04F79EFBC}") = "Unity.2D.Common.Editor", "Unity.2D.Common.Editor.csproj", "{1B899535-0892-E0B0-787D-3C0C18DA4FB5}"
EndProject
Project("{FAE04EC0-301F-11D3-BF4B-00C04F79EFBC}") = "Unity.Mathematics.Editor", "Unity.Mathematics.Editor.csproj", "{D285FED2-2B28-32ED-8C12-404C9105486F}"
EndProject
Project("{FAE04EC0-301F-11D3-BF4B-00C04F79EFBC}") = "Unity.InternalAPIEditorBridge.001", "Unity.InternalAPIEditorBridge.001.csproj", "{EEECF1AD-3110-5A86-6B23-C67DAC66005A}"
EndProject
Project("{FAE04EC0-301F-11D3-BF4B-00C04F79EFBC}") = "Assembly-CSharp-firstpass", "Assembly-CSharp-firstpass.Player.csproj", "{02511E05-359D-458C-53D1-672E2FDC943D}"
EndProject
Project("{FAE04EC0-301F-11D3-BF4B-00C04F79EFBC}") = "UnityEngine.TestRunner", "UnityEngine.TestRunner.Player.csproj", "{110EEEDD-2637-7C2F-E0F6-BD51C89BED20}"
EndProject
Project("{FAE04EC0-301F-11D3-BF4B-00C04F79EFBC}") = "Unity.Mathematics", "Unity.Mathematics.Player.csproj", "{ED90E883-C559-B749-E15C-3FFBD78BD24F}"
EndProject
Project("{FAE04EC0-301F-11D3-BF4B-00C04F79EFBC}") = "Unity.2D.Animation.Triangle.Runtime", "Unity.2D.Animation.Triangle.Runtime.Player.csproj", "{67175F70-3B3E-7650-DE16-8190A0966B9C}"
EndProject
Project("{FAE04EC0-301F-11D3-BF4B-00C04F79EFBC}") = "AstarPathfindingProject", "AstarPathfindingProject.Player.csproj", "{3E1AC766-C797-8804-CF93-6C9EC1F19599}"
EndProject
Project("{FAE04EC0-301F-11D3-BF4B-00C04F79EFBC}") = "Unity.Timeline", "Unity.Timeline.Player.csproj", "{37B802BF-1811-DB47-C8BE-5452BCF49D6E}"
EndProject
Project("{FAE04EC0-301F-11D3-BF4B-00C04F79EFBC}") = "UnityEngine.UI", "UnityEngine.UI.Player.csproj", "{D528BB3A-D773-D51C-D168-35AAC188757B}"
EndProject
Project("{FAE04EC0-301F-11D3-BF4B-00C04F79EFBC}") = "Unity.TextMeshPro", "Unity.TextMeshPro.Player.csproj", "{2237D3CB-D5DF-FDD7-AF56-B7F76AE2D15A}"
EndProject
Project("{FAE04EC0-301F-11D3-BF4B-00C04F79EFBC}") = "Unity.2D.Animation.Runtime", "Unity.2D.Animation.Runtime.Player.csproj", "{D8CCAB72-4AEE-AD31-13AE-431B222BE323}"
EndProject
Project("{FAE04EC0-301F-11D3-BF4B-00C04F79EFBC}") = "Unity.2D.IK.Runtime", "Unity.2D.IK.Runtime.Player.csproj", "{C73D4CF2-AA84-BB81-7298-D64D52B994D2}"
EndProject
Project("{FAE04EC0-301F-11D3-BF4B-00C04F79EFBC}") = "Assembly-CSharp", "Assembly-CSharp.Player.csproj", "{50D40AD3-7292-D5A4-D96D-959344A13572}"
EndProject
Project("{FAE04EC0-301F-11D3-BF4B-00C04F79EFBC}") = "Unity.2D.SpriteShape.Runtime", "Unity.2D.SpriteShape.Runtime.Player.csproj", "{C7130C6A-AFFB-B82A-EFB3-01F4BBDCFA5B}"
EndProject
Project("{FAE04EC0-301F-11D3-BF4B-00C04F79EFBC}") = "Unity.2D.PixelPerfect", "Unity.2D.PixelPerfect.Player.csproj", "{12775FBD-3CA5-4D8F-20EF-7B90CAB42BE8}"
EndProject
Project("{FAE04EC0-301F-11D3-BF4B-00C04F79EFBC}") = "Unity.2D.Common.Runtime", "Unity.2D.Common.Runtime.Player.csproj", "{F2CB81EB-CC12-8044-211E-7715BFD599F8}"
EndProject
Project("{FAE04EC0-301F-11D3-BF4B-00C04F79EFBC}") = "Unity.InternalAPIEngineBridge.001", "Unity.InternalAPIEngineBridge.001.Player.csproj", "{3B58405B-EF2F-5919-5C22-0FDBE90A8C73}"
EndProject
Project("{FAE04EC0-301F-11D3-BF4B-00C04F79EFBC}") = "PandaBehaviour", "PandaBehaviour.Player.csproj", "{045AFB9A-954A-F016-8A5A-8F54D5F80270}"
EndProject
Global
	GlobalSection(SolutionConfigurationPlatforms) = preSolution
		Debug|Any CPU = Debug|Any CPU
		Release|Any CPU = Release|Any CPU
	EndGlobalSection
	GlobalSection(ProjectConfigurationPlatforms) = postSolution
		{4EE28802-2636-AB19-E489-207F4F3A45D5}.Debug|Any CPU.ActiveCfg = Debug|Any CPU
		{4EE28802-2636-AB19-E489-207F4F3A45D5}.Debug|Any CPU.Build.0 = Debug|Any CPU
		{4EE28802-2636-AB19-E489-207F4F3A45D5}.Release|Any CPU.ActiveCfg = Release|Any CPU
		{4EE28802-2636-AB19-E489-207F4F3A45D5}.Release|Any CPU.Build.0 = Release|Any CPU
		{E0E8A142-3342-F30E-D79F-510B3444CDD5}.Debug|Any CPU.ActiveCfg = Debug|Any CPU
		{E0E8A142-3342-F30E-D79F-510B3444CDD5}.Debug|Any CPU.Build.0 = Debug|Any CPU
		{E0E8A142-3342-F30E-D79F-510B3444CDD5}.Release|Any CPU.ActiveCfg = Release|Any CPU
		{E0E8A142-3342-F30E-D79F-510B3444CDD5}.Release|Any CPU.Build.0 = Release|Any CPU
		{1B3D7E79-E3D5-D28A-498D-F622DB101E74}.Debug|Any CPU.ActiveCfg = Debug|Any CPU
		{1B3D7E79-E3D5-D28A-498D-F622DB101E74}.Debug|Any CPU.Build.0 = Debug|Any CPU
		{1B3D7E79-E3D5-D28A-498D-F622DB101E74}.Release|Any CPU.ActiveCfg = Release|Any CPU
		{1B3D7E79-E3D5-D28A-498D-F622DB101E74}.Release|Any CPU.Build.0 = Release|Any CPU
		{04128314-5451-1CB9-D1C7-E64281A082DF}.Debug|Any CPU.ActiveCfg = Debug|Any CPU
		{04128314-5451-1CB9-D1C7-E64281A082DF}.Debug|Any CPU.Build.0 = Debug|Any CPU
		{04128314-5451-1CB9-D1C7-E64281A082DF}.Release|Any CPU.ActiveCfg = Release|Any CPU
		{04128314-5451-1CB9-D1C7-E64281A082DF}.Release|Any CPU.Build.0 = Release|Any CPU
		{0F75ACD5-926F-2FE8-7D8D-EE71A6AD8F14}.Debug|Any CPU.ActiveCfg = Debug|Any CPU
		{0F75ACD5-926F-2FE8-7D8D-EE71A6AD8F14}.Debug|Any CPU.Build.0 = Debug|Any CPU
		{0F75ACD5-926F-2FE8-7D8D-EE71A6AD8F14}.Release|Any CPU.ActiveCfg = Release|Any CPU
		{0F75ACD5-926F-2FE8-7D8D-EE71A6AD8F14}.Release|Any CPU.Build.0 = Release|Any CPU
		{6B924950-9358-BD5E-6319-19BD08F025C9}.Debug|Any CPU.ActiveCfg = Debug|Any CPU
		{6B924950-9358-BD5E-6319-19BD08F025C9}.Debug|Any CPU.Build.0 = Debug|Any CPU
		{6B924950-9358-BD5E-6319-19BD08F025C9}.Release|Any CPU.ActiveCfg = Release|Any CPU
		{6B924950-9358-BD5E-6319-19BD08F025C9}.Release|Any CPU.Build.0 = Release|Any CPU
		{70884414-D8A1-6B88-6B4B-677412523A05}.Debug|Any CPU.ActiveCfg = Debug|Any CPU
		{70884414-D8A1-6B88-6B4B-677412523A05}.Debug|Any CPU.Build.0 = Debug|Any CPU
		{70884414-D8A1-6B88-6B4B-677412523A05}.Release|Any CPU.ActiveCfg = Release|Any CPU
		{70884414-D8A1-6B88-6B4B-677412523A05}.Release|Any CPU.Build.0 = Release|Any CPU
		{DA88177F-FA2F-A688-A322-A9D7FFA3B0D4}.Debug|Any CPU.ActiveCfg = Debug|Any CPU
		{DA88177F-FA2F-A688-A322-A9D7FFA3B0D4}.Debug|Any CPU.Build.0 = Debug|Any CPU
		{DA88177F-FA2F-A688-A322-A9D7FFA3B0D4}.Release|Any CPU.ActiveCfg = Release|Any CPU
		{DA88177F-FA2F-A688-A322-A9D7FFA3B0D4}.Release|Any CPU.Build.0 = Release|Any CPU
		{91818182-3166-EC49-314C-72A2DA92C782}.Debug|Any CPU.ActiveCfg = Debug|Any CPU
		{91818182-3166-EC49-314C-72A2DA92C782}.Debug|Any CPU.Build.0 = Debug|Any CPU
		{91818182-3166-EC49-314C-72A2DA92C782}.Release|Any CPU.ActiveCfg = Release|Any CPU
		{91818182-3166-EC49-314C-72A2DA92C782}.Release|Any CPU.Build.0 = Release|Any CPU
		{6416916C-C9C5-3F58-9990-FF0AA88C4BA2}.Debug|Any CPU.ActiveCfg = Debug|Any CPU
		{6416916C-C9C5-3F58-9990-FF0AA88C4BA2}.Debug|Any CPU.Build.0 = Debug|Any CPU
		{6416916C-C9C5-3F58-9990-FF0AA88C4BA2}.Release|Any CPU.ActiveCfg = Release|Any CPU
		{6416916C-C9C5-3F58-9990-FF0AA88C4BA2}.Release|Any CPU.Build.0 = Release|Any CPU
		{0FE10F89-23AC-F0E1-1DA9-1EED4E7DAA4F}.Debug|Any CPU.ActiveCfg = Debug|Any CPU
		{0FE10F89-23AC-F0E1-1DA9-1EED4E7DAA4F}.Debug|Any CPU.Build.0 = Debug|Any CPU
		{0FE10F89-23AC-F0E1-1DA9-1EED4E7DAA4F}.Release|Any CPU.ActiveCfg = Release|Any CPU
		{0FE10F89-23AC-F0E1-1DA9-1EED4E7DAA4F}.Release|Any CPU.Build.0 = Release|Any CPU
		{88DE4F5E-90F9-7C1F-E455-CB6BC2AAF580}.Debug|Any CPU.ActiveCfg = Debug|Any CPU
		{88DE4F5E-90F9-7C1F-E455-CB6BC2AAF580}.Debug|Any CPU.Build.0 = Debug|Any CPU
		{88DE4F5E-90F9-7C1F-E455-CB6BC2AAF580}.Release|Any CPU.ActiveCfg = Release|Any CPU
		{88DE4F5E-90F9-7C1F-E455-CB6BC2AAF580}.Release|Any CPU.Build.0 = Release|Any CPU
		{027EB0FB-8399-B4D8-C895-0A90D8A915C9}.Debug|Any CPU.ActiveCfg = Debug|Any CPU
		{027EB0FB-8399-B4D8-C895-0A90D8A915C9}.Debug|Any CPU.Build.0 = Debug|Any CPU
		{027EB0FB-8399-B4D8-C895-0A90D8A915C9}.Release|Any CPU.ActiveCfg = Release|Any CPU
		{027EB0FB-8399-B4D8-C895-0A90D8A915C9}.Release|Any CPU.Build.0 = Release|Any CPU
		{F16471A7-215B-D68D-A93B-6C67B1AFDF3D}.Debug|Any CPU.ActiveCfg = Debug|Any CPU
		{F16471A7-215B-D68D-A93B-6C67B1AFDF3D}.Debug|Any CPU.Build.0 = Debug|Any CPU
		{F16471A7-215B-D68D-A93B-6C67B1AFDF3D}.Release|Any CPU.ActiveCfg = Release|Any CPU
		{F16471A7-215B-D68D-A93B-6C67B1AFDF3D}.Release|Any CPU.Build.0 = Release|Any CPU
		{0D9E1AAE-6A7C-AFCA-FC0A-D3AEF942DEBA}.Debug|Any CPU.ActiveCfg = Debug|Any CPU
		{0D9E1AAE-6A7C-AFCA-FC0A-D3AEF942DEBA}.Debug|Any CPU.Build.0 = Debug|Any CPU
		{0D9E1AAE-6A7C-AFCA-FC0A-D3AEF942DEBA}.Release|Any CPU.ActiveCfg = Release|Any CPU
		{0D9E1AAE-6A7C-AFCA-FC0A-D3AEF942DEBA}.Release|Any CPU.Build.0 = Release|Any CPU
		{565A46CE-8C93-311E-A3D9-911A9B69311E}.Debug|Any CPU.ActiveCfg = Debug|Any CPU
		{565A46CE-8C93-311E-A3D9-911A9B69311E}.Debug|Any CPU.Build.0 = Debug|Any CPU
		{565A46CE-8C93-311E-A3D9-911A9B69311E}.Release|Any CPU.ActiveCfg = Release|Any CPU
		{565A46CE-8C93-311E-A3D9-911A9B69311E}.Release|Any CPU.Build.0 = Release|Any CPU
		{16D94620-CCE7-2589-8647-6210B48CB075}.Debug|Any CPU.ActiveCfg = Debug|Any CPU
		{16D94620-CCE7-2589-8647-6210B48CB075}.Debug|Any CPU.Build.0 = Debug|Any CPU
		{16D94620-CCE7-2589-8647-6210B48CB075}.Release|Any CPU.ActiveCfg = Release|Any CPU
		{16D94620-CCE7-2589-8647-6210B48CB075}.Release|Any CPU.Build.0 = Release|Any CPU
		{A6504FDC-83D9-C78B-7FFF-3652321E16E3}.Debug|Any CPU.ActiveCfg = Debug|Any CPU
		{A6504FDC-83D9-C78B-7FFF-3652321E16E3}.Debug|Any CPU.Build.0 = Debug|Any CPU
		{A6504FDC-83D9-C78B-7FFF-3652321E16E3}.Release|Any CPU.ActiveCfg = Release|Any CPU
		{A6504FDC-83D9-C78B-7FFF-3652321E16E3}.Release|Any CPU.Build.0 = Release|Any CPU
		{0252E835-9AF3-9BC5-091D-705AD176BB1D}.Debug|Any CPU.ActiveCfg = Debug|Any CPU
		{0252E835-9AF3-9BC5-091D-705AD176BB1D}.Debug|Any CPU.Build.0 = Debug|Any CPU
		{0252E835-9AF3-9BC5-091D-705AD176BB1D}.Release|Any CPU.ActiveCfg = Release|Any CPU
		{0252E835-9AF3-9BC5-091D-705AD176BB1D}.Release|Any CPU.Build.0 = Release|Any CPU
		{2AE2C9EF-E4C0-A038-3C13-A245495B30B4}.Debug|Any CPU.ActiveCfg = Debug|Any CPU
		{2AE2C9EF-E4C0-A038-3C13-A245495B30B4}.Debug|Any CPU.Build.0 = Debug|Any CPU
		{2AE2C9EF-E4C0-A038-3C13-A245495B30B4}.Release|Any CPU.ActiveCfg = Release|Any CPU
		{2AE2C9EF-E4C0-A038-3C13-A245495B30B4}.Release|Any CPU.Build.0 = Release|Any CPU
		{B8DB762D-D7DE-AC3C-46E7-2EFAF6194DC6}.Debug|Any CPU.ActiveCfg = Debug|Any CPU
		{B8DB762D-D7DE-AC3C-46E7-2EFAF6194DC6}.Debug|Any CPU.Build.0 = Debug|Any CPU
		{B8DB762D-D7DE-AC3C-46E7-2EFAF6194DC6}.Release|Any CPU.ActiveCfg = Release|Any CPU
		{B8DB762D-D7DE-AC3C-46E7-2EFAF6194DC6}.Release|Any CPU.Build.0 = Release|Any CPU
		{3522391D-6FAE-A7CD-2183-AF1E06B9069A}.Debug|Any CPU.ActiveCfg = Debug|Any CPU
		{3522391D-6FAE-A7CD-2183-AF1E06B9069A}.Debug|Any CPU.Build.0 = Debug|Any CPU
		{3522391D-6FAE-A7CD-2183-AF1E06B9069A}.Release|Any CPU.ActiveCfg = Release|Any CPU
		{3522391D-6FAE-A7CD-2183-AF1E06B9069A}.Release|Any CPU.Build.0 = Release|Any CPU
		{A4D6533D-DF81-1EF1-5E0F-1ED39532F44D}.Debug|Any CPU.ActiveCfg = Debug|Any CPU
		{A4D6533D-DF81-1EF1-5E0F-1ED39532F44D}.Debug|Any CPU.Build.0 = Debug|Any CPU
		{A4D6533D-DF81-1EF1-5E0F-1ED39532F44D}.Release|Any CPU.ActiveCfg = Release|Any CPU
		{A4D6533D-DF81-1EF1-5E0F-1ED39532F44D}.Release|Any CPU.Build.0 = Release|Any CPU
		{ED2F9115-9075-89F6-2FB3-0018EF358C19}.Debug|Any CPU.ActiveCfg = Debug|Any CPU
		{ED2F9115-9075-89F6-2FB3-0018EF358C19}.Debug|Any CPU.Build.0 = Debug|Any CPU
		{ED2F9115-9075-89F6-2FB3-0018EF358C19}.Release|Any CPU.ActiveCfg = Release|Any CPU
		{ED2F9115-9075-89F6-2FB3-0018EF358C19}.Release|Any CPU.Build.0 = Release|Any CPU
		{94F22221-3462-3A9A-524D-9E9A00914249}.Debug|Any CPU.ActiveCfg = Debug|Any CPU
		{94F22221-3462-3A9A-524D-9E9A00914249}.Debug|Any CPU.Build.0 = Debug|Any CPU
		{94F22221-3462-3A9A-524D-9E9A00914249}.Release|Any CPU.ActiveCfg = Release|Any CPU
		{94F22221-3462-3A9A-524D-9E9A00914249}.Release|Any CPU.Build.0 = Release|Any CPU
		{B93CBCD0-EC0F-7B48-CECB-F45BBA0756E5}.Debug|Any CPU.ActiveCfg = Debug|Any CPU
		{B93CBCD0-EC0F-7B48-CECB-F45BBA0756E5}.Debug|Any CPU.Build.0 = Debug|Any CPU
		{B93CBCD0-EC0F-7B48-CECB-F45BBA0756E5}.Release|Any CPU.ActiveCfg = Release|Any CPU
		{B93CBCD0-EC0F-7B48-CECB-F45BBA0756E5}.Release|Any CPU.Build.0 = Release|Any CPU
		{97FBD9EA-B87F-6D32-D3A7-BC9D44807738}.Debug|Any CPU.ActiveCfg = Debug|Any CPU
		{97FBD9EA-B87F-6D32-D3A7-BC9D44807738}.Debug|Any CPU.Build.0 = Debug|Any CPU
		{97FBD9EA-B87F-6D32-D3A7-BC9D44807738}.Release|Any CPU.ActiveCfg = Release|Any CPU
		{97FBD9EA-B87F-6D32-D3A7-BC9D44807738}.Release|Any CPU.Build.0 = Release|Any CPU
		{A9F75ADF-032F-85F4-DE92-A74ED06B61A8}.Debug|Any CPU.ActiveCfg = Debug|Any CPU
		{A9F75ADF-032F-85F4-DE92-A74ED06B61A8}.Debug|Any CPU.Build.0 = Debug|Any CPU
		{A9F75ADF-032F-85F4-DE92-A74ED06B61A8}.Release|Any CPU.ActiveCfg = Release|Any CPU
		{A9F75ADF-032F-85F4-DE92-A74ED06B61A8}.Release|Any CPU.Build.0 = Release|Any CPU
		{E8E870A1-3E07-6914-1E6C-01D0C312D095}.Debug|Any CPU.ActiveCfg = Debug|Any CPU
		{E8E870A1-3E07-6914-1E6C-01D0C312D095}.Debug|Any CPU.Build.0 = Debug|Any CPU
		{E8E870A1-3E07-6914-1E6C-01D0C312D095}.Release|Any CPU.ActiveCfg = Release|Any CPU
		{E8E870A1-3E07-6914-1E6C-01D0C312D095}.Release|Any CPU.Build.0 = Release|Any CPU
		{059D00C8-2ED8-8CEB-17B9-1E02EDB86214}.Debug|Any CPU.ActiveCfg = Debug|Any CPU
		{059D00C8-2ED8-8CEB-17B9-1E02EDB86214}.Debug|Any CPU.Build.0 = Debug|Any CPU
		{059D00C8-2ED8-8CEB-17B9-1E02EDB86214}.Release|Any CPU.ActiveCfg = Release|Any CPU
		{059D00C8-2ED8-8CEB-17B9-1E02EDB86214}.Release|Any CPU.Build.0 = Release|Any CPU
		{1A0772A3-5BE0-501F-668C-64B08F1D9E27}.Debug|Any CPU.ActiveCfg = Debug|Any CPU
		{1A0772A3-5BE0-501F-668C-64B08F1D9E27}.Debug|Any CPU.Build.0 = Debug|Any CPU
		{1A0772A3-5BE0-501F-668C-64B08F1D9E27}.Release|Any CPU.ActiveCfg = Release|Any CPU
		{1A0772A3-5BE0-501F-668C-64B08F1D9E27}.Release|Any CPU.Build.0 = Release|Any CPU
		{70B9DBAB-6EC8-EDFD-63FE-1B0E2AAF265F}.Debug|Any CPU.ActiveCfg = Debug|Any CPU
		{70B9DBAB-6EC8-EDFD-63FE-1B0E2AAF265F}.Debug|Any CPU.Build.0 = Debug|Any CPU
		{70B9DBAB-6EC8-EDFD-63FE-1B0E2AAF265F}.Release|Any CPU.ActiveCfg = Release|Any CPU
		{70B9DBAB-6EC8-EDFD-63FE-1B0E2AAF265F}.Release|Any CPU.Build.0 = Release|Any CPU
		{C2F3DC10-7BBD-918A-3542-B2EF966C596B}.Debug|Any CPU.ActiveCfg = Debug|Any CPU
		{C2F3DC10-7BBD-918A-3542-B2EF966C596B}.Debug|Any CPU.Build.0 = Debug|Any CPU
		{C2F3DC10-7BBD-918A-3542-B2EF966C596B}.Release|Any CPU.ActiveCfg = Release|Any CPU
		{C2F3DC10-7BBD-918A-3542-B2EF966C596B}.Release|Any CPU.Build.0 = Release|Any CPU
		{3A8E9228-F805-15DD-E898-8B4F3CFEBC06}.Debug|Any CPU.ActiveCfg = Debug|Any CPU
		{3A8E9228-F805-15DD-E898-8B4F3CFEBC06}.Debug|Any CPU.Build.0 = Debug|Any CPU
		{3A8E9228-F805-15DD-E898-8B4F3CFEBC06}.Release|Any CPU.ActiveCfg = Release|Any CPU
		{3A8E9228-F805-15DD-E898-8B4F3CFEBC06}.Release|Any CPU.Build.0 = Release|Any CPU
		{DD588649-538D-9DC7-1E9D-AB9F4B5BE75F}.Debug|Any CPU.ActiveCfg = Debug|Any CPU
		{DD588649-538D-9DC7-1E9D-AB9F4B5BE75F}.Debug|Any CPU.Build.0 = Debug|Any CPU
		{DD588649-538D-9DC7-1E9D-AB9F4B5BE75F}.Release|Any CPU.ActiveCfg = Release|Any CPU
		{DD588649-538D-9DC7-1E9D-AB9F4B5BE75F}.Release|Any CPU.Build.0 = Release|Any CPU
		{D8AF4D64-B402-20CF-3165-30247ABAC37D}.Debug|Any CPU.ActiveCfg = Debug|Any CPU
		{D8AF4D64-B402-20CF-3165-30247ABAC37D}.Debug|Any CPU.Build.0 = Debug|Any CPU
		{D8AF4D64-B402-20CF-3165-30247ABAC37D}.Release|Any CPU.ActiveCfg = Release|Any CPU
		{D8AF4D64-B402-20CF-3165-30247ABAC37D}.Release|Any CPU.Build.0 = Release|Any CPU
		{0F16845E-7853-0094-F399-00231D82CED9}.Debug|Any CPU.ActiveCfg = Debug|Any CPU
		{0F16845E-7853-0094-F399-00231D82CED9}.Debug|Any CPU.Build.0 = Debug|Any CPU
		{0F16845E-7853-0094-F399-00231D82CED9}.Release|Any CPU.ActiveCfg = Release|Any CPU
		{0F16845E-7853-0094-F399-00231D82CED9}.Release|Any CPU.Build.0 = Release|Any CPU
		{86DF0C07-9AC2-C8FD-3719-CBF0C7BEB849}.Debug|Any CPU.ActiveCfg = Debug|Any CPU
		{86DF0C07-9AC2-C8FD-3719-CBF0C7BEB849}.Debug|Any CPU.Build.0 = Debug|Any CPU
		{86DF0C07-9AC2-C8FD-3719-CBF0C7BEB849}.Release|Any CPU.ActiveCfg = Release|Any CPU
		{86DF0C07-9AC2-C8FD-3719-CBF0C7BEB849}.Release|Any CPU.Build.0 = Release|Any CPU
		{86CD70CF-A8E6-6F93-057B-4293EA179E5E}.Debug|Any CPU.ActiveCfg = Debug|Any CPU
		{86CD70CF-A8E6-6F93-057B-4293EA179E5E}.Debug|Any CPU.Build.0 = Debug|Any CPU
		{86CD70CF-A8E6-6F93-057B-4293EA179E5E}.Release|Any CPU.ActiveCfg = Release|Any CPU
		{86CD70CF-A8E6-6F93-057B-4293EA179E5E}.Release|Any CPU.Build.0 = Release|Any CPU
		{1B899535-0892-E0B0-787D-3C0C18DA4FB5}.Debug|Any CPU.ActiveCfg = Debug|Any CPU
		{1B899535-0892-E0B0-787D-3C0C18DA4FB5}.Debug|Any CPU.Build.0 = Debug|Any CPU
		{1B899535-0892-E0B0-787D-3C0C18DA4FB5}.Release|Any CPU.ActiveCfg = Release|Any CPU
		{1B899535-0892-E0B0-787D-3C0C18DA4FB5}.Release|Any CPU.Build.0 = Release|Any CPU
		{D285FED2-2B28-32ED-8C12-404C9105486F}.Debug|Any CPU.ActiveCfg = Debug|Any CPU
		{D285FED2-2B28-32ED-8C12-404C9105486F}.Debug|Any CPU.Build.0 = Debug|Any CPU
		{D285FED2-2B28-32ED-8C12-404C9105486F}.Release|Any CPU.ActiveCfg = Release|Any CPU
		{D285FED2-2B28-32ED-8C12-404C9105486F}.Release|Any CPU.Build.0 = Release|Any CPU
		{EEECF1AD-3110-5A86-6B23-C67DAC66005A}.Debug|Any CPU.ActiveCfg = Debug|Any CPU
		{EEECF1AD-3110-5A86-6B23-C67DAC66005A}.Debug|Any CPU.Build.0 = Debug|Any CPU
		{EEECF1AD-3110-5A86-6B23-C67DAC66005A}.Release|Any CPU.ActiveCfg = Release|Any CPU
		{EEECF1AD-3110-5A86-6B23-C67DAC66005A}.Release|Any CPU.Build.0 = Release|Any CPU
		{02511E05-359D-458C-53D1-672E2FDC943D}.Debug|Any CPU.ActiveCfg = Debug|Any CPU
		{02511E05-359D-458C-53D1-672E2FDC943D}.Debug|Any CPU.Build.0 = Debug|Any CPU
		{02511E05-359D-458C-53D1-672E2FDC943D}.Release|Any CPU.ActiveCfg = Release|Any CPU
		{02511E05-359D-458C-53D1-672E2FDC943D}.Release|Any CPU.Build.0 = Release|Any CPU
		{110EEEDD-2637-7C2F-E0F6-BD51C89BED20}.Debug|Any CPU.ActiveCfg = Debug|Any CPU
		{110EEEDD-2637-7C2F-E0F6-BD51C89BED20}.Debug|Any CPU.Build.0 = Debug|Any CPU
		{110EEEDD-2637-7C2F-E0F6-BD51C89BED20}.Release|Any CPU.ActiveCfg = Release|Any CPU
		{110EEEDD-2637-7C2F-E0F6-BD51C89BED20}.Release|Any CPU.Build.0 = Release|Any CPU
		{ED90E883-C559-B749-E15C-3FFBD78BD24F}.Debug|Any CPU.ActiveCfg = Debug|Any CPU
		{ED90E883-C559-B749-E15C-3FFBD78BD24F}.Debug|Any CPU.Build.0 = Debug|Any CPU
		{ED90E883-C559-B749-E15C-3FFBD78BD24F}.Release|Any CPU.ActiveCfg = Release|Any CPU
		{ED90E883-C559-B749-E15C-3FFBD78BD24F}.Release|Any CPU.Build.0 = Release|Any CPU
		{67175F70-3B3E-7650-DE16-8190A0966B9C}.Debug|Any CPU.ActiveCfg = Debug|Any CPU
		{67175F70-3B3E-7650-DE16-8190A0966B9C}.Debug|Any CPU.Build.0 = Debug|Any CPU
		{67175F70-3B3E-7650-DE16-8190A0966B9C}.Release|Any CPU.ActiveCfg = Release|Any CPU
		{67175F70-3B3E-7650-DE16-8190A0966B9C}.Release|Any CPU.Build.0 = Release|Any CPU
		{3E1AC766-C797-8804-CF93-6C9EC1F19599}.Debug|Any CPU.ActiveCfg = Debug|Any CPU
		{3E1AC766-C797-8804-CF93-6C9EC1F19599}.Debug|Any CPU.Build.0 = Debug|Any CPU
		{3E1AC766-C797-8804-CF93-6C9EC1F19599}.Release|Any CPU.ActiveCfg = Release|Any CPU
		{3E1AC766-C797-8804-CF93-6C9EC1F19599}.Release|Any CPU.Build.0 = Release|Any CPU
		{37B802BF-1811-DB47-C8BE-5452BCF49D6E}.Debug|Any CPU.ActiveCfg = Debug|Any CPU
		{37B802BF-1811-DB47-C8BE-5452BCF49D6E}.Debug|Any CPU.Build.0 = Debug|Any CPU
		{37B802BF-1811-DB47-C8BE-5452BCF49D6E}.Release|Any CPU.ActiveCfg = Release|Any CPU
		{37B802BF-1811-DB47-C8BE-5452BCF49D6E}.Release|Any CPU.Build.0 = Release|Any CPU
		{D528BB3A-D773-D51C-D168-35AAC188757B}.Debug|Any CPU.ActiveCfg = Debug|Any CPU
		{D528BB3A-D773-D51C-D168-35AAC188757B}.Debug|Any CPU.Build.0 = Debug|Any CPU
		{D528BB3A-D773-D51C-D168-35AAC188757B}.Release|Any CPU.ActiveCfg = Release|Any CPU
		{D528BB3A-D773-D51C-D168-35AAC188757B}.Release|Any CPU.Build.0 = Release|Any CPU
		{2237D3CB-D5DF-FDD7-AF56-B7F76AE2D15A}.Debug|Any CPU.ActiveCfg = Debug|Any CPU
		{2237D3CB-D5DF-FDD7-AF56-B7F76AE2D15A}.Debug|Any CPU.Build.0 = Debug|Any CPU
		{2237D3CB-D5DF-FDD7-AF56-B7F76AE2D15A}.Release|Any CPU.ActiveCfg = Release|Any CPU
		{2237D3CB-D5DF-FDD7-AF56-B7F76AE2D15A}.Release|Any CPU.Build.0 = Release|Any CPU
		{D8CCAB72-4AEE-AD31-13AE-431B222BE323}.Debug|Any CPU.ActiveCfg = Debug|Any CPU
		{D8CCAB72-4AEE-AD31-13AE-431B222BE323}.Debug|Any CPU.Build.0 = Debug|Any CPU
		{D8CCAB72-4AEE-AD31-13AE-431B222BE323}.Release|Any CPU.ActiveCfg = Release|Any CPU
		{D8CCAB72-4AEE-AD31-13AE-431B222BE323}.Release|Any CPU.Build.0 = Release|Any CPU
		{C73D4CF2-AA84-BB81-7298-D64D52B994D2}.Debug|Any CPU.ActiveCfg = Debug|Any CPU
		{C73D4CF2-AA84-BB81-7298-D64D52B994D2}.Debug|Any CPU.Build.0 = Debug|Any CPU
		{C73D4CF2-AA84-BB81-7298-D64D52B994D2}.Release|Any CPU.ActiveCfg = Release|Any CPU
		{C73D4CF2-AA84-BB81-7298-D64D52B994D2}.Release|Any CPU.Build.0 = Release|Any CPU
		{50D40AD3-7292-D5A4-D96D-959344A13572}.Debug|Any CPU.ActiveCfg = Debug|Any CPU
		{50D40AD3-7292-D5A4-D96D-959344A13572}.Debug|Any CPU.Build.0 = Debug|Any CPU
		{50D40AD3-7292-D5A4-D96D-959344A13572}.Release|Any CPU.ActiveCfg = Release|Any CPU
		{50D40AD3-7292-D5A4-D96D-959344A13572}.Release|Any CPU.Build.0 = Release|Any CPU
		{C7130C6A-AFFB-B82A-EFB3-01F4BBDCFA5B}.Debug|Any CPU.ActiveCfg = Debug|Any CPU
		{C7130C6A-AFFB-B82A-EFB3-01F4BBDCFA5B}.Debug|Any CPU.Build.0 = Debug|Any CPU
		{C7130C6A-AFFB-B82A-EFB3-01F4BBDCFA5B}.Release|Any CPU.ActiveCfg = Release|Any CPU
		{C7130C6A-AFFB-B82A-EFB3-01F4BBDCFA5B}.Release|Any CPU.Build.0 = Release|Any CPU
		{12775FBD-3CA5-4D8F-20EF-7B90CAB42BE8}.Debug|Any CPU.ActiveCfg = Debug|Any CPU
		{12775FBD-3CA5-4D8F-20EF-7B90CAB42BE8}.Debug|Any CPU.Build.0 = Debug|Any CPU
		{12775FBD-3CA5-4D8F-20EF-7B90CAB42BE8}.Release|Any CPU.ActiveCfg = Release|Any CPU
		{12775FBD-3CA5-4D8F-20EF-7B90CAB42BE8}.Release|Any CPU.Build.0 = Release|Any CPU
		{F2CB81EB-CC12-8044-211E-7715BFD599F8}.Debug|Any CPU.ActiveCfg = Debug|Any CPU
		{F2CB81EB-CC12-8044-211E-7715BFD599F8}.Debug|Any CPU.Build.0 = Debug|Any CPU
		{F2CB81EB-CC12-8044-211E-7715BFD599F8}.Release|Any CPU.ActiveCfg = Release|Any CPU
		{F2CB81EB-CC12-8044-211E-7715BFD599F8}.Release|Any CPU.Build.0 = Release|Any CPU
		{3B58405B-EF2F-5919-5C22-0FDBE90A8C73}.Debug|Any CPU.ActiveCfg = Debug|Any CPU
		{3B58405B-EF2F-5919-5C22-0FDBE90A8C73}.Debug|Any CPU.Build.0 = Debug|Any CPU
		{3B58405B-EF2F-5919-5C22-0FDBE90A8C73}.Release|Any CPU.ActiveCfg = Release|Any CPU
		{3B58405B-EF2F-5919-5C22-0FDBE90A8C73}.Release|Any CPU.Build.0 = Release|Any CPU
		{045AFB9A-954A-F016-8A5A-8F54D5F80270}.Debug|Any CPU.ActiveCfg = Debug|Any CPU
		{045AFB9A-954A-F016-8A5A-8F54D5F80270}.Debug|Any CPU.Build.0 = Debug|Any CPU
		{045AFB9A-954A-F016-8A5A-8F54D5F80270}.Release|Any CPU.ActiveCfg = Release|Any CPU
		{045AFB9A-954A-F016-8A5A-8F54D5F80270}.Release|Any CPU.Build.0 = Release|Any CPU
	EndGlobalSection
	GlobalSection(SolutionProperties) = preSolution
		HideSolutionNode = FALSE
	EndGlobalSection
EndGlobal
