
Microsoft Visual Studio Solution File, Format Version 12.00
# Visual Studio 15
Project("{FAE04EC0-301F-11D3-BF4B-00C04F79EFBC}") = "Assembly-CSharp-firstpass", "Assembly-CSharp-firstpass.csproj", "{4F5BEBE9-B333-A8D5-DA23-DF4A4FB566AE}"
EndProject
Project("{FAE04EC0-301F-11D3-BF4B-00C04F79EFBC}") = "UnityEngine.TestRunner", "UnityEngine.TestRunner.csproj", "{6A3526E8-29E0-EE44-645F-5AECE2C4549F}"
EndProject
Project("{FAE04EC0-301F-11D3-BF4B-00C04F79EFBC}") = "Unity.Mathematics", "Unity.Mathematics.csproj", "{4FF063E8-4679-B3FB-7329-A057F9E37E21}"
EndProject
Project("{FAE04EC0-301F-11D3-BF4B-00C04F79EFBC}") = "Unity.2D.Animation.Triangle.Runtime", "Unity.2D.Animation.Triangle.Runtime.csproj", "{F0F98E29-A6DF-3941-D725-1D6A5A1CE700}"
EndProject
Project("{FAE04EC0-301F-11D3-BF4B-00C04F79EFBC}") = "AstarPathfindingProject", "AstarPathfindingProject.csproj", "{2B934C58-EE06-1917-424B-C5D2FB329899}"
EndProject
Project("{FAE04EC0-301F-11D3-BF4B-00C04F79EFBC}") = "Unity.Timeline", "Unity.Timeline.csproj", "{0B55EA38-0457-06E2-8191-60712160E46B}"
EndProject
Project("{FAE04EC0-301F-11D3-BF4B-00C04F79EFBC}") = "UnityEngine.UI", "UnityEngine.UI.csproj", "{81C6EBD6-9D77-0940-45E1-8650523B12D2}"
EndProject
Project("{FAE04EC0-301F-11D3-BF4B-00C04F79EFBC}") = "Unity.TextMeshPro", "Unity.TextMeshPro.csproj", "{71C99306-924F-0D00-1A84-6A3E4F1B752E}"
EndProject
Project("{FAE04EC0-301F-11D3-BF4B-00C04F79EFBC}") = "Unity.2D.Animation.Runtime", "Unity.2D.Animation.Runtime.csproj", "{97AA3D1C-DB52-79AB-5AB8-66F947CE73D8}"
EndProject
Project("{FAE04EC0-301F-11D3-BF4B-00C04F79EFBC}") = "Unity.2D.IK.Runtime", "Unity.2D.IK.Runtime.csproj", "{3205CB2E-526D-8977-8FCB-022D6847CA10}"
EndProject
Project("{FAE04EC0-301F-11D3-BF4B-00C04F79EFBC}") = "Assembly-CSharp", "Assembly-CSharp.csproj", "{795FEEBF-D465-255C-F4A8-7125824149B9}"
EndProject
Project("{FAE04EC0-301F-11D3-BF4B-00C04F79EFBC}") = "Unity.2D.SpriteShape.Runtime", "Unity.2D.SpriteShape.Runtime.csproj", "{189B9B74-545E-29C6-3A5B-A258BB795FBA}"
EndProject
Project("{FAE04EC0-301F-11D3-BF4B-00C04F79EFBC}") = "Unity.2D.PixelPerfect", "Unity.2D.PixelPerfect.csproj", "{C66A5AD7-FADC-BA8F-9F6B-14C5666323EC}"
EndProject
Project("{FAE04EC0-301F-11D3-BF4B-00C04F79EFBC}") = "Unity.2D.Common.Runtime", "Unity.2D.Common.Runtime.csproj", "{8304A5F3-24B2-0730-CAD1-078C5A585471}"
EndProject
Project("{FAE04EC0-301F-11D3-BF4B-00C04F79EFBC}") = "Unity.InternalAPIEngineBridge.001", "Unity.InternalAPIEngineBridge.001.csproj", "{9AB01B99-A374-CAC2-3049-196C1B16DF47}"
EndProject
Project("{FAE04EC0-301F-11D3-BF4B-00C04F79EFBC}") = "PandaBehaviour", "PandaBehaviour.csproj", "{E025EE56-A5DB-7E0E-3765-A53E9318D3BB}"
EndProject
Project("{FAE04EC0-301F-11D3-BF4B-00C04F79EFBC}") = "UnityEditor.TestRunner", "UnityEditor.TestRunner.csproj", "{B9AFF89E-9971-47A5-68B4-CB6FA1F31318}"
EndProject
Project("{FAE04EC0-301F-11D3-BF4B-00C04F79EFBC}") = "Unity.PlasticSCM.Editor", "Unity.PlasticSCM.Editor.csproj", "{05F7184E-B7C1-754E-20B5-EA3A9123A89E}"
EndProject
Project("{FAE04EC0-301F-11D3-BF4B-00C04F79EFBC}") = "UnityEditor.UI", "UnityEditor.UI.csproj", "{999F3772-30D8-8D8D-8997-55830DB41353}"
EndProject
Project("{FAE04EC0-301F-11D3-BF4B-00C04F79EFBC}") = "Unity.Services.Core.Editor", "Unity.Services.Core.Editor.csproj", "{4C4974F5-D566-7D62-043D-16C79E2F5D54}"
EndProject
Project("{FAE04EC0-301F-11D3-BF4B-00C04F79EFBC}") = "Unity.VisualStudio.Editor", "Unity.VisualStudio.Editor.csproj", "{97DDA41D-DBE3-2EBB-8824-1F38EDA2A209}"
EndProject
Project("{FAE04EC0-301F-11D3-BF4B-00C04F79EFBC}") = "Unity.Timeline.Editor", "Unity.Timeline.Editor.csproj", "{D0A90475-ABE6-C53F-FD1F-801CBA7D90DD}"
EndProject
Project("{FAE04EC0-301F-11D3-BF4B-00C04F79EFBC}") = "Unity.2D.Psdimporter.Editor", "Unity.2D.Psdimporter.Editor.csproj", "{622C6663-27D3-5056-8A1F-4100537E45A4}"
EndProject
Project("{FAE04EC0-301F-11D3-BF4B-00C04F79EFBC}") = "Unity.2D.Animation.Editor", "Unity.2D.Animation.Editor.csproj", "{DF24A297-161F-674F-2EFF-B0AA02A5F15B}"
EndProject
Project("{FAE04EC0-301F-11D3-BF4B-00C04F79EFBC}") = "Unity.TextMeshPro.Editor", "Unity.TextMeshPro.Editor.csproj", "{E7C8A9B2-22DD-253C-172E-CE2D162ACFB4}"
EndProject
Project("{FAE04EC0-301F-11D3-BF4B-00C04F79EFBC}") = "Unity.CollabProxy.Editor", "Unity.CollabProxy.Editor.csproj", "{E48A1B88-D4B0-DD56-654B-7EBA40F6B613}"
EndProject
Project("{FAE04EC0-301F-11D3-BF4B-00C04F79EFBC}") = "Unity.2D.SpriteShape.Editor", "Unity.2D.SpriteShape.Editor.csproj", "{77B65427-74DD-CBD0-2AFD-DA5B4EC0292A}"
EndProject
Project("{FAE04EC0-301F-11D3-BF4B-00C04F79EFBC}") = "PsdPlugin", "PsdPlugin.csproj", "{9566A50E-CC3E-4234-78A5-484EEDD75DAF}"
EndProject
Project("{FAE04EC0-301F-11D3-BF4B-00C04F79EFBC}") = "Unity.2D.Path.Editor", "Unity.2D.Path.Editor.csproj", "{AC52B85F-49E9-2C42-E8E5-867DEA0C9C60}"
EndProject
Project("{FAE04EC0-301F-11D3-BF4B-00C04F79EFBC}") = "PandaBehaviourEditor", "PandaBehaviourEditor.csproj", "{584AFE4F-F6E8-361E-6354-3E7E968B7047}"
EndProject
Project("{FAE04EC0-301F-11D3-BF4B-00C04F79EFBC}") = "Unity.Rider.Editor", "Unity.Rider.Editor.csproj", "{CE4E5CA9-8031-DF9D-E248-917D31ED396F}"
EndProject
Project("{FAE04EC0-301F-11D3-BF4B-00C04F79EFBC}") = "PackageToolsEditor", "PackageToolsEditor.csproj", "{19316D80-CC11-AB50-6AE4-B27DE926220A}"
EndProject
Project("{FAE04EC0-301F-11D3-BF4B-00C04F79EFBC}") = "AstarPathfindingProjectEditor", "AstarPathfindingProjectEditor.csproj", "{60C42583-1E65-6742-074A-F83DA4921D0F}"
EndProject
Project("{FAE04EC0-301F-11D3-BF4B-00C04F79EFBC}") = "Assembly-CSharp-Editor", "Assembly-CSharp-Editor.csproj", "{6E2BF39A-14F2-FF04-B114-E2B15770D6B6}"
EndProject
Project("{FAE04EC0-301F-11D3-BF4B-00C04F79EFBC}") = "Unity.2D.IK.Editor", "Unity.2D.IK.Editor.csproj", "{52F5B0CD-FCDD-C53F-2E0A-CA1A63A6F1E0}"
EndProject
Project("{FAE04EC0-301F-11D3-BF4B-00C04F79EFBC}") = "Unity.2D.Sprite.Editor", "Unity.2D.Sprite.Editor.csproj", "{1DF25B3F-682D-5E42-E412-09F0F8372F92}"
EndProject
Project("{FAE04EC0-301F-11D3-BF4B-00C04F79EFBC}") = "Unity.2D.Tilemap.Editor", "Unity.2D.Tilemap.Editor.csproj", "{792F4D0B-B9ED-4B71-D04A-DF28B41F5C57}"
EndProject
Project("{FAE04EC0-301F-11D3-BF4B-00C04F79EFBC}") = "Unity.2D.PixelPerfect.Editor", "Unity.2D.PixelPerfect.Editor.csproj", "{E1459150-3450-6011-6049-C3A126B29B9E}"
EndProject
Project("{FAE04EC0-301F-11D3-BF4B-00C04F79EFBC}") = "Unity.VSCode.Editor", "Unity.VSCode.Editor.csproj", "{37EDFBF8-920D-8E53-F0EB-E09631E21B5D}"
EndProject
Project("{FAE04EC0-301F-11D3-BF4B-00C04F79EFBC}") = "Unity.2D.Common.Editor", "Unity.2D.Common.Editor.csproj", "{7CE6B84F-D8EA-EC4C-FF36-E574D1B5236A}"
EndProject
Project("{FAE04EC0-301F-11D3-BF4B-00C04F79EFBC}") = "Unity.Mathematics.Editor", "Unity.Mathematics.Editor.csproj", "{F7DDD64B-2F85-6422-E58A-131476FEFA07}"
EndProject
Project("{FAE04EC0-301F-11D3-BF4B-00C04F79EFBC}") = "Unity.InternalAPIEditorBridge.001", "Unity.InternalAPIEditorBridge.001.csproj", "{973750D7-1C0D-EDC0-2F97-55B7F9194DCA}"
EndProject
Project("{FAE04EC0-301F-11D3-BF4B-00C04F79EFBC}") = "Assembly-CSharp-firstpass", "Assembly-CSharp-firstpass.Player.csproj", "{8A99B13B-D731-7276-7E2D-DB076DCF20FC}"
EndProject
Project("{FAE04EC0-301F-11D3-BF4B-00C04F79EFBC}") = "UnityEngine.TestRunner", "UnityEngine.TestRunner.Player.csproj", "{9C2034BC-E27A-DB6D-E54E-5D0D4FD8B290}"
EndProject
Project("{FAE04EC0-301F-11D3-BF4B-00C04F79EFBC}") = "Unity.Mathematics", "Unity.Mathematics.Player.csproj", "{E43B73B2-BB58-CE73-B380-EE38F298E175}"
EndProject
Project("{FAE04EC0-301F-11D3-BF4B-00C04F79EFBC}") = "Unity.2D.Animation.Triangle.Runtime", "Unity.2D.Animation.Triangle.Runtime.Player.csproj", "{87B3AD88-33D8-C97C-E613-10D00D6E115E}"
EndProject
Project("{FAE04EC0-301F-11D3-BF4B-00C04F79EFBC}") = "AstarPathfindingProject", "AstarPathfindingProject.Player.csproj", "{03B4E64F-36FB-F4DA-353D-5B76A4D1990C}"
EndProject
Project("{FAE04EC0-301F-11D3-BF4B-00C04F79EFBC}") = "Unity.Timeline", "Unity.Timeline.Player.csproj", "{DB3D5E30-CBFF-E5DF-6FDF-F21F2417BD42}"
EndProject
Project("{FAE04EC0-301F-11D3-BF4B-00C04F79EFBC}") = "UnityEngine.UI", "UnityEngine.UI.Player.csproj", "{A13E3676-CA6C-D8E5-4F0C-0B9B2B5F9463}"
EndProject
Project("{FAE04EC0-301F-11D3-BF4B-00C04F79EFBC}") = "Unity.TextMeshPro", "Unity.TextMeshPro.Player.csproj", "{1FFB517A-B6CE-F007-68BB-A8342EAE547E}"
EndProject
Project("{FAE04EC0-301F-11D3-BF4B-00C04F79EFBC}") = "Unity.2D.Animation.Runtime", "Unity.2D.Animation.Runtime.Player.csproj", "{132C68CB-834F-0C49-1EAE-65146DBA2F44}"
EndProject
Project("{FAE04EC0-301F-11D3-BF4B-00C04F79EFBC}") = "Unity.2D.IK.Runtime", "Unity.2D.IK.Runtime.Player.csproj", "{5D01D491-EE0C-6FE6-6FF4-69DD1E030578}"
EndProject
Project("{FAE04EC0-301F-11D3-BF4B-00C04F79EFBC}") = "Assembly-CSharp", "Assembly-CSharp.Player.csproj", "{F4445EB8-1401-CB1B-8825-89B63DD450D6}"
EndProject
Project("{FAE04EC0-301F-11D3-BF4B-00C04F79EFBC}") = "Unity.2D.SpriteShape.Runtime", "Unity.2D.SpriteShape.Runtime.Player.csproj", "{B14F2DD0-7BB6-6F04-0170-EC9D9B20F794}"
EndProject
Project("{FAE04EC0-301F-11D3-BF4B-00C04F79EFBC}") = "Unity.2D.PixelPerfect", "Unity.2D.PixelPerfect.Player.csproj", "{32BD7D57-A9F1-41F1-5448-E3BBB8F1AAA9}"
EndProject
Project("{FAE04EC0-301F-11D3-BF4B-00C04F79EFBC}") = "Unity.2D.Common.Runtime", "Unity.2D.Common.Runtime.Player.csproj", "{B790DEBA-3FC8-77C3-3BC4-0CC54AB94148}"
EndProject
Project("{FAE04EC0-301F-11D3-BF4B-00C04F79EFBC}") = "Unity.InternalAPIEngineBridge.001", "Unity.InternalAPIEngineBridge.001.Player.csproj", "{322DB7C9-7436-5761-E76A-F531875A3721}"
EndProject
Project("{FAE04EC0-301F-11D3-BF4B-00C04F79EFBC}") = "PandaBehaviour", "PandaBehaviour.Player.csproj", "{DD5C9545-2F31-AFF1-B123-6F055FED6913}"
EndProject
Global
	GlobalSection(SolutionConfigurationPlatforms) = preSolution
		Debug|Any CPU = Debug|Any CPU
		Release|Any CPU = Release|Any CPU
	EndGlobalSection
	GlobalSection(ProjectConfigurationPlatforms) = postSolution
		{4F5BEBE9-B333-A8D5-DA23-DF4A4FB566AE}.Debug|Any CPU.ActiveCfg = Debug|Any CPU
		{4F5BEBE9-B333-A8D5-DA23-DF4A4FB566AE}.Debug|Any CPU.Build.0 = Debug|Any CPU
		{4F5BEBE9-B333-A8D5-DA23-DF4A4FB566AE}.Release|Any CPU.ActiveCfg = Release|Any CPU
		{4F5BEBE9-B333-A8D5-DA23-DF4A4FB566AE}.Release|Any CPU.Build.0 = Release|Any CPU
		{6A3526E8-29E0-EE44-645F-5AECE2C4549F}.Debug|Any CPU.ActiveCfg = Debug|Any CPU
		{6A3526E8-29E0-EE44-645F-5AECE2C4549F}.Debug|Any CPU.Build.0 = Debug|Any CPU
		{6A3526E8-29E0-EE44-645F-5AECE2C4549F}.Release|Any CPU.ActiveCfg = Release|Any CPU
		{6A3526E8-29E0-EE44-645F-5AECE2C4549F}.Release|Any CPU.Build.0 = Release|Any CPU
		{4FF063E8-4679-B3FB-7329-A057F9E37E21}.Debug|Any CPU.ActiveCfg = Debug|Any CPU
		{4FF063E8-4679-B3FB-7329-A057F9E37E21}.Debug|Any CPU.Build.0 = Debug|Any CPU
		{4FF063E8-4679-B3FB-7329-A057F9E37E21}.Release|Any CPU.ActiveCfg = Release|Any CPU
		{4FF063E8-4679-B3FB-7329-A057F9E37E21}.Release|Any CPU.Build.0 = Release|Any CPU
		{F0F98E29-A6DF-3941-D725-1D6A5A1CE700}.Debug|Any CPU.ActiveCfg = Debug|Any CPU
		{F0F98E29-A6DF-3941-D725-1D6A5A1CE700}.Debug|Any CPU.Build.0 = Debug|Any CPU
		{F0F98E29-A6DF-3941-D725-1D6A5A1CE700}.Release|Any CPU.ActiveCfg = Release|Any CPU
		{F0F98E29-A6DF-3941-D725-1D6A5A1CE700}.Release|Any CPU.Build.0 = Release|Any CPU
		{2B934C58-EE06-1917-424B-C5D2FB329899}.Debug|Any CPU.ActiveCfg = Debug|Any CPU
		{2B934C58-EE06-1917-424B-C5D2FB329899}.Debug|Any CPU.Build.0 = Debug|Any CPU
		{2B934C58-EE06-1917-424B-C5D2FB329899}.Release|Any CPU.ActiveCfg = Release|Any CPU
		{2B934C58-EE06-1917-424B-C5D2FB329899}.Release|Any CPU.Build.0 = Release|Any CPU
		{0B55EA38-0457-06E2-8191-60712160E46B}.Debug|Any CPU.ActiveCfg = Debug|Any CPU
		{0B55EA38-0457-06E2-8191-60712160E46B}.Debug|Any CPU.Build.0 = Debug|Any CPU
		{0B55EA38-0457-06E2-8191-60712160E46B}.Release|Any CPU.ActiveCfg = Release|Any CPU
		{0B55EA38-0457-06E2-8191-60712160E46B}.Release|Any CPU.Build.0 = Release|Any CPU
		{81C6EBD6-9D77-0940-45E1-8650523B12D2}.Debug|Any CPU.ActiveCfg = Debug|Any CPU
		{81C6EBD6-9D77-0940-45E1-8650523B12D2}.Debug|Any CPU.Build.0 = Debug|Any CPU
		{81C6EBD6-9D77-0940-45E1-8650523B12D2}.Release|Any CPU.ActiveCfg = Release|Any CPU
		{81C6EBD6-9D77-0940-45E1-8650523B12D2}.Release|Any CPU.Build.0 = Release|Any CPU
		{71C99306-924F-0D00-1A84-6A3E4F1B752E}.Debug|Any CPU.ActiveCfg = Debug|Any CPU
		{71C99306-924F-0D00-1A84-6A3E4F1B752E}.Debug|Any CPU.Build.0 = Debug|Any CPU
		{71C99306-924F-0D00-1A84-6A3E4F1B752E}.Release|Any CPU.ActiveCfg = Release|Any CPU
		{71C99306-924F-0D00-1A84-6A3E4F1B752E}.Release|Any CPU.Build.0 = Release|Any CPU
		{97AA3D1C-DB52-79AB-5AB8-66F947CE73D8}.Debug|Any CPU.ActiveCfg = Debug|Any CPU
		{97AA3D1C-DB52-79AB-5AB8-66F947CE73D8}.Debug|Any CPU.Build.0 = Debug|Any CPU
		{97AA3D1C-DB52-79AB-5AB8-66F947CE73D8}.Release|Any CPU.ActiveCfg = Release|Any CPU
		{97AA3D1C-DB52-79AB-5AB8-66F947CE73D8}.Release|Any CPU.Build.0 = Release|Any CPU
		{3205CB2E-526D-8977-8FCB-022D6847CA10}.Debug|Any CPU.ActiveCfg = Debug|Any CPU
		{3205CB2E-526D-8977-8FCB-022D6847CA10}.Debug|Any CPU.Build.0 = Debug|Any CPU
		{3205CB2E-526D-8977-8FCB-022D6847CA10}.Release|Any CPU.ActiveCfg = Release|Any CPU
		{3205CB2E-526D-8977-8FCB-022D6847CA10}.Release|Any CPU.Build.0 = Release|Any CPU
		{795FEEBF-D465-255C-F4A8-7125824149B9}.Debug|Any CPU.ActiveCfg = Debug|Any CPU
		{795FEEBF-D465-255C-F4A8-7125824149B9}.Debug|Any CPU.Build.0 = Debug|Any CPU
		{795FEEBF-D465-255C-F4A8-7125824149B9}.Release|Any CPU.ActiveCfg = Release|Any CPU
		{795FEEBF-D465-255C-F4A8-7125824149B9}.Release|Any CPU.Build.0 = Release|Any CPU
		{189B9B74-545E-29C6-3A5B-A258BB795FBA}.Debug|Any CPU.ActiveCfg = Debug|Any CPU
		{189B9B74-545E-29C6-3A5B-A258BB795FBA}.Debug|Any CPU.Build.0 = Debug|Any CPU
		{189B9B74-545E-29C6-3A5B-A258BB795FBA}.Release|Any CPU.ActiveCfg = Release|Any CPU
		{189B9B74-545E-29C6-3A5B-A258BB795FBA}.Release|Any CPU.Build.0 = Release|Any CPU
		{C66A5AD7-FADC-BA8F-9F6B-14C5666323EC}.Debug|Any CPU.ActiveCfg = Debug|Any CPU
		{C66A5AD7-FADC-BA8F-9F6B-14C5666323EC}.Debug|Any CPU.Build.0 = Debug|Any CPU
		{C66A5AD7-FADC-BA8F-9F6B-14C5666323EC}.Release|Any CPU.ActiveCfg = Release|Any CPU
		{C66A5AD7-FADC-BA8F-9F6B-14C5666323EC}.Release|Any CPU.Build.0 = Release|Any CPU
		{8304A5F3-24B2-0730-CAD1-078C5A585471}.Debug|Any CPU.ActiveCfg = Debug|Any CPU
		{8304A5F3-24B2-0730-CAD1-078C5A585471}.Debug|Any CPU.Build.0 = Debug|Any CPU
		{8304A5F3-24B2-0730-CAD1-078C5A585471}.Release|Any CPU.ActiveCfg = Release|Any CPU
		{8304A5F3-24B2-0730-CAD1-078C5A585471}.Release|Any CPU.Build.0 = Release|Any CPU
		{9AB01B99-A374-CAC2-3049-196C1B16DF47}.Debug|Any CPU.ActiveCfg = Debug|Any CPU
		{9AB01B99-A374-CAC2-3049-196C1B16DF47}.Debug|Any CPU.Build.0 = Debug|Any CPU
		{9AB01B99-A374-CAC2-3049-196C1B16DF47}.Release|Any CPU.ActiveCfg = Release|Any CPU
		{9AB01B99-A374-CAC2-3049-196C1B16DF47}.Release|Any CPU.Build.0 = Release|Any CPU
		{E025EE56-A5DB-7E0E-3765-A53E9318D3BB}.Debug|Any CPU.ActiveCfg = Debug|Any CPU
		{E025EE56-A5DB-7E0E-3765-A53E9318D3BB}.Debug|Any CPU.Build.0 = Debug|Any CPU
		{E025EE56-A5DB-7E0E-3765-A53E9318D3BB}.Release|Any CPU.ActiveCfg = Release|Any CPU
		{E025EE56-A5DB-7E0E-3765-A53E9318D3BB}.Release|Any CPU.Build.0 = Release|Any CPU
		{B9AFF89E-9971-47A5-68B4-CB6FA1F31318}.Debug|Any CPU.ActiveCfg = Debug|Any CPU
		{B9AFF89E-9971-47A5-68B4-CB6FA1F31318}.Debug|Any CPU.Build.0 = Debug|Any CPU
		{B9AFF89E-9971-47A5-68B4-CB6FA1F31318}.Release|Any CPU.ActiveCfg = Release|Any CPU
		{B9AFF89E-9971-47A5-68B4-CB6FA1F31318}.Release|Any CPU.Build.0 = Release|Any CPU
		{05F7184E-B7C1-754E-20B5-EA3A9123A89E}.Debug|Any CPU.ActiveCfg = Debug|Any CPU
		{05F7184E-B7C1-754E-20B5-EA3A9123A89E}.Debug|Any CPU.Build.0 = Debug|Any CPU
		{05F7184E-B7C1-754E-20B5-EA3A9123A89E}.Release|Any CPU.ActiveCfg = Release|Any CPU
		{05F7184E-B7C1-754E-20B5-EA3A9123A89E}.Release|Any CPU.Build.0 = Release|Any CPU
		{999F3772-30D8-8D8D-8997-55830DB41353}.Debug|Any CPU.ActiveCfg = Debug|Any CPU
		{999F3772-30D8-8D8D-8997-55830DB41353}.Debug|Any CPU.Build.0 = Debug|Any CPU
		{999F3772-30D8-8D8D-8997-55830DB41353}.Release|Any CPU.ActiveCfg = Release|Any CPU
		{999F3772-30D8-8D8D-8997-55830DB41353}.Release|Any CPU.Build.0 = Release|Any CPU
		{4C4974F5-D566-7D62-043D-16C79E2F5D54}.Debug|Any CPU.ActiveCfg = Debug|Any CPU
		{4C4974F5-D566-7D62-043D-16C79E2F5D54}.Debug|Any CPU.Build.0 = Debug|Any CPU
		{4C4974F5-D566-7D62-043D-16C79E2F5D54}.Release|Any CPU.ActiveCfg = Release|Any CPU
		{4C4974F5-D566-7D62-043D-16C79E2F5D54}.Release|Any CPU.Build.0 = Release|Any CPU
		{97DDA41D-DBE3-2EBB-8824-1F38EDA2A209}.Debug|Any CPU.ActiveCfg = Debug|Any CPU
		{97DDA41D-DBE3-2EBB-8824-1F38EDA2A209}.Debug|Any CPU.Build.0 = Debug|Any CPU
		{97DDA41D-DBE3-2EBB-8824-1F38EDA2A209}.Release|Any CPU.ActiveCfg = Release|Any CPU
		{97DDA41D-DBE3-2EBB-8824-1F38EDA2A209}.Release|Any CPU.Build.0 = Release|Any CPU
		{D0A90475-ABE6-C53F-FD1F-801CBA7D90DD}.Debug|Any CPU.ActiveCfg = Debug|Any CPU
		{D0A90475-ABE6-C53F-FD1F-801CBA7D90DD}.Debug|Any CPU.Build.0 = Debug|Any CPU
		{D0A90475-ABE6-C53F-FD1F-801CBA7D90DD}.Release|Any CPU.ActiveCfg = Release|Any CPU
		{D0A90475-ABE6-C53F-FD1F-801CBA7D90DD}.Release|Any CPU.Build.0 = Release|Any CPU
		{622C6663-27D3-5056-8A1F-4100537E45A4}.Debug|Any CPU.ActiveCfg = Debug|Any CPU
		{622C6663-27D3-5056-8A1F-4100537E45A4}.Debug|Any CPU.Build.0 = Debug|Any CPU
		{622C6663-27D3-5056-8A1F-4100537E45A4}.Release|Any CPU.ActiveCfg = Release|Any CPU
		{622C6663-27D3-5056-8A1F-4100537E45A4}.Release|Any CPU.Build.0 = Release|Any CPU
		{DF24A297-161F-674F-2EFF-B0AA02A5F15B}.Debug|Any CPU.ActiveCfg = Debug|Any CPU
		{DF24A297-161F-674F-2EFF-B0AA02A5F15B}.Debug|Any CPU.Build.0 = Debug|Any CPU
		{DF24A297-161F-674F-2EFF-B0AA02A5F15B}.Release|Any CPU.ActiveCfg = Release|Any CPU
		{DF24A297-161F-674F-2EFF-B0AA02A5F15B}.Release|Any CPU.Build.0 = Release|Any CPU
		{E7C8A9B2-22DD-253C-172E-CE2D162ACFB4}.Debug|Any CPU.ActiveCfg = Debug|Any CPU
		{E7C8A9B2-22DD-253C-172E-CE2D162ACFB4}.Debug|Any CPU.Build.0 = Debug|Any CPU
		{E7C8A9B2-22DD-253C-172E-CE2D162ACFB4}.Release|Any CPU.ActiveCfg = Release|Any CPU
		{E7C8A9B2-22DD-253C-172E-CE2D162ACFB4}.Release|Any CPU.Build.0 = Release|Any CPU
		{E48A1B88-D4B0-DD56-654B-7EBA40F6B613}.Debug|Any CPU.ActiveCfg = Debug|Any CPU
		{E48A1B88-D4B0-DD56-654B-7EBA40F6B613}.Debug|Any CPU.Build.0 = Debug|Any CPU
		{E48A1B88-D4B0-DD56-654B-7EBA40F6B613}.Release|Any CPU.ActiveCfg = Release|Any CPU
		{E48A1B88-D4B0-DD56-654B-7EBA40F6B613}.Release|Any CPU.Build.0 = Release|Any CPU
		{77B65427-74DD-CBD0-2AFD-DA5B4EC0292A}.Debug|Any CPU.ActiveCfg = Debug|Any CPU
		{77B65427-74DD-CBD0-2AFD-DA5B4EC0292A}.Debug|Any CPU.Build.0 = Debug|Any CPU
		{77B65427-74DD-CBD0-2AFD-DA5B4EC0292A}.Release|Any CPU.ActiveCfg = Release|Any CPU
		{77B65427-74DD-CBD0-2AFD-DA5B4EC0292A}.Release|Any CPU.Build.0 = Release|Any CPU
		{9566A50E-CC3E-4234-78A5-484EEDD75DAF}.Debug|Any CPU.ActiveCfg = Debug|Any CPU
		{9566A50E-CC3E-4234-78A5-484EEDD75DAF}.Debug|Any CPU.Build.0 = Debug|Any CPU
		{9566A50E-CC3E-4234-78A5-484EEDD75DAF}.Release|Any CPU.ActiveCfg = Release|Any CPU
		{9566A50E-CC3E-4234-78A5-484EEDD75DAF}.Release|Any CPU.Build.0 = Release|Any CPU
		{AC52B85F-49E9-2C42-E8E5-867DEA0C9C60}.Debug|Any CPU.ActiveCfg = Debug|Any CPU
		{AC52B85F-49E9-2C42-E8E5-867DEA0C9C60}.Debug|Any CPU.Build.0 = Debug|Any CPU
		{AC52B85F-49E9-2C42-E8E5-867DEA0C9C60}.Release|Any CPU.ActiveCfg = Release|Any CPU
		{AC52B85F-49E9-2C42-E8E5-867DEA0C9C60}.Release|Any CPU.Build.0 = Release|Any CPU
		{584AFE4F-F6E8-361E-6354-3E7E968B7047}.Debug|Any CPU.ActiveCfg = Debug|Any CPU
		{584AFE4F-F6E8-361E-6354-3E7E968B7047}.Debug|Any CPU.Build.0 = Debug|Any CPU
		{584AFE4F-F6E8-361E-6354-3E7E968B7047}.Release|Any CPU.ActiveCfg = Release|Any CPU
		{584AFE4F-F6E8-361E-6354-3E7E968B7047}.Release|Any CPU.Build.0 = Release|Any CPU
		{CE4E5CA9-8031-DF9D-E248-917D31ED396F}.Debug|Any CPU.ActiveCfg = Debug|Any CPU
		{CE4E5CA9-8031-DF9D-E248-917D31ED396F}.Debug|Any CPU.Build.0 = Debug|Any CPU
		{CE4E5CA9-8031-DF9D-E248-917D31ED396F}.Release|Any CPU.ActiveCfg = Release|Any CPU
		{CE4E5CA9-8031-DF9D-E248-917D31ED396F}.Release|Any CPU.Build.0 = Release|Any CPU
		{19316D80-CC11-AB50-6AE4-B27DE926220A}.Debug|Any CPU.ActiveCfg = Debug|Any CPU
		{19316D80-CC11-AB50-6AE4-B27DE926220A}.Debug|Any CPU.Build.0 = Debug|Any CPU
		{19316D80-CC11-AB50-6AE4-B27DE926220A}.Release|Any CPU.ActiveCfg = Release|Any CPU
		{19316D80-CC11-AB50-6AE4-B27DE926220A}.Release|Any CPU.Build.0 = Release|Any CPU
		{60C42583-1E65-6742-074A-F83DA4921D0F}.Debug|Any CPU.ActiveCfg = Debug|Any CPU
		{60C42583-1E65-6742-074A-F83DA4921D0F}.Debug|Any CPU.Build.0 = Debug|Any CPU
		{60C42583-1E65-6742-074A-F83DA4921D0F}.Release|Any CPU.ActiveCfg = Release|Any CPU
		{60C42583-1E65-6742-074A-F83DA4921D0F}.Release|Any CPU.Build.0 = Release|Any CPU
		{6E2BF39A-14F2-FF04-B114-E2B15770D6B6}.Debug|Any CPU.ActiveCfg = Debug|Any CPU
		{6E2BF39A-14F2-FF04-B114-E2B15770D6B6}.Debug|Any CPU.Build.0 = Debug|Any CPU
		{6E2BF39A-14F2-FF04-B114-E2B15770D6B6}.Release|Any CPU.ActiveCfg = Release|Any CPU
		{6E2BF39A-14F2-FF04-B114-E2B15770D6B6}.Release|Any CPU.Build.0 = Release|Any CPU
		{52F5B0CD-FCDD-C53F-2E0A-CA1A63A6F1E0}.Debug|Any CPU.ActiveCfg = Debug|Any CPU
		{52F5B0CD-FCDD-C53F-2E0A-CA1A63A6F1E0}.Debug|Any CPU.Build.0 = Debug|Any CPU
		{52F5B0CD-FCDD-C53F-2E0A-CA1A63A6F1E0}.Release|Any CPU.ActiveCfg = Release|Any CPU
		{52F5B0CD-FCDD-C53F-2E0A-CA1A63A6F1E0}.Release|Any CPU.Build.0 = Release|Any CPU
		{1DF25B3F-682D-5E42-E412-09F0F8372F92}.Debug|Any CPU.ActiveCfg = Debug|Any CPU
		{1DF25B3F-682D-5E42-E412-09F0F8372F92}.Debug|Any CPU.Build.0 = Debug|Any CPU
		{1DF25B3F-682D-5E42-E412-09F0F8372F92}.Release|Any CPU.ActiveCfg = Release|Any CPU
		{1DF25B3F-682D-5E42-E412-09F0F8372F92}.Release|Any CPU.Build.0 = Release|Any CPU
		{792F4D0B-B9ED-4B71-D04A-DF28B41F5C57}.Debug|Any CPU.ActiveCfg = Debug|Any CPU
		{792F4D0B-B9ED-4B71-D04A-DF28B41F5C57}.Debug|Any CPU.Build.0 = Debug|Any CPU
		{792F4D0B-B9ED-4B71-D04A-DF28B41F5C57}.Release|Any CPU.ActiveCfg = Release|Any CPU
		{792F4D0B-B9ED-4B71-D04A-DF28B41F5C57}.Release|Any CPU.Build.0 = Release|Any CPU
		{E1459150-3450-6011-6049-C3A126B29B9E}.Debug|Any CPU.ActiveCfg = Debug|Any CPU
		{E1459150-3450-6011-6049-C3A126B29B9E}.Debug|Any CPU.Build.0 = Debug|Any CPU
		{E1459150-3450-6011-6049-C3A126B29B9E}.Release|Any CPU.ActiveCfg = Release|Any CPU
		{E1459150-3450-6011-6049-C3A126B29B9E}.Release|Any CPU.Build.0 = Release|Any CPU
		{37EDFBF8-920D-8E53-F0EB-E09631E21B5D}.Debug|Any CPU.ActiveCfg = Debug|Any CPU
		{37EDFBF8-920D-8E53-F0EB-E09631E21B5D}.Debug|Any CPU.Build.0 = Debug|Any CPU
		{37EDFBF8-920D-8E53-F0EB-E09631E21B5D}.Release|Any CPU.ActiveCfg = Release|Any CPU
		{37EDFBF8-920D-8E53-F0EB-E09631E21B5D}.Release|Any CPU.Build.0 = Release|Any CPU
		{7CE6B84F-D8EA-EC4C-FF36-E574D1B5236A}.Debug|Any CPU.ActiveCfg = Debug|Any CPU
		{7CE6B84F-D8EA-EC4C-FF36-E574D1B5236A}.Debug|Any CPU.Build.0 = Debug|Any CPU
		{7CE6B84F-D8EA-EC4C-FF36-E574D1B5236A}.Release|Any CPU.ActiveCfg = Release|Any CPU
		{7CE6B84F-D8EA-EC4C-FF36-E574D1B5236A}.Release|Any CPU.Build.0 = Release|Any CPU
		{F7DDD64B-2F85-6422-E58A-131476FEFA07}.Debug|Any CPU.ActiveCfg = Debug|Any CPU
		{F7DDD64B-2F85-6422-E58A-131476FEFA07}.Debug|Any CPU.Build.0 = Debug|Any CPU
		{F7DDD64B-2F85-6422-E58A-131476FEFA07}.Release|Any CPU.ActiveCfg = Release|Any CPU
		{F7DDD64B-2F85-6422-E58A-131476FEFA07}.Release|Any CPU.Build.0 = Release|Any CPU
		{973750D7-1C0D-EDC0-2F97-55B7F9194DCA}.Debug|Any CPU.ActiveCfg = Debug|Any CPU
		{973750D7-1C0D-EDC0-2F97-55B7F9194DCA}.Debug|Any CPU.Build.0 = Debug|Any CPU
		{973750D7-1C0D-EDC0-2F97-55B7F9194DCA}.Release|Any CPU.ActiveCfg = Release|Any CPU
		{973750D7-1C0D-EDC0-2F97-55B7F9194DCA}.Release|Any CPU.Build.0 = Release|Any CPU
		{8A99B13B-D731-7276-7E2D-DB076DCF20FC}.Debug|Any CPU.ActiveCfg = Debug|Any CPU
		{8A99B13B-D731-7276-7E2D-DB076DCF20FC}.Debug|Any CPU.Build.0 = Debug|Any CPU
		{8A99B13B-D731-7276-7E2D-DB076DCF20FC}.Release|Any CPU.ActiveCfg = Release|Any CPU
		{8A99B13B-D731-7276-7E2D-DB076DCF20FC}.Release|Any CPU.Build.0 = Release|Any CPU
		{9C2034BC-E27A-DB6D-E54E-5D0D4FD8B290}.Debug|Any CPU.ActiveCfg = Debug|Any CPU
		{9C2034BC-E27A-DB6D-E54E-5D0D4FD8B290}.Debug|Any CPU.Build.0 = Debug|Any CPU
		{9C2034BC-E27A-DB6D-E54E-5D0D4FD8B290}.Release|Any CPU.ActiveCfg = Release|Any CPU
		{9C2034BC-E27A-DB6D-E54E-5D0D4FD8B290}.Release|Any CPU.Build.0 = Release|Any CPU
		{E43B73B2-BB58-CE73-B380-EE38F298E175}.Debug|Any CPU.ActiveCfg = Debug|Any CPU
		{E43B73B2-BB58-CE73-B380-EE38F298E175}.Debug|Any CPU.Build.0 = Debug|Any CPU
		{E43B73B2-BB58-CE73-B380-EE38F298E175}.Release|Any CPU.ActiveCfg = Release|Any CPU
		{E43B73B2-BB58-CE73-B380-EE38F298E175}.Release|Any CPU.Build.0 = Release|Any CPU
		{87B3AD88-33D8-C97C-E613-10D00D6E115E}.Debug|Any CPU.ActiveCfg = Debug|Any CPU
		{87B3AD88-33D8-C97C-E613-10D00D6E115E}.Debug|Any CPU.Build.0 = Debug|Any CPU
		{87B3AD88-33D8-C97C-E613-10D00D6E115E}.Release|Any CPU.ActiveCfg = Release|Any CPU
		{87B3AD88-33D8-C97C-E613-10D00D6E115E}.Release|Any CPU.Build.0 = Release|Any CPU
		{03B4E64F-36FB-F4DA-353D-5B76A4D1990C}.Debug|Any CPU.ActiveCfg = Debug|Any CPU
		{03B4E64F-36FB-F4DA-353D-5B76A4D1990C}.Debug|Any CPU.Build.0 = Debug|Any CPU
		{03B4E64F-36FB-F4DA-353D-5B76A4D1990C}.Release|Any CPU.ActiveCfg = Release|Any CPU
		{03B4E64F-36FB-F4DA-353D-5B76A4D1990C}.Release|Any CPU.Build.0 = Release|Any CPU
		{DB3D5E30-CBFF-E5DF-6FDF-F21F2417BD42}.Debug|Any CPU.ActiveCfg = Debug|Any CPU
		{DB3D5E30-CBFF-E5DF-6FDF-F21F2417BD42}.Debug|Any CPU.Build.0 = Debug|Any CPU
		{DB3D5E30-CBFF-E5DF-6FDF-F21F2417BD42}.Release|Any CPU.ActiveCfg = Release|Any CPU
		{DB3D5E30-CBFF-E5DF-6FDF-F21F2417BD42}.Release|Any CPU.Build.0 = Release|Any CPU
		{A13E3676-CA6C-D8E5-4F0C-0B9B2B5F9463}.Debug|Any CPU.ActiveCfg = Debug|Any CPU
		{A13E3676-CA6C-D8E5-4F0C-0B9B2B5F9463}.Debug|Any CPU.Build.0 = Debug|Any CPU
		{A13E3676-CA6C-D8E5-4F0C-0B9B2B5F9463}.Release|Any CPU.ActiveCfg = Release|Any CPU
		{A13E3676-CA6C-D8E5-4F0C-0B9B2B5F9463}.Release|Any CPU.Build.0 = Release|Any CPU
		{1FFB517A-B6CE-F007-68BB-A8342EAE547E}.Debug|Any CPU.ActiveCfg = Debug|Any CPU
		{1FFB517A-B6CE-F007-68BB-A8342EAE547E}.Debug|Any CPU.Build.0 = Debug|Any CPU
		{1FFB517A-B6CE-F007-68BB-A8342EAE547E}.Release|Any CPU.ActiveCfg = Release|Any CPU
		{1FFB517A-B6CE-F007-68BB-A8342EAE547E}.Release|Any CPU.Build.0 = Release|Any CPU
		{132C68CB-834F-0C49-1EAE-65146DBA2F44}.Debug|Any CPU.ActiveCfg = Debug|Any CPU
		{132C68CB-834F-0C49-1EAE-65146DBA2F44}.Debug|Any CPU.Build.0 = Debug|Any CPU
		{132C68CB-834F-0C49-1EAE-65146DBA2F44}.Release|Any CPU.ActiveCfg = Release|Any CPU
		{132C68CB-834F-0C49-1EAE-65146DBA2F44}.Release|Any CPU.Build.0 = Release|Any CPU
		{5D01D491-EE0C-6FE6-6FF4-69DD1E030578}.Debug|Any CPU.ActiveCfg = Debug|Any CPU
		{5D01D491-EE0C-6FE6-6FF4-69DD1E030578}.Debug|Any CPU.Build.0 = Debug|Any CPU
		{5D01D491-EE0C-6FE6-6FF4-69DD1E030578}.Release|Any CPU.ActiveCfg = Release|Any CPU
		{5D01D491-EE0C-6FE6-6FF4-69DD1E030578}.Release|Any CPU.Build.0 = Release|Any CPU
		{F4445EB8-1401-CB1B-8825-89B63DD450D6}.Debug|Any CPU.ActiveCfg = Debug|Any CPU
		{F4445EB8-1401-CB1B-8825-89B63DD450D6}.Debug|Any CPU.Build.0 = Debug|Any CPU
		{F4445EB8-1401-CB1B-8825-89B63DD450D6}.Release|Any CPU.ActiveCfg = Release|Any CPU
		{F4445EB8-1401-CB1B-8825-89B63DD450D6}.Release|Any CPU.Build.0 = Release|Any CPU
		{B14F2DD0-7BB6-6F04-0170-EC9D9B20F794}.Debug|Any CPU.ActiveCfg = Debug|Any CPU
		{B14F2DD0-7BB6-6F04-0170-EC9D9B20F794}.Debug|Any CPU.Build.0 = Debug|Any CPU
		{B14F2DD0-7BB6-6F04-0170-EC9D9B20F794}.Release|Any CPU.ActiveCfg = Release|Any CPU
		{B14F2DD0-7BB6-6F04-0170-EC9D9B20F794}.Release|Any CPU.Build.0 = Release|Any CPU
		{32BD7D57-A9F1-41F1-5448-E3BBB8F1AAA9}.Debug|Any CPU.ActiveCfg = Debug|Any CPU
		{32BD7D57-A9F1-41F1-5448-E3BBB8F1AAA9}.Debug|Any CPU.Build.0 = Debug|Any CPU
		{32BD7D57-A9F1-41F1-5448-E3BBB8F1AAA9}.Release|Any CPU.ActiveCfg = Release|Any CPU
		{32BD7D57-A9F1-41F1-5448-E3BBB8F1AAA9}.Release|Any CPU.Build.0 = Release|Any CPU
		{B790DEBA-3FC8-77C3-3BC4-0CC54AB94148}.Debug|Any CPU.ActiveCfg = Debug|Any CPU
		{B790DEBA-3FC8-77C3-3BC4-0CC54AB94148}.Debug|Any CPU.Build.0 = Debug|Any CPU
		{B790DEBA-3FC8-77C3-3BC4-0CC54AB94148}.Release|Any CPU.ActiveCfg = Release|Any CPU
		{B790DEBA-3FC8-77C3-3BC4-0CC54AB94148}.Release|Any CPU.Build.0 = Release|Any CPU
		{322DB7C9-7436-5761-E76A-F531875A3721}.Debug|Any CPU.ActiveCfg = Debug|Any CPU
		{322DB7C9-7436-5761-E76A-F531875A3721}.Debug|Any CPU.Build.0 = Debug|Any CPU
		{322DB7C9-7436-5761-E76A-F531875A3721}.Release|Any CPU.ActiveCfg = Release|Any CPU
		{322DB7C9-7436-5761-E76A-F531875A3721}.Release|Any CPU.Build.0 = Release|Any CPU
		{DD5C9545-2F31-AFF1-B123-6F055FED6913}.Debug|Any CPU.ActiveCfg = Debug|Any CPU
		{DD5C9545-2F31-AFF1-B123-6F055FED6913}.Debug|Any CPU.Build.0 = Debug|Any CPU
		{DD5C9545-2F31-AFF1-B123-6F055FED6913}.Release|Any CPU.ActiveCfg = Release|Any CPU
		{DD5C9545-2F31-AFF1-B123-6F055FED6913}.Release|Any CPU.Build.0 = Release|Any CPU
	EndGlobalSection
	GlobalSection(SolutionProperties) = preSolution
		HideSolutionNode = FALSE
	EndGlobalSection
EndGlobal
