
Microsoft Visual Studio Solution File, Format Version 12.00
# Visual Studio 15
Project("{FAE04EC0-301F-11D3-BF4B-00C04F79EFBC}") = "MoreMountains.Feedbacks", "MoreMountains.Feedbacks.csproj", "{F6E315C2-47B9-AF78-397B-EBFE9A4EA2F2}"
EndProject
Project("{FAE04EC0-301F-11D3-BF4B-00C04F79EFBC}") = "AstarPathfindingProject", "AstarPathfindingProject.csproj", "{0F75ACD5-926F-2FE8-7D8D-EE71A6AD8F14}"
EndProject
Project("{FAE04EC0-301F-11D3-BF4B-00C04F79EFBC}") = "MoreMountains.Tools", "MoreMountains.Tools.csproj", "{43312B82-5222-F8B5-CA21-4181078940E8}"
EndProject
Project("{FAE04EC0-301F-11D3-BF4B-00C04F79EFBC}") = "MoreMountains.Feedbacks.URP", "MoreMountains.Feedbacks.URP.csproj", "{C5A54296-F6A6-19A5-DBA8-F5946AE3F682}"
EndProject
Project("{FAE04EC0-301F-11D3-BF4B-00C04F79EFBC}") = "Lofelt.NiceVibrations.Demo", "Lofelt.NiceVibrations.Demo.csproj", "{FF3765CB-243F-2810-2764-AADC32FB18C8}"
EndProject
Project("{FAE04EC0-301F-11D3-BF4B-00C04F79EFBC}") = "MoreMountains.Feedbacks.NiceVibrations", "MoreMountains.Feedbacks.NiceVibrations.csproj", "{F667939E-44AE-74C1-2AD8-CB2BC25FCCCE}"
EndProject
Project("{FAE04EC0-301F-11D3-BF4B-00C04F79EFBC}") = "MoreMountains.Feedbacks.PostProcessing", "MoreMountains.Feedbacks.PostProcessing.csproj", "{69582021-84B9-89F3-40A3-A8084A485285}"
EndProject
Project("{FAE04EC0-301F-11D3-BF4B-00C04F79EFBC}") = "Assembly-CSharp", "Assembly-CSharp.csproj", "{0FE10F89-23AC-F0E1-1DA9-1EED4E7DAA4F}"
EndProject
Project("{FAE04EC0-301F-11D3-BF4B-00C04F79EFBC}") = "MoreMountains.Feedbacks.MMTools", "MoreMountains.Feedbacks.MMTools.csproj", "{8B161092-EEBB-7572-C397-73F6435BEB18}"
EndProject
Project("{FAE04EC0-301F-11D3-BF4B-00C04F79EFBC}") = "MoreMountains.Feedbacks.TextMeshPro", "MoreMountains.Feedbacks.TextMeshPro.csproj", "{2D4465C2-8263-EE83-E2CB-F89EE9242A10}"
EndProject
Project("{FAE04EC0-301F-11D3-BF4B-00C04F79EFBC}") = "CFXRDemo", "CFXRDemo.csproj", "{BCF1A5F7-7A8A-B2B8-D7F0-C86E6804C0F7}"
EndProject
Project("{FAE04EC0-301F-11D3-BF4B-00C04F79EFBC}") = "MoreMountains.Feedbacks.HDRP", "MoreMountains.Feedbacks.HDRP.csproj", "{47C51874-AA91-B9DB-B9A2-D97CDD180702}"
EndProject
Project("{FAE04EC0-301F-11D3-BF4B-00C04F79EFBC}") = "Assembly-CSharp-firstpass", "Assembly-CSharp-firstpass.csproj", "{4EE28802-2636-AB19-E489-207F4F3A45D5}"
EndProject
Project("{FAE04EC0-301F-11D3-BF4B-00C04F79EFBC}") = "CFXRRuntime", "CFXRRuntime.csproj", "{BE35F21F-E5CB-3180-0A84-3AE0BCCA2E8D}"
EndProject
Project("{FAE04EC0-301F-11D3-BF4B-00C04F79EFBC}") = "MoreMountains.Feedbacks.Cinemachine", "MoreMountains.Feedbacks.Cinemachine.csproj", "{C872CD08-F0BA-8402-848B-4BF81E64FE43}"
EndProject
Project("{FAE04EC0-301F-11D3-BF4B-00C04F79EFBC}") = "Lofelt.NiceVibrations", "Lofelt.NiceVibrations.csproj", "{214C1278-4001-33D1-FB8B-E74C03D9ECA2}"
EndProject
Project("{FAE04EC0-301F-11D3-BF4B-00C04F79EFBC}") = "PandaBehaviour", "PandaBehaviour.csproj", "{565A46CE-8C93-311E-A3D9-911A9B69311E}"
EndProject
Project("{FAE04EC0-301F-11D3-BF4B-00C04F79EFBC}") = "KinoBloom.Runtime", "KinoBloom.Runtime.csproj", "{38E00FDF-80E8-2622-788E-901545D1DA52}"
EndProject
Project("{FAE04EC0-301F-11D3-BF4B-00C04F79EFBC}") = "MoreMountains.Tools.Editor", "MoreMountains.Tools.Editor.csproj", "{97CAEBCC-A7B2-EA56-F7B3-431810EAF047}"
EndProject
Project("{FAE04EC0-301F-11D3-BF4B-00C04F79EFBC}") = "PandaBehaviourEditor", "PandaBehaviourEditor.csproj", "{059D00C8-2ED8-8CEB-17B9-1E02EDB86214}"
EndProject
Project("{FAE04EC0-301F-11D3-BF4B-00C04F79EFBC}") = "MoreMountains.Feedbacks.Editor", "MoreMountains.Feedbacks.Editor.csproj", "{5E3BA1A7-283A-2782-46E9-5BE1EFE9DD5F}"
EndProject
Project("{FAE04EC0-301F-11D3-BF4B-00C04F79EFBC}") = "AstarPathfindingProjectEditor", "AstarPathfindingProjectEditor.csproj", "{C2F3DC10-7BBD-918A-3542-B2EF966C596B}"
EndProject
Project("{FAE04EC0-301F-11D3-BF4B-00C04F79EFBC}") = "CFXREditor", "CFXREditor.csproj", "{EE2FE7CB-EE00-4B09-B2CE-E508897157DC}"
EndProject
Project("{FAE04EC0-301F-11D3-BF4B-00C04F79EFBC}") = "Assembly-CSharp-Editor", "Assembly-CSharp-Editor.csproj", "{3A8E9228-F805-15DD-E898-8B4F3CFEBC06}"
EndProject
Project("{FAE04EC0-301F-11D3-BF4B-00C04F79EFBC}") = "PackageToolsEditor", "PackageToolsEditor.csproj", "{70B9DBAB-6EC8-EDFD-63FE-1B0E2AAF265F}"
EndProject
Project("{FAE04EC0-301F-11D3-BF4B-00C04F79EFBC}") = "Lofelt.NiceVibrations.Editor", "Lofelt.NiceVibrations.Editor.csproj", "{BA0F7C0E-FF9D-AC43-7FA6-C303E0F29285}"
EndProject
Project("{FAE04EC0-301F-11D3-BF4B-00C04F79EFBC}") = "ToonyColorsPro.Demo.Editor", "ToonyColorsPro.Demo.Editor.csproj", "{BD90E26E-20D5-5A51-AFC3-9334B89F8523}"
EndProject
Global
	GlobalSection(SolutionConfigurationPlatforms) = preSolution
		Debug|Any CPU = Debug|Any CPU
		Release|Any CPU = Release|Any CPU
	EndGlobalSection
	GlobalSection(ProjectConfigurationPlatforms) = postSolution
		{F6E315C2-47B9-AF78-397B-EBFE9A4EA2F2}.Debug|Any CPU.ActiveCfg = Debug|Any CPU
		{F6E315C2-47B9-AF78-397B-EBFE9A4EA2F2}.Debug|Any CPU.Build.0 = Debug|Any CPU
		{F6E315C2-47B9-AF78-397B-EBFE9A4EA2F2}.Release|Any CPU.ActiveCfg = Release|Any CPU
		{F6E315C2-47B9-AF78-397B-EBFE9A4EA2F2}.Release|Any CPU.Build.0 = Release|Any CPU
		{0F75ACD5-926F-2FE8-7D8D-EE71A6AD8F14}.Debug|Any CPU.ActiveCfg = Debug|Any CPU
		{0F75ACD5-926F-2FE8-7D8D-EE71A6AD8F14}.Debug|Any CPU.Build.0 = Debug|Any CPU
		{0F75ACD5-926F-2FE8-7D8D-EE71A6AD8F14}.Release|Any CPU.ActiveCfg = Release|Any CPU
		{0F75ACD5-926F-2FE8-7D8D-EE71A6AD8F14}.Release|Any CPU.Build.0 = Release|Any CPU
		{43312B82-5222-F8B5-CA21-4181078940E8}.Debug|Any CPU.ActiveCfg = Debug|Any CPU
		{43312B82-5222-F8B5-CA21-4181078940E8}.Debug|Any CPU.Build.0 = Debug|Any CPU
		{43312B82-5222-F8B5-CA21-4181078940E8}.Release|Any CPU.ActiveCfg = Release|Any CPU
		{43312B82-5222-F8B5-CA21-4181078940E8}.Release|Any CPU.Build.0 = Release|Any CPU
		{C5A54296-F6A6-19A5-DBA8-F5946AE3F682}.Debug|Any CPU.ActiveCfg = Debug|Any CPU
		{C5A54296-F6A6-19A5-DBA8-F5946AE3F682}.Debug|Any CPU.Build.0 = Debug|Any CPU
		{C5A54296-F6A6-19A5-DBA8-F5946AE3F682}.Release|Any CPU.ActiveCfg = Release|Any CPU
		{C5A54296-F6A6-19A5-DBA8-F5946AE3F682}.Release|Any CPU.Build.0 = Release|Any CPU
		{FF3765CB-243F-2810-2764-AADC32FB18C8}.Debug|Any CPU.ActiveCfg = Debug|Any CPU
		{FF3765CB-243F-2810-2764-AADC32FB18C8}.Debug|Any CPU.Build.0 = Debug|Any CPU
		{FF3765CB-243F-2810-2764-AADC32FB18C8}.Release|Any CPU.ActiveCfg = Release|Any CPU
		{FF3765CB-243F-2810-2764-AADC32FB18C8}.Release|Any CPU.Build.0 = Release|Any CPU
		{F667939E-44AE-74C1-2AD8-CB2BC25FCCCE}.Debug|Any CPU.ActiveCfg = Debug|Any CPU
		{F667939E-44AE-74C1-2AD8-CB2BC25FCCCE}.Debug|Any CPU.Build.0 = Debug|Any CPU
		{F667939E-44AE-74C1-2AD8-CB2BC25FCCCE}.Release|Any CPU.ActiveCfg = Release|Any CPU
		{F667939E-44AE-74C1-2AD8-CB2BC25FCCCE}.Release|Any CPU.Build.0 = Release|Any CPU
		{69582021-84B9-89F3-40A3-A8084A485285}.Debug|Any CPU.ActiveCfg = Debug|Any CPU
		{69582021-84B9-89F3-40A3-A8084A485285}.Debug|Any CPU.Build.0 = Debug|Any CPU
		{69582021-84B9-89F3-40A3-A8084A485285}.Release|Any CPU.ActiveCfg = Release|Any CPU
		{69582021-84B9-89F3-40A3-A8084A485285}.Release|Any CPU.Build.0 = Release|Any CPU
		{0FE10F89-23AC-F0E1-1DA9-1EED4E7DAA4F}.Debug|Any CPU.ActiveCfg = Debug|Any CPU
		{0FE10F89-23AC-F0E1-1DA9-1EED4E7DAA4F}.Debug|Any CPU.Build.0 = Debug|Any CPU
		{0FE10F89-23AC-F0E1-1DA9-1EED4E7DAA4F}.Release|Any CPU.ActiveCfg = Release|Any CPU
		{0FE10F89-23AC-F0E1-1DA9-1EED4E7DAA4F}.Release|Any CPU.Build.0 = Release|Any CPU
		{8B161092-EEBB-7572-C397-73F6435BEB18}.Debug|Any CPU.ActiveCfg = Debug|Any CPU
		{8B161092-EEBB-7572-C397-73F6435BEB18}.Debug|Any CPU.Build.0 = Debug|Any CPU
		{8B161092-EEBB-7572-C397-73F6435BEB18}.Release|Any CPU.ActiveCfg = Release|Any CPU
		{8B161092-EEBB-7572-C397-73F6435BEB18}.Release|Any CPU.Build.0 = Release|Any CPU
		{2D4465C2-8263-EE83-E2CB-F89EE9242A10}.Debug|Any CPU.ActiveCfg = Debug|Any CPU
		{2D4465C2-8263-EE83-E2CB-F89EE9242A10}.Debug|Any CPU.Build.0 = Debug|Any CPU
		{2D4465C2-8263-EE83-E2CB-F89EE9242A10}.Release|Any CPU.ActiveCfg = Release|Any CPU
		{2D4465C2-8263-EE83-E2CB-F89EE9242A10}.Release|Any CPU.Build.0 = Release|Any CPU
		{BCF1A5F7-7A8A-B2B8-D7F0-C86E6804C0F7}.Debug|Any CPU.ActiveCfg = Debug|Any CPU
		{BCF1A5F7-7A8A-B2B8-D7F0-C86E6804C0F7}.Debug|Any CPU.Build.0 = Debug|Any CPU
		{BCF1A5F7-7A8A-B2B8-D7F0-C86E6804C0F7}.Release|Any CPU.ActiveCfg = Release|Any CPU
		{BCF1A5F7-7A8A-B2B8-D7F0-C86E6804C0F7}.Release|Any CPU.Build.0 = Release|Any CPU
		{47C51874-AA91-B9DB-B9A2-D97CDD180702}.Debug|Any CPU.ActiveCfg = Debug|Any CPU
		{47C51874-AA91-B9DB-B9A2-D97CDD180702}.Debug|Any CPU.Build.0 = Debug|Any CPU
		{47C51874-AA91-B9DB-B9A2-D97CDD180702}.Release|Any CPU.ActiveCfg = Release|Any CPU
		{47C51874-AA91-B9DB-B9A2-D97CDD180702}.Release|Any CPU.Build.0 = Release|Any CPU
		{4EE28802-2636-AB19-E489-207F4F3A45D5}.Debug|Any CPU.ActiveCfg = Debug|Any CPU
		{4EE28802-2636-AB19-E489-207F4F3A45D5}.Debug|Any CPU.Build.0 = Debug|Any CPU
		{4EE28802-2636-AB19-E489-207F4F3A45D5}.Release|Any CPU.ActiveCfg = Release|Any CPU
		{4EE28802-2636-AB19-E489-207F4F3A45D5}.Release|Any CPU.Build.0 = Release|Any CPU
		{BE35F21F-E5CB-3180-0A84-3AE0BCCA2E8D}.Debug|Any CPU.ActiveCfg = Debug|Any CPU
		{BE35F21F-E5CB-3180-0A84-3AE0BCCA2E8D}.Debug|Any CPU.Build.0 = Debug|Any CPU
		{BE35F21F-E5CB-3180-0A84-3AE0BCCA2E8D}.Release|Any CPU.ActiveCfg = Release|Any CPU
		{BE35F21F-E5CB-3180-0A84-3AE0BCCA2E8D}.Release|Any CPU.Build.0 = Release|Any CPU
		{C872CD08-F0BA-8402-848B-4BF81E64FE43}.Debug|Any CPU.ActiveCfg = Debug|Any CPU
		{C872CD08-F0BA-8402-848B-4BF81E64FE43}.Debug|Any CPU.Build.0 = Debug|Any CPU
		{C872CD08-F0BA-8402-848B-4BF81E64FE43}.Release|Any CPU.ActiveCfg = Release|Any CPU
		{C872CD08-F0BA-8402-848B-4BF81E64FE43}.Release|Any CPU.Build.0 = Release|Any CPU
		{214C1278-4001-33D1-FB8B-E74C03D9ECA2}.Debug|Any CPU.ActiveCfg = Debug|Any CPU
		{214C1278-4001-33D1-FB8B-E74C03D9ECA2}.Debug|Any CPU.Build.0 = Debug|Any CPU
		{214C1278-4001-33D1-FB8B-E74C03D9ECA2}.Release|Any CPU.ActiveCfg = Release|Any CPU
		{214C1278-4001-33D1-FB8B-E74C03D9ECA2}.Release|Any CPU.Build.0 = Release|Any CPU
		{565A46CE-8C93-311E-A3D9-911A9B69311E}.Debug|Any CPU.ActiveCfg = Debug|Any CPU
		{565A46CE-8C93-311E-A3D9-911A9B69311E}.Debug|Any CPU.Build.0 = Debug|Any CPU
		{565A46CE-8C93-311E-A3D9-911A9B69311E}.Release|Any CPU.ActiveCfg = Release|Any CPU
		{565A46CE-8C93-311E-A3D9-911A9B69311E}.Release|Any CPU.Build.0 = Release|Any CPU
		{38E00FDF-80E8-2622-788E-901545D1DA52}.Debug|Any CPU.ActiveCfg = Debug|Any CPU
		{38E00FDF-80E8-2622-788E-901545D1DA52}.Debug|Any CPU.Build.0 = Debug|Any CPU
		{38E00FDF-80E8-2622-788E-901545D1DA52}.Release|Any CPU.ActiveCfg = Release|Any CPU
		{38E00FDF-80E8-2622-788E-901545D1DA52}.Release|Any CPU.Build.0 = Release|Any CPU
		{97CAEBCC-A7B2-EA56-F7B3-431810EAF047}.Debug|Any CPU.ActiveCfg = Debug|Any CPU
		{97CAEBCC-A7B2-EA56-F7B3-431810EAF047}.Debug|Any CPU.Build.0 = Debug|Any CPU
		{97CAEBCC-A7B2-EA56-F7B3-431810EAF047}.Release|Any CPU.ActiveCfg = Release|Any CPU
		{97CAEBCC-A7B2-EA56-F7B3-431810EAF047}.Release|Any CPU.Build.0 = Release|Any CPU
		{059D00C8-2ED8-8CEB-17B9-1E02EDB86214}.Debug|Any CPU.ActiveCfg = Debug|Any CPU
		{059D00C8-2ED8-8CEB-17B9-1E02EDB86214}.Debug|Any CPU.Build.0 = Debug|Any CPU
		{059D00C8-2ED8-8CEB-17B9-1E02EDB86214}.Release|Any CPU.ActiveCfg = Release|Any CPU
		{059D00C8-2ED8-8CEB-17B9-1E02EDB86214}.Release|Any CPU.Build.0 = Release|Any CPU
		{5E3BA1A7-283A-2782-46E9-5BE1EFE9DD5F}.Debug|Any CPU.ActiveCfg = Debug|Any CPU
		{5E3BA1A7-283A-2782-46E9-5BE1EFE9DD5F}.Debug|Any CPU.Build.0 = Debug|Any CPU
		{5E3BA1A7-283A-2782-46E9-5BE1EFE9DD5F}.Release|Any CPU.ActiveCfg = Release|Any CPU
		{5E3BA1A7-283A-2782-46E9-5BE1EFE9DD5F}.Release|Any CPU.Build.0 = Release|Any CPU
		{C2F3DC10-7BBD-918A-3542-B2EF966C596B}.Debug|Any CPU.ActiveCfg = Debug|Any CPU
		{C2F3DC10-7BBD-918A-3542-B2EF966C596B}.Debug|Any CPU.Build.0 = Debug|Any CPU
		{C2F3DC10-7BBD-918A-3542-B2EF966C596B}.Release|Any CPU.ActiveCfg = Release|Any CPU
		{C2F3DC10-7BBD-918A-3542-B2EF966C596B}.Release|Any CPU.Build.0 = Release|Any CPU
		{EE2FE7CB-EE00-4B09-B2CE-E508897157DC}.Debug|Any CPU.ActiveCfg = Debug|Any CPU
		{EE2FE7CB-EE00-4B09-B2CE-E508897157DC}.Debug|Any CPU.Build.0 = Debug|Any CPU
		{EE2FE7CB-EE00-4B09-B2CE-E508897157DC}.Release|Any CPU.ActiveCfg = Release|Any CPU
		{EE2FE7CB-EE00-4B09-B2CE-E508897157DC}.Release|Any CPU.Build.0 = Release|Any CPU
		{3A8E9228-F805-15DD-E898-8B4F3CFEBC06}.Debug|Any CPU.ActiveCfg = Debug|Any CPU
		{3A8E9228-F805-15DD-E898-8B4F3CFEBC06}.Debug|Any CPU.Build.0 = Debug|Any CPU
		{3A8E9228-F805-15DD-E898-8B4F3CFEBC06}.Release|Any CPU.ActiveCfg = Release|Any CPU
		{3A8E9228-F805-15DD-E898-8B4F3CFEBC06}.Release|Any CPU.Build.0 = Release|Any CPU
		{70B9DBAB-6EC8-EDFD-63FE-1B0E2AAF265F}.Debug|Any CPU.ActiveCfg = Debug|Any CPU
		{70B9DBAB-6EC8-EDFD-63FE-1B0E2AAF265F}.Debug|Any CPU.Build.0 = Debug|Any CPU
		{70B9DBAB-6EC8-EDFD-63FE-1B0E2AAF265F}.Release|Any CPU.ActiveCfg = Release|Any CPU
		{70B9DBAB-6EC8-EDFD-63FE-1B0E2AAF265F}.Release|Any CPU.Build.0 = Release|Any CPU
		{BA0F7C0E-FF9D-AC43-7FA6-C303E0F29285}.Debug|Any CPU.ActiveCfg = Debug|Any CPU
		{BA0F7C0E-FF9D-AC43-7FA6-C303E0F29285}.Debug|Any CPU.Build.0 = Debug|Any CPU
		{BA0F7C0E-FF9D-AC43-7FA6-C303E0F29285}.Release|Any CPU.ActiveCfg = Release|Any CPU
		{BA0F7C0E-FF9D-AC43-7FA6-C303E0F29285}.Release|Any CPU.Build.0 = Release|Any CPU
		{BD90E26E-20D5-5A51-AFC3-9334B89F8523}.Debug|Any CPU.ActiveCfg = Debug|Any CPU
		{BD90E26E-20D5-5A51-AFC3-9334B89F8523}.Debug|Any CPU.Build.0 = Debug|Any CPU
		{BD90E26E-20D5-5A51-AFC3-9334B89F8523}.Release|Any CPU.ActiveCfg = Release|Any CPU
		{BD90E26E-20D5-5A51-AFC3-9334B89F8523}.Release|Any CPU.Build.0 = Release|Any CPU
	EndGlobalSection
	GlobalSection(SolutionProperties) = preSolution
		HideSolutionNode = FALSE
	EndGlobalSection
EndGlobal
