
Microsoft Visual Studio Solution File, Format Version 12.00
# Visual Studio 15
Project("{FAE04EC0-301F-11D3-BF4B-00C04F79EFBC}") = "Assembly-CSharp-firstpass", "Assembly-CSharp-firstpass.csproj", "{C580DCA5-C004-C9FF-A3C3-E5B557D428BA}"
EndProject
Project("{FAE04EC0-301F-11D3-BF4B-00C04F79EFBC}") = "UnityEngine.TestRunner", "UnityEngine.TestRunner.csproj", "{D3EBB92B-CBDF-F299-4BC6-0A8416109826}"
EndProject
Project("{FAE04EC0-301F-11D3-BF4B-00C04F79EFBC}") = "Unity.Mathematics", "Unity.Mathematics.csproj", "{FDAD6E1B-0853-40AF-4693-F7D734686E4B}"
EndProject
Project("{FAE04EC0-301F-11D3-BF4B-00C04F79EFBC}") = "Unity.2D.Animation.Triangle.Runtime", "Unity.2D.Animation.Triangle.Runtime.csproj", "{A7D1D527-43C2-8262-D930-E3D107630D13}"
EndProject
Project("{FAE04EC0-301F-11D3-BF4B-00C04F79EFBC}") = "AstarPathfindingProject", "AstarPathfindingProject.csproj", "{BEBB7D10-DC5C-9660-F025-A6E1D87BEB81}"
EndProject
Project("{FAE04EC0-301F-11D3-BF4B-00C04F79EFBC}") = "Unity.Timeline", "Unity.Timeline.csproj", "{CA30E2E5-B94F-E10D-5884-5FBFDB74D3A6}"
EndProject
Project("{FAE04EC0-301F-11D3-BF4B-00C04F79EFBC}") = "UnityEngine.UI", "UnityEngine.UI.csproj", "{F3746CDD-5B3D-F63C-B029-46A0445FC250}"
EndProject
Project("{FAE04EC0-301F-11D3-BF4B-00C04F79EFBC}") = "Unity.TextMeshPro", "Unity.TextMeshPro.csproj", "{3A280546-3BAD-F558-8A00-BBABA48A2CE8}"
EndProject
Project("{FAE04EC0-301F-11D3-BF4B-00C04F79EFBC}") = "Unity.2D.Animation.Runtime", "Unity.2D.Animation.Runtime.csproj", "{E1A35FA3-0C02-36C5-02F1-F4845602514D}"
EndProject
Project("{FAE04EC0-301F-11D3-BF4B-00C04F79EFBC}") = "Unity.2D.IK.Runtime", "Unity.2D.IK.Runtime.csproj", "{4FB729A0-4A26-58AB-A7F9-BCB3906CE214}"
EndProject
Project("{FAE04EC0-301F-11D3-BF4B-00C04F79EFBC}") = "Assembly-CSharp", "Assembly-CSharp.csproj", "{79B06B14-5F97-29EC-FC94-19C6810DD405}"
EndProject
Project("{FAE04EC0-301F-11D3-BF4B-00C04F79EFBC}") = "Unity.2D.SpriteShape.Runtime", "Unity.2D.SpriteShape.Runtime.csproj", "{4D2C40FC-04C6-D7B4-AF96-9460E47815C3}"
EndProject
Project("{FAE04EC0-301F-11D3-BF4B-00C04F79EFBC}") = "Unity.2D.PixelPerfect", "Unity.2D.PixelPerfect.csproj", "{781D8BA7-6D93-35DE-2E29-A25A0489AF2D}"
EndProject
Project("{FAE04EC0-301F-11D3-BF4B-00C04F79EFBC}") = "Unity.2D.Common.Runtime", "Unity.2D.Common.Runtime.csproj", "{957056A7-A386-889E-5A18-6FDD3A8F6881}"
EndProject
Project("{FAE04EC0-301F-11D3-BF4B-00C04F79EFBC}") = "Unity.InternalAPIEngineBridge.001", "Unity.InternalAPIEngineBridge.001.csproj", "{95830B51-945A-AD7C-00C8-6DFD05947984}"
EndProject
Project("{FAE04EC0-301F-11D3-BF4B-00C04F79EFBC}") = "PandaBehaviour", "PandaBehaviour.csproj", "{5D90ACBD-8495-358C-80DD-8278EAD8D9AF}"
EndProject
Project("{FAE04EC0-301F-11D3-BF4B-00C04F79EFBC}") = "UnityEditor.TestRunner", "UnityEditor.TestRunner.csproj", "{02F95365-9DA0-6B41-EF89-7D46803ECADE}"
EndProject
Project("{FAE04EC0-301F-11D3-BF4B-00C04F79EFBC}") = "Unity.PlasticSCM.Editor", "Unity.PlasticSCM.Editor.csproj", "{ED7C8DB9-317B-488B-C29A-AEBAAAE2B979}"
EndProject
Project("{FAE04EC0-301F-11D3-BF4B-00C04F79EFBC}") = "UnityEditor.UI", "UnityEditor.UI.csproj", "{BADF04C7-1F73-B86A-758F-0F829D25398A}"
EndProject
Project("{FAE04EC0-301F-11D3-BF4B-00C04F79EFBC}") = "Unity.Services.Core.Editor", "Unity.Services.Core.Editor.csproj", "{A3A49C1E-A3E6-5FD3-26C8-3D47F35EB6F7}"
EndProject
Project("{FAE04EC0-301F-11D3-BF4B-00C04F79EFBC}") = "Unity.VisualStudio.Editor", "Unity.VisualStudio.Editor.csproj", "{89EAFD5D-304A-C6BA-3365-4FECE77D30D6}"
EndProject
Project("{FAE04EC0-301F-11D3-BF4B-00C04F79EFBC}") = "Unity.Timeline.Editor", "Unity.Timeline.Editor.csproj", "{332F63C1-10CE-B689-BD17-BB141DE272F3}"
EndProject
Project("{FAE04EC0-301F-11D3-BF4B-00C04F79EFBC}") = "Unity.2D.Psdimporter.Editor", "Unity.2D.Psdimporter.Editor.csproj", "{63E4F42E-A462-293F-4890-2689E0F19DF1}"
EndProject
Project("{FAE04EC0-301F-11D3-BF4B-00C04F79EFBC}") = "Unity.2D.Animation.Editor", "Unity.2D.Animation.Editor.csproj", "{285DF1C6-3190-6ED4-5183-E7A44F398FC9}"
EndProject
Project("{FAE04EC0-301F-11D3-BF4B-00C04F79EFBC}") = "Unity.TextMeshPro.Editor", "Unity.TextMeshPro.Editor.csproj", "{C7471BCF-9D22-944B-91F2-7A1D0B244A8B}"
EndProject
Project("{FAE04EC0-301F-11D3-BF4B-00C04F79EFBC}") = "Unity.CollabProxy.Editor", "Unity.CollabProxy.Editor.csproj", "{80273C66-1E4D-7C26-2180-C255C8205EA3}"
EndProject
Project("{FAE04EC0-301F-11D3-BF4B-00C04F79EFBC}") = "Unity.2D.SpriteShape.Editor", "Unity.2D.SpriteShape.Editor.csproj", "{EE01A229-8CD5-09C8-BFDD-732983D4CC56}"
EndProject
Project("{FAE04EC0-301F-11D3-BF4B-00C04F79EFBC}") = "PsdPlugin", "PsdPlugin.csproj", "{15ADD729-F07D-BA69-EC28-2FE5D81712AA}"
EndProject
Project("{FAE04EC0-301F-11D3-BF4B-00C04F79EFBC}") = "Unity.2D.Path.Editor", "Unity.2D.Path.Editor.csproj", "{00CA7440-9B6C-F603-BA5A-5C4884D9A936}"
EndProject
Project("{FAE04EC0-301F-11D3-BF4B-00C04F79EFBC}") = "PandaBehaviourEditor", "PandaBehaviourEditor.csproj", "{C98F4E94-C2CC-B44C-B6C2-305E2AA3457E}"
EndProject
Project("{FAE04EC0-301F-11D3-BF4B-00C04F79EFBC}") = "Unity.Rider.Editor", "Unity.Rider.Editor.csproj", "{FA237623-450F-52AA-1A9A-5323BBAA8B3A}"
EndProject
Project("{FAE04EC0-301F-11D3-BF4B-00C04F79EFBC}") = "PackageToolsEditor", "PackageToolsEditor.csproj", "{FF2E8543-EA3F-C7EE-A782-D6C68096CC94}"
EndProject
Project("{FAE04EC0-301F-11D3-BF4B-00C04F79EFBC}") = "AstarPathfindingProjectEditor", "AstarPathfindingProjectEditor.csproj", "{5CB95EBF-4FE4-AC79-9B2A-B7A4BD2CA200}"
EndProject
Project("{FAE04EC0-301F-11D3-BF4B-00C04F79EFBC}") = "Assembly-CSharp-Editor", "Assembly-CSharp-Editor.csproj", "{4AB62381-0751-1EFD-2A87-031A73F60607}"
EndProject
Project("{FAE04EC0-301F-11D3-BF4B-00C04F79EFBC}") = "Unity.2D.IK.Editor", "Unity.2D.IK.Editor.csproj", "{B8FDCD6E-63A7-5B0F-CF9A-7270AB6DD95C}"
EndProject
Project("{FAE04EC0-301F-11D3-BF4B-00C04F79EFBC}") = "Unity.2D.Sprite.Editor", "Unity.2D.Sprite.Editor.csproj", "{D9EDD915-2069-691A-1B9C-A18EF2976381}"
EndProject
Project("{FAE04EC0-301F-11D3-BF4B-00C04F79EFBC}") = "Unity.2D.Tilemap.Editor", "Unity.2D.Tilemap.Editor.csproj", "{B4772C3F-386A-0DBC-2182-4AEAB4434D2E}"
EndProject
Project("{FAE04EC0-301F-11D3-BF4B-00C04F79EFBC}") = "Unity.2D.PixelPerfect.Editor", "Unity.2D.PixelPerfect.Editor.csproj", "{EBC766BC-5684-2175-163A-58EA26D5B563}"
EndProject
Project("{FAE04EC0-301F-11D3-BF4B-00C04F79EFBC}") = "Unity.VSCode.Editor", "Unity.VSCode.Editor.csproj", "{C44DDA3E-60AB-4783-183D-83CD133818F0}"
EndProject
Project("{FAE04EC0-301F-11D3-BF4B-00C04F79EFBC}") = "Unity.2D.Common.Editor", "Unity.2D.Common.Editor.csproj", "{E26845DA-CF95-99F3-4F72-0B340CB6A046}"
EndProject
Project("{FAE04EC0-301F-11D3-BF4B-00C04F79EFBC}") = "Unity.Mathematics.Editor", "Unity.Mathematics.Editor.csproj", "{DE03DDF4-8721-7CB4-C8CE-30A804A819F0}"
EndProject
Project("{FAE04EC0-301F-11D3-BF4B-00C04F79EFBC}") = "Unity.InternalAPIEditorBridge.001", "Unity.InternalAPIEditorBridge.001.csproj", "{1C8A9343-0FB3-2805-22F9-AEC69019135F}"
EndProject
Project("{FAE04EC0-301F-11D3-BF4B-00C04F79EFBC}") = "Assembly-CSharp-firstpass", "Assembly-CSharp-firstpass.Player.csproj", "{F59230D1-40DC-0ABA-28BA-829C4939637F}"
EndProject
Project("{FAE04EC0-301F-11D3-BF4B-00C04F79EFBC}") = "UnityEngine.TestRunner", "UnityEngine.TestRunner.Player.csproj", "{A87E91BB-1DA8-5BFF-853D-660751347F41}"
EndProject
Project("{FAE04EC0-301F-11D3-BF4B-00C04F79EFBC}") = "Unity.Mathematics", "Unity.Mathematics.Player.csproj", "{E0AB34CF-AE24-5DB6-9354-969998AB9058}"
EndProject
Project("{FAE04EC0-301F-11D3-BF4B-00C04F79EFBC}") = "Unity.2D.Animation.Triangle.Runtime", "Unity.2D.Animation.Triangle.Runtime.Player.csproj", "{B04DE040-E776-2653-6C77-162B26A0653E}"
EndProject
Project("{FAE04EC0-301F-11D3-BF4B-00C04F79EFBC}") = "AstarPathfindingProject", "AstarPathfindingProject.Player.csproj", "{08DE28D3-33F6-6225-E575-BCC4353418D8}"
EndProject
Project("{FAE04EC0-301F-11D3-BF4B-00C04F79EFBC}") = "Unity.Timeline", "Unity.Timeline.Player.csproj", "{329EC9F5-C6EF-9229-618D-F6BCE8CC31D2}"
EndProject
Project("{FAE04EC0-301F-11D3-BF4B-00C04F79EFBC}") = "UnityEngine.UI", "UnityEngine.UI.Player.csproj", "{91C7833A-F6E1-7F10-40B9-3FA69935B8ED}"
EndProject
Project("{FAE04EC0-301F-11D3-BF4B-00C04F79EFBC}") = "Unity.TextMeshPro", "Unity.TextMeshPro.Player.csproj", "{3227CD7F-3FFA-CE1A-02AB-EBC6EE4F5C6B}"
EndProject
Project("{FAE04EC0-301F-11D3-BF4B-00C04F79EFBC}") = "Unity.2D.Animation.Runtime", "Unity.2D.Animation.Runtime.Player.csproj", "{16F3B865-C56A-2A73-F369-3AB4A28B5603}"
EndProject
Project("{FAE04EC0-301F-11D3-BF4B-00C04F79EFBC}") = "Unity.2D.IK.Runtime", "Unity.2D.IK.Runtime.Player.csproj", "{80255398-FF7B-305F-5C8D-FD29459CD838}"
EndProject
Project("{FAE04EC0-301F-11D3-BF4B-00C04F79EFBC}") = "Assembly-CSharp", "Assembly-CSharp.Player.csproj", "{64E9E817-26C8-B111-2C54-55750415867A}"
EndProject
Project("{FAE04EC0-301F-11D3-BF4B-00C04F79EFBC}") = "Unity.2D.SpriteShape.Runtime", "Unity.2D.SpriteShape.Runtime.Player.csproj", "{1EA073A3-3656-BA7A-B155-331E16D17DFE}"
EndProject
Project("{FAE04EC0-301F-11D3-BF4B-00C04F79EFBC}") = "Unity.2D.PixelPerfect", "Unity.2D.PixelPerfect.Player.csproj", "{4C0DEB77-E4AF-99E1-4593-36253190CD4C}"
EndProject
Project("{FAE04EC0-301F-11D3-BF4B-00C04F79EFBC}") = "Unity.2D.Common.Runtime", "Unity.2D.Common.Runtime.Player.csproj", "{8688F6CF-FB5E-BA92-5693-154AF92986E2}"
EndProject
Project("{FAE04EC0-301F-11D3-BF4B-00C04F79EFBC}") = "Unity.InternalAPIEngineBridge.001", "Unity.InternalAPIEngineBridge.001.Player.csproj", "{FC24C21D-99A6-10BD-899C-014BA5E70D51}"
EndProject
Project("{FAE04EC0-301F-11D3-BF4B-00C04F79EFBC}") = "PandaBehaviour", "PandaBehaviour.Player.csproj", "{17213281-1567-D8F4-8613-EB38F5760E9B}"
EndProject
Global
	GlobalSection(SolutionConfigurationPlatforms) = preSolution
		Debug|Any CPU = Debug|Any CPU
		Release|Any CPU = Release|Any CPU
	EndGlobalSection
	GlobalSection(ProjectConfigurationPlatforms) = postSolution
		{C580DCA5-C004-C9FF-A3C3-E5B557D428BA}.Debug|Any CPU.ActiveCfg = Debug|Any CPU
		{C580DCA5-C004-C9FF-A3C3-E5B557D428BA}.Debug|Any CPU.Build.0 = Debug|Any CPU
		{C580DCA5-C004-C9FF-A3C3-E5B557D428BA}.Release|Any CPU.ActiveCfg = Release|Any CPU
		{C580DCA5-C004-C9FF-A3C3-E5B557D428BA}.Release|Any CPU.Build.0 = Release|Any CPU
		{D3EBB92B-CBDF-F299-4BC6-0A8416109826}.Debug|Any CPU.ActiveCfg = Debug|Any CPU
		{D3EBB92B-CBDF-F299-4BC6-0A8416109826}.Debug|Any CPU.Build.0 = Debug|Any CPU
		{D3EBB92B-CBDF-F299-4BC6-0A8416109826}.Release|Any CPU.ActiveCfg = Release|Any CPU
		{D3EBB92B-CBDF-F299-4BC6-0A8416109826}.Release|Any CPU.Build.0 = Release|Any CPU
		{FDAD6E1B-0853-40AF-4693-F7D734686E4B}.Debug|Any CPU.ActiveCfg = Debug|Any CPU
		{FDAD6E1B-0853-40AF-4693-F7D734686E4B}.Debug|Any CPU.Build.0 = Debug|Any CPU
		{FDAD6E1B-0853-40AF-4693-F7D734686E4B}.Release|Any CPU.ActiveCfg = Release|Any CPU
		{FDAD6E1B-0853-40AF-4693-F7D734686E4B}.Release|Any CPU.Build.0 = Release|Any CPU
		{A7D1D527-43C2-8262-D930-E3D107630D13}.Debug|Any CPU.ActiveCfg = Debug|Any CPU
		{A7D1D527-43C2-8262-D930-E3D107630D13}.Debug|Any CPU.Build.0 = Debug|Any CPU
		{A7D1D527-43C2-8262-D930-E3D107630D13}.Release|Any CPU.ActiveCfg = Release|Any CPU
		{A7D1D527-43C2-8262-D930-E3D107630D13}.Release|Any CPU.Build.0 = Release|Any CPU
		{BEBB7D10-DC5C-9660-F025-A6E1D87BEB81}.Debug|Any CPU.ActiveCfg = Debug|Any CPU
		{BEBB7D10-DC5C-9660-F025-A6E1D87BEB81}.Debug|Any CPU.Build.0 = Debug|Any CPU
		{BEBB7D10-DC5C-9660-F025-A6E1D87BEB81}.Release|Any CPU.ActiveCfg = Release|Any CPU
		{BEBB7D10-DC5C-9660-F025-A6E1D87BEB81}.Release|Any CPU.Build.0 = Release|Any CPU
		{CA30E2E5-B94F-E10D-5884-5FBFDB74D3A6}.Debug|Any CPU.ActiveCfg = Debug|Any CPU
		{CA30E2E5-B94F-E10D-5884-5FBFDB74D3A6}.Debug|Any CPU.Build.0 = Debug|Any CPU
		{CA30E2E5-B94F-E10D-5884-5FBFDB74D3A6}.Release|Any CPU.ActiveCfg = Release|Any CPU
		{CA30E2E5-B94F-E10D-5884-5FBFDB74D3A6}.Release|Any CPU.Build.0 = Release|Any CPU
		{F3746CDD-5B3D-F63C-B029-46A0445FC250}.Debug|Any CPU.ActiveCfg = Debug|Any CPU
		{F3746CDD-5B3D-F63C-B029-46A0445FC250}.Debug|Any CPU.Build.0 = Debug|Any CPU
		{F3746CDD-5B3D-F63C-B029-46A0445FC250}.Release|Any CPU.ActiveCfg = Release|Any CPU
		{F3746CDD-5B3D-F63C-B029-46A0445FC250}.Release|Any CPU.Build.0 = Release|Any CPU
		{3A280546-3BAD-F558-8A00-BBABA48A2CE8}.Debug|Any CPU.ActiveCfg = Debug|Any CPU
		{3A280546-3BAD-F558-8A00-BBABA48A2CE8}.Debug|Any CPU.Build.0 = Debug|Any CPU
		{3A280546-3BAD-F558-8A00-BBABA48A2CE8}.Release|Any CPU.ActiveCfg = Release|Any CPU
		{3A280546-3BAD-F558-8A00-BBABA48A2CE8}.Release|Any CPU.Build.0 = Release|Any CPU
		{E1A35FA3-0C02-36C5-02F1-F4845602514D}.Debug|Any CPU.ActiveCfg = Debug|Any CPU
		{E1A35FA3-0C02-36C5-02F1-F4845602514D}.Debug|Any CPU.Build.0 = Debug|Any CPU
		{E1A35FA3-0C02-36C5-02F1-F4845602514D}.Release|Any CPU.ActiveCfg = Release|Any CPU
		{E1A35FA3-0C02-36C5-02F1-F4845602514D}.Release|Any CPU.Build.0 = Release|Any CPU
		{4FB729A0-4A26-58AB-A7F9-BCB3906CE214}.Debug|Any CPU.ActiveCfg = Debug|Any CPU
		{4FB729A0-4A26-58AB-A7F9-BCB3906CE214}.Debug|Any CPU.Build.0 = Debug|Any CPU
		{4FB729A0-4A26-58AB-A7F9-BCB3906CE214}.Release|Any CPU.ActiveCfg = Release|Any CPU
		{4FB729A0-4A26-58AB-A7F9-BCB3906CE214}.Release|Any CPU.Build.0 = Release|Any CPU
		{79B06B14-5F97-29EC-FC94-19C6810DD405}.Debug|Any CPU.ActiveCfg = Debug|Any CPU
		{79B06B14-5F97-29EC-FC94-19C6810DD405}.Debug|Any CPU.Build.0 = Debug|Any CPU
		{79B06B14-5F97-29EC-FC94-19C6810DD405}.Release|Any CPU.ActiveCfg = Release|Any CPU
		{79B06B14-5F97-29EC-FC94-19C6810DD405}.Release|Any CPU.Build.0 = Release|Any CPU
		{4D2C40FC-04C6-D7B4-AF96-9460E47815C3}.Debug|Any CPU.ActiveCfg = Debug|Any CPU
		{4D2C40FC-04C6-D7B4-AF96-9460E47815C3}.Debug|Any CPU.Build.0 = Debug|Any CPU
		{4D2C40FC-04C6-D7B4-AF96-9460E47815C3}.Release|Any CPU.ActiveCfg = Release|Any CPU
		{4D2C40FC-04C6-D7B4-AF96-9460E47815C3}.Release|Any CPU.Build.0 = Release|Any CPU
		{781D8BA7-6D93-35DE-2E29-A25A0489AF2D}.Debug|Any CPU.ActiveCfg = Debug|Any CPU
		{781D8BA7-6D93-35DE-2E29-A25A0489AF2D}.Debug|Any CPU.Build.0 = Debug|Any CPU
		{781D8BA7-6D93-35DE-2E29-A25A0489AF2D}.Release|Any CPU.ActiveCfg = Release|Any CPU
		{781D8BA7-6D93-35DE-2E29-A25A0489AF2D}.Release|Any CPU.Build.0 = Release|Any CPU
		{957056A7-A386-889E-5A18-6FDD3A8F6881}.Debug|Any CPU.ActiveCfg = Debug|Any CPU
		{957056A7-A386-889E-5A18-6FDD3A8F6881}.Debug|Any CPU.Build.0 = Debug|Any CPU
		{957056A7-A386-889E-5A18-6FDD3A8F6881}.Release|Any CPU.ActiveCfg = Release|Any CPU
		{957056A7-A386-889E-5A18-6FDD3A8F6881}.Release|Any CPU.Build.0 = Release|Any CPU
		{95830B51-945A-AD7C-00C8-6DFD05947984}.Debug|Any CPU.ActiveCfg = Debug|Any CPU
		{95830B51-945A-AD7C-00C8-6DFD05947984}.Debug|Any CPU.Build.0 = Debug|Any CPU
		{95830B51-945A-AD7C-00C8-6DFD05947984}.Release|Any CPU.ActiveCfg = Release|Any CPU
		{95830B51-945A-AD7C-00C8-6DFD05947984}.Release|Any CPU.Build.0 = Release|Any CPU
		{5D90ACBD-8495-358C-80DD-8278EAD8D9AF}.Debug|Any CPU.ActiveCfg = Debug|Any CPU
		{5D90ACBD-8495-358C-80DD-8278EAD8D9AF}.Debug|Any CPU.Build.0 = Debug|Any CPU
		{5D90ACBD-8495-358C-80DD-8278EAD8D9AF}.Release|Any CPU.ActiveCfg = Release|Any CPU
		{5D90ACBD-8495-358C-80DD-8278EAD8D9AF}.Release|Any CPU.Build.0 = Release|Any CPU
		{02F95365-9DA0-6B41-EF89-7D46803ECADE}.Debug|Any CPU.ActiveCfg = Debug|Any CPU
		{02F95365-9DA0-6B41-EF89-7D46803ECADE}.Debug|Any CPU.Build.0 = Debug|Any CPU
		{02F95365-9DA0-6B41-EF89-7D46803ECADE}.Release|Any CPU.ActiveCfg = Release|Any CPU
		{02F95365-9DA0-6B41-EF89-7D46803ECADE}.Release|Any CPU.Build.0 = Release|Any CPU
		{ED7C8DB9-317B-488B-C29A-AEBAAAE2B979}.Debug|Any CPU.ActiveCfg = Debug|Any CPU
		{ED7C8DB9-317B-488B-C29A-AEBAAAE2B979}.Debug|Any CPU.Build.0 = Debug|Any CPU
		{ED7C8DB9-317B-488B-C29A-AEBAAAE2B979}.Release|Any CPU.ActiveCfg = Release|Any CPU
		{ED7C8DB9-317B-488B-C29A-AEBAAAE2B979}.Release|Any CPU.Build.0 = Release|Any CPU
		{BADF04C7-1F73-B86A-758F-0F829D25398A}.Debug|Any CPU.ActiveCfg = Debug|Any CPU
		{BADF04C7-1F73-B86A-758F-0F829D25398A}.Debug|Any CPU.Build.0 = Debug|Any CPU
		{BADF04C7-1F73-B86A-758F-0F829D25398A}.Release|Any CPU.ActiveCfg = Release|Any CPU
		{BADF04C7-1F73-B86A-758F-0F829D25398A}.Release|Any CPU.Build.0 = Release|Any CPU
		{A3A49C1E-A3E6-5FD3-26C8-3D47F35EB6F7}.Debug|Any CPU.ActiveCfg = Debug|Any CPU
		{A3A49C1E-A3E6-5FD3-26C8-3D47F35EB6F7}.Debug|Any CPU.Build.0 = Debug|Any CPU
		{A3A49C1E-A3E6-5FD3-26C8-3D47F35EB6F7}.Release|Any CPU.ActiveCfg = Release|Any CPU
		{A3A49C1E-A3E6-5FD3-26C8-3D47F35EB6F7}.Release|Any CPU.Build.0 = Release|Any CPU
		{89EAFD5D-304A-C6BA-3365-4FECE77D30D6}.Debug|Any CPU.ActiveCfg = Debug|Any CPU
		{89EAFD5D-304A-C6BA-3365-4FECE77D30D6}.Debug|Any CPU.Build.0 = Debug|Any CPU
		{89EAFD5D-304A-C6BA-3365-4FECE77D30D6}.Release|Any CPU.ActiveCfg = Release|Any CPU
		{89EAFD5D-304A-C6BA-3365-4FECE77D30D6}.Release|Any CPU.Build.0 = Release|Any CPU
		{332F63C1-10CE-B689-BD17-BB141DE272F3}.Debug|Any CPU.ActiveCfg = Debug|Any CPU
		{332F63C1-10CE-B689-BD17-BB141DE272F3}.Debug|Any CPU.Build.0 = Debug|Any CPU
		{332F63C1-10CE-B689-BD17-BB141DE272F3}.Release|Any CPU.ActiveCfg = Release|Any CPU
		{332F63C1-10CE-B689-BD17-BB141DE272F3}.Release|Any CPU.Build.0 = Release|Any CPU
		{63E4F42E-A462-293F-4890-2689E0F19DF1}.Debug|Any CPU.ActiveCfg = Debug|Any CPU
		{63E4F42E-A462-293F-4890-2689E0F19DF1}.Debug|Any CPU.Build.0 = Debug|Any CPU
		{63E4F42E-A462-293F-4890-2689E0F19DF1}.Release|Any CPU.ActiveCfg = Release|Any CPU
		{63E4F42E-A462-293F-4890-2689E0F19DF1}.Release|Any CPU.Build.0 = Release|Any CPU
		{285DF1C6-3190-6ED4-5183-E7A44F398FC9}.Debug|Any CPU.ActiveCfg = Debug|Any CPU
		{285DF1C6-3190-6ED4-5183-E7A44F398FC9}.Debug|Any CPU.Build.0 = Debug|Any CPU
		{285DF1C6-3190-6ED4-5183-E7A44F398FC9}.Release|Any CPU.ActiveCfg = Release|Any CPU
		{285DF1C6-3190-6ED4-5183-E7A44F398FC9}.Release|Any CPU.Build.0 = Release|Any CPU
		{C7471BCF-9D22-944B-91F2-7A1D0B244A8B}.Debug|Any CPU.ActiveCfg = Debug|Any CPU
		{C7471BCF-9D22-944B-91F2-7A1D0B244A8B}.Debug|Any CPU.Build.0 = Debug|Any CPU
		{C7471BCF-9D22-944B-91F2-7A1D0B244A8B}.Release|Any CPU.ActiveCfg = Release|Any CPU
		{C7471BCF-9D22-944B-91F2-7A1D0B244A8B}.Release|Any CPU.Build.0 = Release|Any CPU
		{80273C66-1E4D-7C26-2180-C255C8205EA3}.Debug|Any CPU.ActiveCfg = Debug|Any CPU
		{80273C66-1E4D-7C26-2180-C255C8205EA3}.Debug|Any CPU.Build.0 = Debug|Any CPU
		{80273C66-1E4D-7C26-2180-C255C8205EA3}.Release|Any CPU.ActiveCfg = Release|Any CPU
		{80273C66-1E4D-7C26-2180-C255C8205EA3}.Release|Any CPU.Build.0 = Release|Any CPU
		{EE01A229-8CD5-09C8-BFDD-732983D4CC56}.Debug|Any CPU.ActiveCfg = Debug|Any CPU
		{EE01A229-8CD5-09C8-BFDD-732983D4CC56}.Debug|Any CPU.Build.0 = Debug|Any CPU
		{EE01A229-8CD5-09C8-BFDD-732983D4CC56}.Release|Any CPU.ActiveCfg = Release|Any CPU
		{EE01A229-8CD5-09C8-BFDD-732983D4CC56}.Release|Any CPU.Build.0 = Release|Any CPU
		{15ADD729-F07D-BA69-EC28-2FE5D81712AA}.Debug|Any CPU.ActiveCfg = Debug|Any CPU
		{15ADD729-F07D-BA69-EC28-2FE5D81712AA}.Debug|Any CPU.Build.0 = Debug|Any CPU
		{15ADD729-F07D-BA69-EC28-2FE5D81712AA}.Release|Any CPU.ActiveCfg = Release|Any CPU
		{15ADD729-F07D-BA69-EC28-2FE5D81712AA}.Release|Any CPU.Build.0 = Release|Any CPU
		{00CA7440-9B6C-F603-BA5A-5C4884D9A936}.Debug|Any CPU.ActiveCfg = Debug|Any CPU
		{00CA7440-9B6C-F603-BA5A-5C4884D9A936}.Debug|Any CPU.Build.0 = Debug|Any CPU
		{00CA7440-9B6C-F603-BA5A-5C4884D9A936}.Release|Any CPU.ActiveCfg = Release|Any CPU
		{00CA7440-9B6C-F603-BA5A-5C4884D9A936}.Release|Any CPU.Build.0 = Release|Any CPU
		{C98F4E94-C2CC-B44C-B6C2-305E2AA3457E}.Debug|Any CPU.ActiveCfg = Debug|Any CPU
		{C98F4E94-C2CC-B44C-B6C2-305E2AA3457E}.Debug|Any CPU.Build.0 = Debug|Any CPU
		{C98F4E94-C2CC-B44C-B6C2-305E2AA3457E}.Release|Any CPU.ActiveCfg = Release|Any CPU
		{C98F4E94-C2CC-B44C-B6C2-305E2AA3457E}.Release|Any CPU.Build.0 = Release|Any CPU
		{FA237623-450F-52AA-1A9A-5323BBAA8B3A}.Debug|Any CPU.ActiveCfg = Debug|Any CPU
		{FA237623-450F-52AA-1A9A-5323BBAA8B3A}.Debug|Any CPU.Build.0 = Debug|Any CPU
		{FA237623-450F-52AA-1A9A-5323BBAA8B3A}.Release|Any CPU.ActiveCfg = Release|Any CPU
		{FA237623-450F-52AA-1A9A-5323BBAA8B3A}.Release|Any CPU.Build.0 = Release|Any CPU
		{FF2E8543-EA3F-C7EE-A782-D6C68096CC94}.Debug|Any CPU.ActiveCfg = Debug|Any CPU
		{FF2E8543-EA3F-C7EE-A782-D6C68096CC94}.Debug|Any CPU.Build.0 = Debug|Any CPU
		{FF2E8543-EA3F-C7EE-A782-D6C68096CC94}.Release|Any CPU.ActiveCfg = Release|Any CPU
		{FF2E8543-EA3F-C7EE-A782-D6C68096CC94}.Release|Any CPU.Build.0 = Release|Any CPU
		{5CB95EBF-4FE4-AC79-9B2A-B7A4BD2CA200}.Debug|Any CPU.ActiveCfg = Debug|Any CPU
		{5CB95EBF-4FE4-AC79-9B2A-B7A4BD2CA200}.Debug|Any CPU.Build.0 = Debug|Any CPU
		{5CB95EBF-4FE4-AC79-9B2A-B7A4BD2CA200}.Release|Any CPU.ActiveCfg = Release|Any CPU
		{5CB95EBF-4FE4-AC79-9B2A-B7A4BD2CA200}.Release|Any CPU.Build.0 = Release|Any CPU
		{4AB62381-0751-1EFD-2A87-031A73F60607}.Debug|Any CPU.ActiveCfg = Debug|Any CPU
		{4AB62381-0751-1EFD-2A87-031A73F60607}.Debug|Any CPU.Build.0 = Debug|Any CPU
		{4AB62381-0751-1EFD-2A87-031A73F60607}.Release|Any CPU.ActiveCfg = Release|Any CPU
		{4AB62381-0751-1EFD-2A87-031A73F60607}.Release|Any CPU.Build.0 = Release|Any CPU
		{B8FDCD6E-63A7-5B0F-CF9A-7270AB6DD95C}.Debug|Any CPU.ActiveCfg = Debug|Any CPU
		{B8FDCD6E-63A7-5B0F-CF9A-7270AB6DD95C}.Debug|Any CPU.Build.0 = Debug|Any CPU
		{B8FDCD6E-63A7-5B0F-CF9A-7270AB6DD95C}.Release|Any CPU.ActiveCfg = Release|Any CPU
		{B8FDCD6E-63A7-5B0F-CF9A-7270AB6DD95C}.Release|Any CPU.Build.0 = Release|Any CPU
		{D9EDD915-2069-691A-1B9C-A18EF2976381}.Debug|Any CPU.ActiveCfg = Debug|Any CPU
		{D9EDD915-2069-691A-1B9C-A18EF2976381}.Debug|Any CPU.Build.0 = Debug|Any CPU
		{D9EDD915-2069-691A-1B9C-A18EF2976381}.Release|Any CPU.ActiveCfg = Release|Any CPU
		{D9EDD915-2069-691A-1B9C-A18EF2976381}.Release|Any CPU.Build.0 = Release|Any CPU
		{B4772C3F-386A-0DBC-2182-4AEAB4434D2E}.Debug|Any CPU.ActiveCfg = Debug|Any CPU
		{B4772C3F-386A-0DBC-2182-4AEAB4434D2E}.Debug|Any CPU.Build.0 = Debug|Any CPU
		{B4772C3F-386A-0DBC-2182-4AEAB4434D2E}.Release|Any CPU.ActiveCfg = Release|Any CPU
		{B4772C3F-386A-0DBC-2182-4AEAB4434D2E}.Release|Any CPU.Build.0 = Release|Any CPU
		{EBC766BC-5684-2175-163A-58EA26D5B563}.Debug|Any CPU.ActiveCfg = Debug|Any CPU
		{EBC766BC-5684-2175-163A-58EA26D5B563}.Debug|Any CPU.Build.0 = Debug|Any CPU
		{EBC766BC-5684-2175-163A-58EA26D5B563}.Release|Any CPU.ActiveCfg = Release|Any CPU
		{EBC766BC-5684-2175-163A-58EA26D5B563}.Release|Any CPU.Build.0 = Release|Any CPU
		{C44DDA3E-60AB-4783-183D-83CD133818F0}.Debug|Any CPU.ActiveCfg = Debug|Any CPU
		{C44DDA3E-60AB-4783-183D-83CD133818F0}.Debug|Any CPU.Build.0 = Debug|Any CPU
		{C44DDA3E-60AB-4783-183D-83CD133818F0}.Release|Any CPU.ActiveCfg = Release|Any CPU
		{C44DDA3E-60AB-4783-183D-83CD133818F0}.Release|Any CPU.Build.0 = Release|Any CPU
		{E26845DA-CF95-99F3-4F72-0B340CB6A046}.Debug|Any CPU.ActiveCfg = Debug|Any CPU
		{E26845DA-CF95-99F3-4F72-0B340CB6A046}.Debug|Any CPU.Build.0 = Debug|Any CPU
		{E26845DA-CF95-99F3-4F72-0B340CB6A046}.Release|Any CPU.ActiveCfg = Release|Any CPU
		{E26845DA-CF95-99F3-4F72-0B340CB6A046}.Release|Any CPU.Build.0 = Release|Any CPU
		{DE03DDF4-8721-7CB4-C8CE-30A804A819F0}.Debug|Any CPU.ActiveCfg = Debug|Any CPU
		{DE03DDF4-8721-7CB4-C8CE-30A804A819F0}.Debug|Any CPU.Build.0 = Debug|Any CPU
		{DE03DDF4-8721-7CB4-C8CE-30A804A819F0}.Release|Any CPU.ActiveCfg = Release|Any CPU
		{DE03DDF4-8721-7CB4-C8CE-30A804A819F0}.Release|Any CPU.Build.0 = Release|Any CPU
		{1C8A9343-0FB3-2805-22F9-AEC69019135F}.Debug|Any CPU.ActiveCfg = Debug|Any CPU
		{1C8A9343-0FB3-2805-22F9-AEC69019135F}.Debug|Any CPU.Build.0 = Debug|Any CPU
		{1C8A9343-0FB3-2805-22F9-AEC69019135F}.Release|Any CPU.ActiveCfg = Release|Any CPU
		{1C8A9343-0FB3-2805-22F9-AEC69019135F}.Release|Any CPU.Build.0 = Release|Any CPU
		{F59230D1-40DC-0ABA-28BA-829C4939637F}.Debug|Any CPU.ActiveCfg = Debug|Any CPU
		{F59230D1-40DC-0ABA-28BA-829C4939637F}.Debug|Any CPU.Build.0 = Debug|Any CPU
		{F59230D1-40DC-0ABA-28BA-829C4939637F}.Release|Any CPU.ActiveCfg = Release|Any CPU
		{F59230D1-40DC-0ABA-28BA-829C4939637F}.Release|Any CPU.Build.0 = Release|Any CPU
		{A87E91BB-1DA8-5BFF-853D-660751347F41}.Debug|Any CPU.ActiveCfg = Debug|Any CPU
		{A87E91BB-1DA8-5BFF-853D-660751347F41}.Debug|Any CPU.Build.0 = Debug|Any CPU
		{A87E91BB-1DA8-5BFF-853D-660751347F41}.Release|Any CPU.ActiveCfg = Release|Any CPU
		{A87E91BB-1DA8-5BFF-853D-660751347F41}.Release|Any CPU.Build.0 = Release|Any CPU
		{E0AB34CF-AE24-5DB6-9354-969998AB9058}.Debug|Any CPU.ActiveCfg = Debug|Any CPU
		{E0AB34CF-AE24-5DB6-9354-969998AB9058}.Debug|Any CPU.Build.0 = Debug|Any CPU
		{E0AB34CF-AE24-5DB6-9354-969998AB9058}.Release|Any CPU.ActiveCfg = Release|Any CPU
		{E0AB34CF-AE24-5DB6-9354-969998AB9058}.Release|Any CPU.Build.0 = Release|Any CPU
		{B04DE040-E776-2653-6C77-162B26A0653E}.Debug|Any CPU.ActiveCfg = Debug|Any CPU
		{B04DE040-E776-2653-6C77-162B26A0653E}.Debug|Any CPU.Build.0 = Debug|Any CPU
		{B04DE040-E776-2653-6C77-162B26A0653E}.Release|Any CPU.ActiveCfg = Release|Any CPU
		{B04DE040-E776-2653-6C77-162B26A0653E}.Release|Any CPU.Build.0 = Release|Any CPU
		{08DE28D3-33F6-6225-E575-BCC4353418D8}.Debug|Any CPU.ActiveCfg = Debug|Any CPU
		{08DE28D3-33F6-6225-E575-BCC4353418D8}.Debug|Any CPU.Build.0 = Debug|Any CPU
		{08DE28D3-33F6-6225-E575-BCC4353418D8}.Release|Any CPU.ActiveCfg = Release|Any CPU
		{08DE28D3-33F6-6225-E575-BCC4353418D8}.Release|Any CPU.Build.0 = Release|Any CPU
		{329EC9F5-C6EF-9229-618D-F6BCE8CC31D2}.Debug|Any CPU.ActiveCfg = Debug|Any CPU
		{329EC9F5-C6EF-9229-618D-F6BCE8CC31D2}.Debug|Any CPU.Build.0 = Debug|Any CPU
		{329EC9F5-C6EF-9229-618D-F6BCE8CC31D2}.Release|Any CPU.ActiveCfg = Release|Any CPU
		{329EC9F5-C6EF-9229-618D-F6BCE8CC31D2}.Release|Any CPU.Build.0 = Release|Any CPU
		{91C7833A-F6E1-7F10-40B9-3FA69935B8ED}.Debug|Any CPU.ActiveCfg = Debug|Any CPU
		{91C7833A-F6E1-7F10-40B9-3FA69935B8ED}.Debug|Any CPU.Build.0 = Debug|Any CPU
		{91C7833A-F6E1-7F10-40B9-3FA69935B8ED}.Release|Any CPU.ActiveCfg = Release|Any CPU
		{91C7833A-F6E1-7F10-40B9-3FA69935B8ED}.Release|Any CPU.Build.0 = Release|Any CPU
		{3227CD7F-3FFA-CE1A-02AB-EBC6EE4F5C6B}.Debug|Any CPU.ActiveCfg = Debug|Any CPU
		{3227CD7F-3FFA-CE1A-02AB-EBC6EE4F5C6B}.Debug|Any CPU.Build.0 = Debug|Any CPU
		{3227CD7F-3FFA-CE1A-02AB-EBC6EE4F5C6B}.Release|Any CPU.ActiveCfg = Release|Any CPU
		{3227CD7F-3FFA-CE1A-02AB-EBC6EE4F5C6B}.Release|Any CPU.Build.0 = Release|Any CPU
		{16F3B865-C56A-2A73-F369-3AB4A28B5603}.Debug|Any CPU.ActiveCfg = Debug|Any CPU
		{16F3B865-C56A-2A73-F369-3AB4A28B5603}.Debug|Any CPU.Build.0 = Debug|Any CPU
		{16F3B865-C56A-2A73-F369-3AB4A28B5603}.Release|Any CPU.ActiveCfg = Release|Any CPU
		{16F3B865-C56A-2A73-F369-3AB4A28B5603}.Release|Any CPU.Build.0 = Release|Any CPU
		{80255398-FF7B-305F-5C8D-FD29459CD838}.Debug|Any CPU.ActiveCfg = Debug|Any CPU
		{80255398-FF7B-305F-5C8D-FD29459CD838}.Debug|Any CPU.Build.0 = Debug|Any CPU
		{80255398-FF7B-305F-5C8D-FD29459CD838}.Release|Any CPU.ActiveCfg = Release|Any CPU
		{80255398-FF7B-305F-5C8D-FD29459CD838}.Release|Any CPU.Build.0 = Release|Any CPU
		{64E9E817-26C8-B111-2C54-55750415867A}.Debug|Any CPU.ActiveCfg = Debug|Any CPU
		{64E9E817-26C8-B111-2C54-55750415867A}.Debug|Any CPU.Build.0 = Debug|Any CPU
		{64E9E817-26C8-B111-2C54-55750415867A}.Release|Any CPU.ActiveCfg = Release|Any CPU
		{64E9E817-26C8-B111-2C54-55750415867A}.Release|Any CPU.Build.0 = Release|Any CPU
		{1EA073A3-3656-BA7A-B155-331E16D17DFE}.Debug|Any CPU.ActiveCfg = Debug|Any CPU
		{1EA073A3-3656-BA7A-B155-331E16D17DFE}.Debug|Any CPU.Build.0 = Debug|Any CPU
		{1EA073A3-3656-BA7A-B155-331E16D17DFE}.Release|Any CPU.ActiveCfg = Release|Any CPU
		{1EA073A3-3656-BA7A-B155-331E16D17DFE}.Release|Any CPU.Build.0 = Release|Any CPU
		{4C0DEB77-E4AF-99E1-4593-36253190CD4C}.Debug|Any CPU.ActiveCfg = Debug|Any CPU
		{4C0DEB77-E4AF-99E1-4593-36253190CD4C}.Debug|Any CPU.Build.0 = Debug|Any CPU
		{4C0DEB77-E4AF-99E1-4593-36253190CD4C}.Release|Any CPU.ActiveCfg = Release|Any CPU
		{4C0DEB77-E4AF-99E1-4593-36253190CD4C}.Release|Any CPU.Build.0 = Release|Any CPU
		{8688F6CF-FB5E-BA92-5693-154AF92986E2}.Debug|Any CPU.ActiveCfg = Debug|Any CPU
		{8688F6CF-FB5E-BA92-5693-154AF92986E2}.Debug|Any CPU.Build.0 = Debug|Any CPU
		{8688F6CF-FB5E-BA92-5693-154AF92986E2}.Release|Any CPU.ActiveCfg = Release|Any CPU
		{8688F6CF-FB5E-BA92-5693-154AF92986E2}.Release|Any CPU.Build.0 = Release|Any CPU
		{FC24C21D-99A6-10BD-899C-014BA5E70D51}.Debug|Any CPU.ActiveCfg = Debug|Any CPU
		{FC24C21D-99A6-10BD-899C-014BA5E70D51}.Debug|Any CPU.Build.0 = Debug|Any CPU
		{FC24C21D-99A6-10BD-899C-014BA5E70D51}.Release|Any CPU.ActiveCfg = Release|Any CPU
		{FC24C21D-99A6-10BD-899C-014BA5E70D51}.Release|Any CPU.Build.0 = Release|Any CPU
		{17213281-1567-D8F4-8613-EB38F5760E9B}.Debug|Any CPU.ActiveCfg = Debug|Any CPU
		{17213281-1567-D8F4-8613-EB38F5760E9B}.Debug|Any CPU.Build.0 = Debug|Any CPU
		{17213281-1567-D8F4-8613-EB38F5760E9B}.Release|Any CPU.ActiveCfg = Release|Any CPU
		{17213281-1567-D8F4-8613-EB38F5760E9B}.Release|Any CPU.Build.0 = Release|Any CPU
	EndGlobalSection
	GlobalSection(SolutionProperties) = preSolution
		HideSolutionNode = FALSE
	EndGlobalSection
EndGlobal
