
Microsoft Visual Studio Solution File, Format Version 12.00
# Visual Studio 15
Project("{FAE04EC0-301F-11D3-BF4B-00C04F79EFBC}") = "Assembly-CSharp-firstpass", "Assembly-CSharp-firstpass.csproj", "{A941DDDE-F803-2E80-6A60-06983E6046FB}"
EndProject
Project("{FAE04EC0-301F-11D3-BF4B-00C04F79EFBC}") = "UnityEngine.TestRunner", "UnityEngine.TestRunner.csproj", "{CC81B295-AA00-62E7-99D1-EB76678A15F0}"
EndProject
Project("{FAE04EC0-301F-11D3-BF4B-00C04F79EFBC}") = "Unity.Mathematics", "Unity.Mathematics.csproj", "{2F405947-C283-D126-7604-7F16736BEE84}"
EndProject
Project("{FAE04EC0-301F-11D3-BF4B-00C04F79EFBC}") = "Unity.2D.Animation.Triangle.Runtime", "Unity.2D.Animation.Triangle.Runtime.csproj", "{F1E28246-0383-F524-DB8E-05BC71D6B5FC}"
EndProject
Project("{FAE04EC0-301F-11D3-BF4B-00C04F79EFBC}") = "AstarPathfindingProject", "AstarPathfindingProject.csproj", "{71367470-FB87-54F3-213F-64BDEF25620F}"
EndProject
Project("{FAE04EC0-301F-11D3-BF4B-00C04F79EFBC}") = "Unity.Timeline", "Unity.Timeline.csproj", "{487B0A3F-DC40-C08A-21AE-65DDF30072DE}"
EndProject
Project("{FAE04EC0-301F-11D3-BF4B-00C04F79EFBC}") = "UnityEngine.UI", "UnityEngine.UI.csproj", "{E969397D-443C-755A-851B-0979934FEA3C}"
EndProject
Project("{FAE04EC0-301F-11D3-BF4B-00C04F79EFBC}") = "Unity.TextMeshPro", "Unity.TextMeshPro.csproj", "{E1BFC660-0672-5A7F-0855-129CBE846B9E}"
EndProject
Project("{FAE04EC0-301F-11D3-BF4B-00C04F79EFBC}") = "Unity.2D.Animation.Runtime", "Unity.2D.Animation.Runtime.csproj", "{682C1865-342A-7A9F-9B49-F70B18303F6F}"
EndProject
Project("{FAE04EC0-301F-11D3-BF4B-00C04F79EFBC}") = "Unity.2D.IK.Runtime", "Unity.2D.IK.Runtime.csproj", "{ED93780B-BBA1-4501-272E-BE2DF88B35BF}"
EndProject
Project("{FAE04EC0-301F-11D3-BF4B-00C04F79EFBC}") = "Unity.2D.SpriteShape.Runtime", "Unity.2D.SpriteShape.Runtime.csproj", "{0D236F12-86CD-0F2D-C6A1-93AD69D0E80B}"
EndProject
Project("{FAE04EC0-301F-11D3-BF4B-00C04F79EFBC}") = "Assembly-CSharp", "Assembly-CSharp.csproj", "{251CF7EE-F279-5D26-4531-5E2C969AF255}"
EndProject
Project("{FAE04EC0-301F-11D3-BF4B-00C04F79EFBC}") = "Unity.2D.PixelPerfect", "Unity.2D.PixelPerfect.csproj", "{F2E75FD5-0610-3346-CF6C-D7719485F085}"
EndProject
Project("{FAE04EC0-301F-11D3-BF4B-00C04F79EFBC}") = "Unity.2D.Common.Runtime", "Unity.2D.Common.Runtime.csproj", "{4E89D8CC-AF15-90BC-50CD-8FB5C199C0DC}"
EndProject
Project("{FAE04EC0-301F-11D3-BF4B-00C04F79EFBC}") = "Unity.InternalAPIEngineBridge.001", "Unity.InternalAPIEngineBridge.001.csproj", "{E204B217-A237-DE92-CEFA-D874ADCADC04}"
EndProject
Project("{FAE04EC0-301F-11D3-BF4B-00C04F79EFBC}") = "UnityEditor.TestRunner", "UnityEditor.TestRunner.csproj", "{F75EB6A8-980C-DB38-5142-C6A48A576F1C}"
EndProject
Project("{FAE04EC0-301F-11D3-BF4B-00C04F79EFBC}") = "Unity.PlasticSCM.Editor", "Unity.PlasticSCM.Editor.csproj", "{FA23402F-C6F4-D752-A4EC-C0B2D75273BD}"
EndProject
Project("{FAE04EC0-301F-11D3-BF4B-00C04F79EFBC}") = "UnityEditor.UI", "UnityEditor.UI.csproj", "{1212EFDE-5CF6-4948-E911-E0304C545568}"
EndProject
Project("{FAE04EC0-301F-11D3-BF4B-00C04F79EFBC}") = "Unity.Services.Core.Editor", "Unity.Services.Core.Editor.csproj", "{3938042B-BBD4-D352-74BF-A030C5DA2A63}"
EndProject
Project("{FAE04EC0-301F-11D3-BF4B-00C04F79EFBC}") = "Unity.VisualStudio.Editor", "Unity.VisualStudio.Editor.csproj", "{8F4FDCA8-5291-B338-754D-FD7764F9EE2B}"
EndProject
Project("{FAE04EC0-301F-11D3-BF4B-00C04F79EFBC}") = "Unity.Timeline.Editor", "Unity.Timeline.Editor.csproj", "{71D749A2-2659-0F6D-1BB7-2A541829CA77}"
EndProject
Project("{FAE04EC0-301F-11D3-BF4B-00C04F79EFBC}") = "Unity.2D.Psdimporter.Editor", "Unity.2D.Psdimporter.Editor.csproj", "{FBA38BB0-62A1-6E11-C641-EB0B9358A113}"
EndProject
Project("{FAE04EC0-301F-11D3-BF4B-00C04F79EFBC}") = "Unity.2D.Animation.Editor", "Unity.2D.Animation.Editor.csproj", "{7D9216DC-E880-1E88-82D2-8227218722E6}"
EndProject
Project("{FAE04EC0-301F-11D3-BF4B-00C04F79EFBC}") = "Unity.TextMeshPro.Editor", "Unity.TextMeshPro.Editor.csproj", "{7E6A7857-0975-5077-A9F4-4CA6044D543F}"
EndProject
Project("{FAE04EC0-301F-11D3-BF4B-00C04F79EFBC}") = "Unity.CollabProxy.Editor", "Unity.CollabProxy.Editor.csproj", "{8D5D1B0C-6B72-D7F6-2246-619E7A766A9A}"
EndProject
Project("{FAE04EC0-301F-11D3-BF4B-00C04F79EFBC}") = "Unity.2D.SpriteShape.Editor", "Unity.2D.SpriteShape.Editor.csproj", "{6EA14225-65A3-0A64-3831-AAB83229A812}"
EndProject
Project("{FAE04EC0-301F-11D3-BF4B-00C04F79EFBC}") = "PsdPlugin", "PsdPlugin.csproj", "{C6803C01-3B28-351E-F10C-F21B1AF56376}"
EndProject
Project("{FAE04EC0-301F-11D3-BF4B-00C04F79EFBC}") = "Unity.2D.Path.Editor", "Unity.2D.Path.Editor.csproj", "{40099281-C55E-DB36-B752-D3D2EB829DB1}"
EndProject
Project("{FAE04EC0-301F-11D3-BF4B-00C04F79EFBC}") = "Unity.Rider.Editor", "Unity.Rider.Editor.csproj", "{C6B906F0-F177-2530-0E14-CD53213820E1}"
EndProject
Project("{FAE04EC0-301F-11D3-BF4B-00C04F79EFBC}") = "PackageToolsEditor", "PackageToolsEditor.csproj", "{4B03BAE7-8AD6-9E3C-076B-EF769373BF31}"
EndProject
Project("{FAE04EC0-301F-11D3-BF4B-00C04F79EFBC}") = "AstarPathfindingProjectEditor", "AstarPathfindingProjectEditor.csproj", "{DF64FA00-B770-3B06-50CE-3E8E3D7D7068}"
EndProject
Project("{FAE04EC0-301F-11D3-BF4B-00C04F79EFBC}") = "Assembly-CSharp-Editor", "Assembly-CSharp-Editor.csproj", "{222DACEB-ED73-FA7F-8ADB-BD689D1B5DED}"
EndProject
Project("{FAE04EC0-301F-11D3-BF4B-00C04F79EFBC}") = "Unity.2D.IK.Editor", "Unity.2D.IK.Editor.csproj", "{F77F1AA6-587B-84F1-2160-01F17673AD10}"
EndProject
Project("{FAE04EC0-301F-11D3-BF4B-00C04F79EFBC}") = "Unity.2D.Sprite.Editor", "Unity.2D.Sprite.Editor.csproj", "{F7937E73-9E9D-B5F4-3998-E1620F66FB2E}"
EndProject
Project("{FAE04EC0-301F-11D3-BF4B-00C04F79EFBC}") = "Unity.2D.Tilemap.Editor", "Unity.2D.Tilemap.Editor.csproj", "{7D927BAA-B1FC-5BA1-7061-1F36222FB551}"
EndProject
Project("{FAE04EC0-301F-11D3-BF4B-00C04F79EFBC}") = "Unity.2D.PixelPerfect.Editor", "Unity.2D.PixelPerfect.Editor.csproj", "{02628691-7B86-FAA8-DD4D-8F965DD93D17}"
EndProject
Project("{FAE04EC0-301F-11D3-BF4B-00C04F79EFBC}") = "Unity.VSCode.Editor", "Unity.VSCode.Editor.csproj", "{104CCAAA-E432-2DAC-D2F0-DC4A2129B9B0}"
EndProject
Project("{FAE04EC0-301F-11D3-BF4B-00C04F79EFBC}") = "Unity.2D.Common.Editor", "Unity.2D.Common.Editor.csproj", "{8AE98B4D-DB76-4BA8-7091-7F0A5D349E20}"
EndProject
Project("{FAE04EC0-301F-11D3-BF4B-00C04F79EFBC}") = "Unity.Mathematics.Editor", "Unity.Mathematics.Editor.csproj", "{6383C0EA-D077-0989-C452-F74F772A196B}"
EndProject
Project("{FAE04EC0-301F-11D3-BF4B-00C04F79EFBC}") = "Unity.InternalAPIEditorBridge.001", "Unity.InternalAPIEditorBridge.001.csproj", "{D2847288-B93D-1E05-9E66-09634E1FACD2}"
EndProject
Project("{FAE04EC0-301F-11D3-BF4B-00C04F79EFBC}") = "Assembly-CSharp-firstpass", "Assembly-CSharp-firstpass.Player.csproj", "{B02D9935-3955-3D9A-6E63-29AA93007A47}"
EndProject
Project("{FAE04EC0-301F-11D3-BF4B-00C04F79EFBC}") = "UnityEngine.TestRunner", "UnityEngine.TestRunner.Player.csproj", "{3379BEE9-ED23-8734-96C3-A6E096BC59DC}"
EndProject
Project("{FAE04EC0-301F-11D3-BF4B-00C04F79EFBC}") = "Unity.Mathematics", "Unity.Mathematics.Player.csproj", "{101DBF7B-2822-8591-9AC2-2AA79D32E489}"
EndProject
Project("{FAE04EC0-301F-11D3-BF4B-00C04F79EFBC}") = "Unity.2D.Animation.Triangle.Runtime", "Unity.2D.Animation.Triangle.Runtime.Player.csproj", "{E663D5F0-5532-C29A-E834-679D52B2E05C}"
EndProject
Project("{FAE04EC0-301F-11D3-BF4B-00C04F79EFBC}") = "AstarPathfindingProject", "AstarPathfindingProject.Player.csproj", "{85A5CD16-A46F-F150-6CAA-149A110B1B52}"
EndProject
Project("{FAE04EC0-301F-11D3-BF4B-00C04F79EFBC}") = "Unity.Timeline", "Unity.Timeline.Player.csproj", "{64C3CDE1-7566-8811-F94A-02AB09FFBF64}"
EndProject
Project("{FAE04EC0-301F-11D3-BF4B-00C04F79EFBC}") = "UnityEngine.UI", "UnityEngine.UI.Player.csproj", "{E71D9ADB-B3CA-A499-F16D-F5192D78DEA5}"
EndProject
Project("{FAE04EC0-301F-11D3-BF4B-00C04F79EFBC}") = "Unity.TextMeshPro", "Unity.TextMeshPro.Player.csproj", "{7BF0EDDE-F5BB-C173-74D9-FB4554BF3FB3}"
EndProject
Project("{FAE04EC0-301F-11D3-BF4B-00C04F79EFBC}") = "Unity.2D.Animation.Runtime", "Unity.2D.Animation.Runtime.Player.csproj", "{0B903DEF-B7B2-61C0-1BBC-76E406CA2E2A}"
EndProject
Project("{FAE04EC0-301F-11D3-BF4B-00C04F79EFBC}") = "Unity.2D.IK.Runtime", "Unity.2D.IK.Runtime.Player.csproj", "{BB748B7F-200A-BC87-A502-CC41D4316B82}"
EndProject
Project("{FAE04EC0-301F-11D3-BF4B-00C04F79EFBC}") = "Unity.2D.SpriteShape.Runtime", "Unity.2D.SpriteShape.Runtime.Player.csproj", "{E49D93DA-B4B2-2B00-9F10-016DFFB89E18}"
EndProject
Project("{FAE04EC0-301F-11D3-BF4B-00C04F79EFBC}") = "Assembly-CSharp", "Assembly-CSharp.Player.csproj", "{3CAA0718-9A80-31FB-1550-D3507F7E52ED}"
EndProject
Project("{FAE04EC0-301F-11D3-BF4B-00C04F79EFBC}") = "Unity.2D.PixelPerfect", "Unity.2D.PixelPerfect.Player.csproj", "{9FC0AEA6-2028-B94F-E7D7-345F08BACCDC}"
EndProject
Project("{FAE04EC0-301F-11D3-BF4B-00C04F79EFBC}") = "Unity.2D.Common.Runtime", "Unity.2D.Common.Runtime.Player.csproj", "{9E679EF5-310E-333A-A73F-3A26F5CBDFEE}"
EndProject
Project("{FAE04EC0-301F-11D3-BF4B-00C04F79EFBC}") = "Unity.InternalAPIEngineBridge.001", "Unity.InternalAPIEngineBridge.001.Player.csproj", "{C85C7735-9D7A-1758-88AC-0530E8C3F09C}"
EndProject
Global
	GlobalSection(SolutionConfigurationPlatforms) = preSolution
		Debug|Any CPU = Debug|Any CPU
		Release|Any CPU = Release|Any CPU
	EndGlobalSection
	GlobalSection(ProjectConfigurationPlatforms) = postSolution
		{A941DDDE-F803-2E80-6A60-06983E6046FB}.Debug|Any CPU.ActiveCfg = Debug|Any CPU
		{A941DDDE-F803-2E80-6A60-06983E6046FB}.Debug|Any CPU.Build.0 = Debug|Any CPU
		{A941DDDE-F803-2E80-6A60-06983E6046FB}.Release|Any CPU.ActiveCfg = Release|Any CPU
		{A941DDDE-F803-2E80-6A60-06983E6046FB}.Release|Any CPU.Build.0 = Release|Any CPU
		{CC81B295-AA00-62E7-99D1-EB76678A15F0}.Debug|Any CPU.ActiveCfg = Debug|Any CPU
		{CC81B295-AA00-62E7-99D1-EB76678A15F0}.Debug|Any CPU.Build.0 = Debug|Any CPU
		{CC81B295-AA00-62E7-99D1-EB76678A15F0}.Release|Any CPU.ActiveCfg = Release|Any CPU
		{CC81B295-AA00-62E7-99D1-EB76678A15F0}.Release|Any CPU.Build.0 = Release|Any CPU
		{2F405947-C283-D126-7604-7F16736BEE84}.Debug|Any CPU.ActiveCfg = Debug|Any CPU
		{2F405947-C283-D126-7604-7F16736BEE84}.Debug|Any CPU.Build.0 = Debug|Any CPU
		{2F405947-C283-D126-7604-7F16736BEE84}.Release|Any CPU.ActiveCfg = Release|Any CPU
		{2F405947-C283-D126-7604-7F16736BEE84}.Release|Any CPU.Build.0 = Release|Any CPU
		{F1E28246-0383-F524-DB8E-05BC71D6B5FC}.Debug|Any CPU.ActiveCfg = Debug|Any CPU
		{F1E28246-0383-F524-DB8E-05BC71D6B5FC}.Debug|Any CPU.Build.0 = Debug|Any CPU
		{F1E28246-0383-F524-DB8E-05BC71D6B5FC}.Release|Any CPU.ActiveCfg = Release|Any CPU
		{F1E28246-0383-F524-DB8E-05BC71D6B5FC}.Release|Any CPU.Build.0 = Release|Any CPU
		{71367470-FB87-54F3-213F-64BDEF25620F}.Debug|Any CPU.ActiveCfg = Debug|Any CPU
		{71367470-FB87-54F3-213F-64BDEF25620F}.Debug|Any CPU.Build.0 = Debug|Any CPU
		{71367470-FB87-54F3-213F-64BDEF25620F}.Release|Any CPU.ActiveCfg = Release|Any CPU
		{71367470-FB87-54F3-213F-64BDEF25620F}.Release|Any CPU.Build.0 = Release|Any CPU
		{487B0A3F-DC40-C08A-21AE-65DDF30072DE}.Debug|Any CPU.ActiveCfg = Debug|Any CPU
		{487B0A3F-DC40-C08A-21AE-65DDF30072DE}.Debug|Any CPU.Build.0 = Debug|Any CPU
		{487B0A3F-DC40-C08A-21AE-65DDF30072DE}.Release|Any CPU.ActiveCfg = Release|Any CPU
		{487B0A3F-DC40-C08A-21AE-65DDF30072DE}.Release|Any CPU.Build.0 = Release|Any CPU
		{E969397D-443C-755A-851B-0979934FEA3C}.Debug|Any CPU.ActiveCfg = Debug|Any CPU
		{E969397D-443C-755A-851B-0979934FEA3C}.Debug|Any CPU.Build.0 = Debug|Any CPU
		{E969397D-443C-755A-851B-0979934FEA3C}.Release|Any CPU.ActiveCfg = Release|Any CPU
		{E969397D-443C-755A-851B-0979934FEA3C}.Release|Any CPU.Build.0 = Release|Any CPU
		{E1BFC660-0672-5A7F-0855-129CBE846B9E}.Debug|Any CPU.ActiveCfg = Debug|Any CPU
		{E1BFC660-0672-5A7F-0855-129CBE846B9E}.Debug|Any CPU.Build.0 = Debug|Any CPU
		{E1BFC660-0672-5A7F-0855-129CBE846B9E}.Release|Any CPU.ActiveCfg = Release|Any CPU
		{E1BFC660-0672-5A7F-0855-129CBE846B9E}.Release|Any CPU.Build.0 = Release|Any CPU
		{682C1865-342A-7A9F-9B49-F70B18303F6F}.Debug|Any CPU.ActiveCfg = Debug|Any CPU
		{682C1865-342A-7A9F-9B49-F70B18303F6F}.Debug|Any CPU.Build.0 = Debug|Any CPU
		{682C1865-342A-7A9F-9B49-F70B18303F6F}.Release|Any CPU.ActiveCfg = Release|Any CPU
		{682C1865-342A-7A9F-9B49-F70B18303F6F}.Release|Any CPU.Build.0 = Release|Any CPU
		{ED93780B-BBA1-4501-272E-BE2DF88B35BF}.Debug|Any CPU.ActiveCfg = Debug|Any CPU
		{ED93780B-BBA1-4501-272E-BE2DF88B35BF}.Debug|Any CPU.Build.0 = Debug|Any CPU
		{ED93780B-BBA1-4501-272E-BE2DF88B35BF}.Release|Any CPU.ActiveCfg = Release|Any CPU
		{ED93780B-BBA1-4501-272E-BE2DF88B35BF}.Release|Any CPU.Build.0 = Release|Any CPU
		{0D236F12-86CD-0F2D-C6A1-93AD69D0E80B}.Debug|Any CPU.ActiveCfg = Debug|Any CPU
		{0D236F12-86CD-0F2D-C6A1-93AD69D0E80B}.Debug|Any CPU.Build.0 = Debug|Any CPU
		{0D236F12-86CD-0F2D-C6A1-93AD69D0E80B}.Release|Any CPU.ActiveCfg = Release|Any CPU
		{0D236F12-86CD-0F2D-C6A1-93AD69D0E80B}.Release|Any CPU.Build.0 = Release|Any CPU
		{251CF7EE-F279-5D26-4531-5E2C969AF255}.Debug|Any CPU.ActiveCfg = Debug|Any CPU
		{251CF7EE-F279-5D26-4531-5E2C969AF255}.Debug|Any CPU.Build.0 = Debug|Any CPU
		{251CF7EE-F279-5D26-4531-5E2C969AF255}.Release|Any CPU.ActiveCfg = Release|Any CPU
		{251CF7EE-F279-5D26-4531-5E2C969AF255}.Release|Any CPU.Build.0 = Release|Any CPU
		{F2E75FD5-0610-3346-CF6C-D7719485F085}.Debug|Any CPU.ActiveCfg = Debug|Any CPU
		{F2E75FD5-0610-3346-CF6C-D7719485F085}.Debug|Any CPU.Build.0 = Debug|Any CPU
		{F2E75FD5-0610-3346-CF6C-D7719485F085}.Release|Any CPU.ActiveCfg = Release|Any CPU
		{F2E75FD5-0610-3346-CF6C-D7719485F085}.Release|Any CPU.Build.0 = Release|Any CPU
		{4E89D8CC-AF15-90BC-50CD-8FB5C199C0DC}.Debug|Any CPU.ActiveCfg = Debug|Any CPU
		{4E89D8CC-AF15-90BC-50CD-8FB5C199C0DC}.Debug|Any CPU.Build.0 = Debug|Any CPU
		{4E89D8CC-AF15-90BC-50CD-8FB5C199C0DC}.Release|Any CPU.ActiveCfg = Release|Any CPU
		{4E89D8CC-AF15-90BC-50CD-8FB5C199C0DC}.Release|Any CPU.Build.0 = Release|Any CPU
		{E204B217-A237-DE92-CEFA-D874ADCADC04}.Debug|Any CPU.ActiveCfg = Debug|Any CPU
		{E204B217-A237-DE92-CEFA-D874ADCADC04}.Debug|Any CPU.Build.0 = Debug|Any CPU
		{E204B217-A237-DE92-CEFA-D874ADCADC04}.Release|Any CPU.ActiveCfg = Release|Any CPU
		{E204B217-A237-DE92-CEFA-D874ADCADC04}.Release|Any CPU.Build.0 = Release|Any CPU
		{F75EB6A8-980C-DB38-5142-C6A48A576F1C}.Debug|Any CPU.ActiveCfg = Debug|Any CPU
		{F75EB6A8-980C-DB38-5142-C6A48A576F1C}.Debug|Any CPU.Build.0 = Debug|Any CPU
		{F75EB6A8-980C-DB38-5142-C6A48A576F1C}.Release|Any CPU.ActiveCfg = Release|Any CPU
		{F75EB6A8-980C-DB38-5142-C6A48A576F1C}.Release|Any CPU.Build.0 = Release|Any CPU
		{FA23402F-C6F4-D752-A4EC-C0B2D75273BD}.Debug|Any CPU.ActiveCfg = Debug|Any CPU
		{FA23402F-C6F4-D752-A4EC-C0B2D75273BD}.Debug|Any CPU.Build.0 = Debug|Any CPU
		{FA23402F-C6F4-D752-A4EC-C0B2D75273BD}.Release|Any CPU.ActiveCfg = Release|Any CPU
		{FA23402F-C6F4-D752-A4EC-C0B2D75273BD}.Release|Any CPU.Build.0 = Release|Any CPU
		{1212EFDE-5CF6-4948-E911-E0304C545568}.Debug|Any CPU.ActiveCfg = Debug|Any CPU
		{1212EFDE-5CF6-4948-E911-E0304C545568}.Debug|Any CPU.Build.0 = Debug|Any CPU
		{1212EFDE-5CF6-4948-E911-E0304C545568}.Release|Any CPU.ActiveCfg = Release|Any CPU
		{1212EFDE-5CF6-4948-E911-E0304C545568}.Release|Any CPU.Build.0 = Release|Any CPU
		{3938042B-BBD4-D352-74BF-A030C5DA2A63}.Debug|Any CPU.ActiveCfg = Debug|Any CPU
		{3938042B-BBD4-D352-74BF-A030C5DA2A63}.Debug|Any CPU.Build.0 = Debug|Any CPU
		{3938042B-BBD4-D352-74BF-A030C5DA2A63}.Release|Any CPU.ActiveCfg = Release|Any CPU
		{3938042B-BBD4-D352-74BF-A030C5DA2A63}.Release|Any CPU.Build.0 = Release|Any CPU
		{8F4FDCA8-5291-B338-754D-FD7764F9EE2B}.Debug|Any CPU.ActiveCfg = Debug|Any CPU
		{8F4FDCA8-5291-B338-754D-FD7764F9EE2B}.Debug|Any CPU.Build.0 = Debug|Any CPU
		{8F4FDCA8-5291-B338-754D-FD7764F9EE2B}.Release|Any CPU.ActiveCfg = Release|Any CPU
		{8F4FDCA8-5291-B338-754D-FD7764F9EE2B}.Release|Any CPU.Build.0 = Release|Any CPU
		{71D749A2-2659-0F6D-1BB7-2A541829CA77}.Debug|Any CPU.ActiveCfg = Debug|Any CPU
		{71D749A2-2659-0F6D-1BB7-2A541829CA77}.Debug|Any CPU.Build.0 = Debug|Any CPU
		{71D749A2-2659-0F6D-1BB7-2A541829CA77}.Release|Any CPU.ActiveCfg = Release|Any CPU
		{71D749A2-2659-0F6D-1BB7-2A541829CA77}.Release|Any CPU.Build.0 = Release|Any CPU
		{FBA38BB0-62A1-6E11-C641-EB0B9358A113}.Debug|Any CPU.ActiveCfg = Debug|Any CPU
		{FBA38BB0-62A1-6E11-C641-EB0B9358A113}.Debug|Any CPU.Build.0 = Debug|Any CPU
		{FBA38BB0-62A1-6E11-C641-EB0B9358A113}.Release|Any CPU.ActiveCfg = Release|Any CPU
		{FBA38BB0-62A1-6E11-C641-EB0B9358A113}.Release|Any CPU.Build.0 = Release|Any CPU
		{7D9216DC-E880-1E88-82D2-8227218722E6}.Debug|Any CPU.ActiveCfg = Debug|Any CPU
		{7D9216DC-E880-1E88-82D2-8227218722E6}.Debug|Any CPU.Build.0 = Debug|Any CPU
		{7D9216DC-E880-1E88-82D2-8227218722E6}.Release|Any CPU.ActiveCfg = Release|Any CPU
		{7D9216DC-E880-1E88-82D2-8227218722E6}.Release|Any CPU.Build.0 = Release|Any CPU
		{7E6A7857-0975-5077-A9F4-4CA6044D543F}.Debug|Any CPU.ActiveCfg = Debug|Any CPU
		{7E6A7857-0975-5077-A9F4-4CA6044D543F}.Debug|Any CPU.Build.0 = Debug|Any CPU
		{7E6A7857-0975-5077-A9F4-4CA6044D543F}.Release|Any CPU.ActiveCfg = Release|Any CPU
		{7E6A7857-0975-5077-A9F4-4CA6044D543F}.Release|Any CPU.Build.0 = Release|Any CPU
		{8D5D1B0C-6B72-D7F6-2246-619E7A766A9A}.Debug|Any CPU.ActiveCfg = Debug|Any CPU
		{8D5D1B0C-6B72-D7F6-2246-619E7A766A9A}.Debug|Any CPU.Build.0 = Debug|Any CPU
		{8D5D1B0C-6B72-D7F6-2246-619E7A766A9A}.Release|Any CPU.ActiveCfg = Release|Any CPU
		{8D5D1B0C-6B72-D7F6-2246-619E7A766A9A}.Release|Any CPU.Build.0 = Release|Any CPU
		{6EA14225-65A3-0A64-3831-AAB83229A812}.Debug|Any CPU.ActiveCfg = Debug|Any CPU
		{6EA14225-65A3-0A64-3831-AAB83229A812}.Debug|Any CPU.Build.0 = Debug|Any CPU
		{6EA14225-65A3-0A64-3831-AAB83229A812}.Release|Any CPU.ActiveCfg = Release|Any CPU
		{6EA14225-65A3-0A64-3831-AAB83229A812}.Release|Any CPU.Build.0 = Release|Any CPU
		{C6803C01-3B28-351E-F10C-F21B1AF56376}.Debug|Any CPU.ActiveCfg = Debug|Any CPU
		{C6803C01-3B28-351E-F10C-F21B1AF56376}.Debug|Any CPU.Build.0 = Debug|Any CPU
		{C6803C01-3B28-351E-F10C-F21B1AF56376}.Release|Any CPU.ActiveCfg = Release|Any CPU
		{C6803C01-3B28-351E-F10C-F21B1AF56376}.Release|Any CPU.Build.0 = Release|Any CPU
		{40099281-C55E-DB36-B752-D3D2EB829DB1}.Debug|Any CPU.ActiveCfg = Debug|Any CPU
		{40099281-C55E-DB36-B752-D3D2EB829DB1}.Debug|Any CPU.Build.0 = Debug|Any CPU
		{40099281-C55E-DB36-B752-D3D2EB829DB1}.Release|Any CPU.ActiveCfg = Release|Any CPU
		{40099281-C55E-DB36-B752-D3D2EB829DB1}.Release|Any CPU.Build.0 = Release|Any CPU
		{C6B906F0-F177-2530-0E14-CD53213820E1}.Debug|Any CPU.ActiveCfg = Debug|Any CPU
		{C6B906F0-F177-2530-0E14-CD53213820E1}.Debug|Any CPU.Build.0 = Debug|Any CPU
		{C6B906F0-F177-2530-0E14-CD53213820E1}.Release|Any CPU.ActiveCfg = Release|Any CPU
		{C6B906F0-F177-2530-0E14-CD53213820E1}.Release|Any CPU.Build.0 = Release|Any CPU
		{4B03BAE7-8AD6-9E3C-076B-EF769373BF31}.Debug|Any CPU.ActiveCfg = Debug|Any CPU
		{4B03BAE7-8AD6-9E3C-076B-EF769373BF31}.Debug|Any CPU.Build.0 = Debug|Any CPU
		{4B03BAE7-8AD6-9E3C-076B-EF769373BF31}.Release|Any CPU.ActiveCfg = Release|Any CPU
		{4B03BAE7-8AD6-9E3C-076B-EF769373BF31}.Release|Any CPU.Build.0 = Release|Any CPU
		{DF64FA00-B770-3B06-50CE-3E8E3D7D7068}.Debug|Any CPU.ActiveCfg = Debug|Any CPU
		{DF64FA00-B770-3B06-50CE-3E8E3D7D7068}.Debug|Any CPU.Build.0 = Debug|Any CPU
		{DF64FA00-B770-3B06-50CE-3E8E3D7D7068}.Release|Any CPU.ActiveCfg = Release|Any CPU
		{DF64FA00-B770-3B06-50CE-3E8E3D7D7068}.Release|Any CPU.Build.0 = Release|Any CPU
		{222DACEB-ED73-FA7F-8ADB-BD689D1B5DED}.Debug|Any CPU.ActiveCfg = Debug|Any CPU
		{222DACEB-ED73-FA7F-8ADB-BD689D1B5DED}.Debug|Any CPU.Build.0 = Debug|Any CPU
		{222DACEB-ED73-FA7F-8ADB-BD689D1B5DED}.Release|Any CPU.ActiveCfg = Release|Any CPU
		{222DACEB-ED73-FA7F-8ADB-BD689D1B5DED}.Release|Any CPU.Build.0 = Release|Any CPU
		{F77F1AA6-587B-84F1-2160-01F17673AD10}.Debug|Any CPU.ActiveCfg = Debug|Any CPU
		{F77F1AA6-587B-84F1-2160-01F17673AD10}.Debug|Any CPU.Build.0 = Debug|Any CPU
		{F77F1AA6-587B-84F1-2160-01F17673AD10}.Release|Any CPU.ActiveCfg = Release|Any CPU
		{F77F1AA6-587B-84F1-2160-01F17673AD10}.Release|Any CPU.Build.0 = Release|Any CPU
		{F7937E73-9E9D-B5F4-3998-E1620F66FB2E}.Debug|Any CPU.ActiveCfg = Debug|Any CPU
		{F7937E73-9E9D-B5F4-3998-E1620F66FB2E}.Debug|Any CPU.Build.0 = Debug|Any CPU
		{F7937E73-9E9D-B5F4-3998-E1620F66FB2E}.Release|Any CPU.ActiveCfg = Release|Any CPU
		{F7937E73-9E9D-B5F4-3998-E1620F66FB2E}.Release|Any CPU.Build.0 = Release|Any CPU
		{7D927BAA-B1FC-5BA1-7061-1F36222FB551}.Debug|Any CPU.ActiveCfg = Debug|Any CPU
		{7D927BAA-B1FC-5BA1-7061-1F36222FB551}.Debug|Any CPU.Build.0 = Debug|Any CPU
		{7D927BAA-B1FC-5BA1-7061-1F36222FB551}.Release|Any CPU.ActiveCfg = Release|Any CPU
		{7D927BAA-B1FC-5BA1-7061-1F36222FB551}.Release|Any CPU.Build.0 = Release|Any CPU
		{02628691-7B86-FAA8-DD4D-8F965DD93D17}.Debug|Any CPU.ActiveCfg = Debug|Any CPU
		{02628691-7B86-FAA8-DD4D-8F965DD93D17}.Debug|Any CPU.Build.0 = Debug|Any CPU
		{02628691-7B86-FAA8-DD4D-8F965DD93D17}.Release|Any CPU.ActiveCfg = Release|Any CPU
		{02628691-7B86-FAA8-DD4D-8F965DD93D17}.Release|Any CPU.Build.0 = Release|Any CPU
		{104CCAAA-E432-2DAC-D2F0-DC4A2129B9B0}.Debug|Any CPU.ActiveCfg = Debug|Any CPU
		{104CCAAA-E432-2DAC-D2F0-DC4A2129B9B0}.Debug|Any CPU.Build.0 = Debug|Any CPU
		{104CCAAA-E432-2DAC-D2F0-DC4A2129B9B0}.Release|Any CPU.ActiveCfg = Release|Any CPU
		{104CCAAA-E432-2DAC-D2F0-DC4A2129B9B0}.Release|Any CPU.Build.0 = Release|Any CPU
		{8AE98B4D-DB76-4BA8-7091-7F0A5D349E20}.Debug|Any CPU.ActiveCfg = Debug|Any CPU
		{8AE98B4D-DB76-4BA8-7091-7F0A5D349E20}.Debug|Any CPU.Build.0 = Debug|Any CPU
		{8AE98B4D-DB76-4BA8-7091-7F0A5D349E20}.Release|Any CPU.ActiveCfg = Release|Any CPU
		{8AE98B4D-DB76-4BA8-7091-7F0A5D349E20}.Release|Any CPU.Build.0 = Release|Any CPU
		{6383C0EA-D077-0989-C452-F74F772A196B}.Debug|Any CPU.ActiveCfg = Debug|Any CPU
		{6383C0EA-D077-0989-C452-F74F772A196B}.Debug|Any CPU.Build.0 = Debug|Any CPU
		{6383C0EA-D077-0989-C452-F74F772A196B}.Release|Any CPU.ActiveCfg = Release|Any CPU
		{6383C0EA-D077-0989-C452-F74F772A196B}.Release|Any CPU.Build.0 = Release|Any CPU
		{D2847288-B93D-1E05-9E66-09634E1FACD2}.Debug|Any CPU.ActiveCfg = Debug|Any CPU
		{D2847288-B93D-1E05-9E66-09634E1FACD2}.Debug|Any CPU.Build.0 = Debug|Any CPU
		{D2847288-B93D-1E05-9E66-09634E1FACD2}.Release|Any CPU.ActiveCfg = Release|Any CPU
		{D2847288-B93D-1E05-9E66-09634E1FACD2}.Release|Any CPU.Build.0 = Release|Any CPU
		{B02D9935-3955-3D9A-6E63-29AA93007A47}.Debug|Any CPU.ActiveCfg = Debug|Any CPU
		{B02D9935-3955-3D9A-6E63-29AA93007A47}.Debug|Any CPU.Build.0 = Debug|Any CPU
		{B02D9935-3955-3D9A-6E63-29AA93007A47}.Release|Any CPU.ActiveCfg = Release|Any CPU
		{B02D9935-3955-3D9A-6E63-29AA93007A47}.Release|Any CPU.Build.0 = Release|Any CPU
		{3379BEE9-ED23-8734-96C3-A6E096BC59DC}.Debug|Any CPU.ActiveCfg = Debug|Any CPU
		{3379BEE9-ED23-8734-96C3-A6E096BC59DC}.Debug|Any CPU.Build.0 = Debug|Any CPU
		{3379BEE9-ED23-8734-96C3-A6E096BC59DC}.Release|Any CPU.ActiveCfg = Release|Any CPU
		{3379BEE9-ED23-8734-96C3-A6E096BC59DC}.Release|Any CPU.Build.0 = Release|Any CPU
		{101DBF7B-2822-8591-9AC2-2AA79D32E489}.Debug|Any CPU.ActiveCfg = Debug|Any CPU
		{101DBF7B-2822-8591-9AC2-2AA79D32E489}.Debug|Any CPU.Build.0 = Debug|Any CPU
		{101DBF7B-2822-8591-9AC2-2AA79D32E489}.Release|Any CPU.ActiveCfg = Release|Any CPU
		{101DBF7B-2822-8591-9AC2-2AA79D32E489}.Release|Any CPU.Build.0 = Release|Any CPU
		{E663D5F0-5532-C29A-E834-679D52B2E05C}.Debug|Any CPU.ActiveCfg = Debug|Any CPU
		{E663D5F0-5532-C29A-E834-679D52B2E05C}.Debug|Any CPU.Build.0 = Debug|Any CPU
		{E663D5F0-5532-C29A-E834-679D52B2E05C}.Release|Any CPU.ActiveCfg = Release|Any CPU
		{E663D5F0-5532-C29A-E834-679D52B2E05C}.Release|Any CPU.Build.0 = Release|Any CPU
		{85A5CD16-A46F-F150-6CAA-149A110B1B52}.Debug|Any CPU.ActiveCfg = Debug|Any CPU
		{85A5CD16-A46F-F150-6CAA-149A110B1B52}.Debug|Any CPU.Build.0 = Debug|Any CPU
		{85A5CD16-A46F-F150-6CAA-149A110B1B52}.Release|Any CPU.ActiveCfg = Release|Any CPU
		{85A5CD16-A46F-F150-6CAA-149A110B1B52}.Release|Any CPU.Build.0 = Release|Any CPU
		{64C3CDE1-7566-8811-F94A-02AB09FFBF64}.Debug|Any CPU.ActiveCfg = Debug|Any CPU
		{64C3CDE1-7566-8811-F94A-02AB09FFBF64}.Debug|Any CPU.Build.0 = Debug|Any CPU
		{64C3CDE1-7566-8811-F94A-02AB09FFBF64}.Release|Any CPU.ActiveCfg = Release|Any CPU
		{64C3CDE1-7566-8811-F94A-02AB09FFBF64}.Release|Any CPU.Build.0 = Release|Any CPU
		{E71D9ADB-B3CA-A499-F16D-F5192D78DEA5}.Debug|Any CPU.ActiveCfg = Debug|Any CPU
		{E71D9ADB-B3CA-A499-F16D-F5192D78DEA5}.Debug|Any CPU.Build.0 = Debug|Any CPU
		{E71D9ADB-B3CA-A499-F16D-F5192D78DEA5}.Release|Any CPU.ActiveCfg = Release|Any CPU
		{E71D9ADB-B3CA-A499-F16D-F5192D78DEA5}.Release|Any CPU.Build.0 = Release|Any CPU
		{7BF0EDDE-F5BB-C173-74D9-FB4554BF3FB3}.Debug|Any CPU.ActiveCfg = Debug|Any CPU
		{7BF0EDDE-F5BB-C173-74D9-FB4554BF3FB3}.Debug|Any CPU.Build.0 = Debug|Any CPU
		{7BF0EDDE-F5BB-C173-74D9-FB4554BF3FB3}.Release|Any CPU.ActiveCfg = Release|Any CPU
		{7BF0EDDE-F5BB-C173-74D9-FB4554BF3FB3}.Release|Any CPU.Build.0 = Release|Any CPU
		{0B903DEF-B7B2-61C0-1BBC-76E406CA2E2A}.Debug|Any CPU.ActiveCfg = Debug|Any CPU
		{0B903DEF-B7B2-61C0-1BBC-76E406CA2E2A}.Debug|Any CPU.Build.0 = Debug|Any CPU
		{0B903DEF-B7B2-61C0-1BBC-76E406CA2E2A}.Release|Any CPU.ActiveCfg = Release|Any CPU
		{0B903DEF-B7B2-61C0-1BBC-76E406CA2E2A}.Release|Any CPU.Build.0 = Release|Any CPU
		{BB748B7F-200A-BC87-A502-CC41D4316B82}.Debug|Any CPU.ActiveCfg = Debug|Any CPU
		{BB748B7F-200A-BC87-A502-CC41D4316B82}.Debug|Any CPU.Build.0 = Debug|Any CPU
		{BB748B7F-200A-BC87-A502-CC41D4316B82}.Release|Any CPU.ActiveCfg = Release|Any CPU
		{BB748B7F-200A-BC87-A502-CC41D4316B82}.Release|Any CPU.Build.0 = Release|Any CPU
		{E49D93DA-B4B2-2B00-9F10-016DFFB89E18}.Debug|Any CPU.ActiveCfg = Debug|Any CPU
		{E49D93DA-B4B2-2B00-9F10-016DFFB89E18}.Debug|Any CPU.Build.0 = Debug|Any CPU
		{E49D93DA-B4B2-2B00-9F10-016DFFB89E18}.Release|Any CPU.ActiveCfg = Release|Any CPU
		{E49D93DA-B4B2-2B00-9F10-016DFFB89E18}.Release|Any CPU.Build.0 = Release|Any CPU
		{3CAA0718-9A80-31FB-1550-D3507F7E52ED}.Debug|Any CPU.ActiveCfg = Debug|Any CPU
		{3CAA0718-9A80-31FB-1550-D3507F7E52ED}.Debug|Any CPU.Build.0 = Debug|Any CPU
		{3CAA0718-9A80-31FB-1550-D3507F7E52ED}.Release|Any CPU.ActiveCfg = Release|Any CPU
		{3CAA0718-9A80-31FB-1550-D3507F7E52ED}.Release|Any CPU.Build.0 = Release|Any CPU
		{9FC0AEA6-2028-B94F-E7D7-345F08BACCDC}.Debug|Any CPU.ActiveCfg = Debug|Any CPU
		{9FC0AEA6-2028-B94F-E7D7-345F08BACCDC}.Debug|Any CPU.Build.0 = Debug|Any CPU
		{9FC0AEA6-2028-B94F-E7D7-345F08BACCDC}.Release|Any CPU.ActiveCfg = Release|Any CPU
		{9FC0AEA6-2028-B94F-E7D7-345F08BACCDC}.Release|Any CPU.Build.0 = Release|Any CPU
		{9E679EF5-310E-333A-A73F-3A26F5CBDFEE}.Debug|Any CPU.ActiveCfg = Debug|Any CPU
		{9E679EF5-310E-333A-A73F-3A26F5CBDFEE}.Debug|Any CPU.Build.0 = Debug|Any CPU
		{9E679EF5-310E-333A-A73F-3A26F5CBDFEE}.Release|Any CPU.ActiveCfg = Release|Any CPU
		{9E679EF5-310E-333A-A73F-3A26F5CBDFEE}.Release|Any CPU.Build.0 = Release|Any CPU
		{C85C7735-9D7A-1758-88AC-0530E8C3F09C}.Debug|Any CPU.ActiveCfg = Debug|Any CPU
		{C85C7735-9D7A-1758-88AC-0530E8C3F09C}.Debug|Any CPU.Build.0 = Debug|Any CPU
		{C85C7735-9D7A-1758-88AC-0530E8C3F09C}.Release|Any CPU.ActiveCfg = Release|Any CPU
		{C85C7735-9D7A-1758-88AC-0530E8C3F09C}.Release|Any CPU.Build.0 = Release|Any CPU
	EndGlobalSection
	GlobalSection(SolutionProperties) = preSolution
		HideSolutionNode = FALSE
	EndGlobalSection
EndGlobal
